{
    "version": 3,
    "terraform_version": "0.12.31",
    "serial": 1,
    "lineage": "959bf219-7ad1-92fa-a249-facaef35c6b1",
    "modules": [
        {
            "path": [
                "root"
            ],
            "outputs": {
                "aws_api_gateway_authorizer_tfer--edw1co_id": {
                    "sensitive": false,
                    "type": "string",
                    "value": "edw1co"
                },
                "aws_api_gateway_authorizer_tfer--ee88ok_id": {
                    "sensitive": false,
                    "type": "string",
                    "value": "ee88ok"
                },
                "aws_api_gateway_authorizer_tfer--iu04o5_id": {
                    "sensitive": false,
                    "type": "string",
                    "value": "iu04o5"
                },
                "aws_api_gateway_authorizer_tfer--nwhohe_id": {
                    "sensitive": false,
                    "type": "string",
                    "value": "nwhohe"
                },
                "aws_api_gateway_authorizer_tfer--r8s6cr_id": {
                    "sensitive": false,
                    "type": "string",
                    "value": "r8s6cr"
                },
                "aws_api_gateway_gateway_response_tfer--54fu8y3s9a-002F-DEFAULT_4XX_id": {
                    "sensitive": false,
                    "type": "string",
                    "value": "54fu8y3s9a/DEFAULT_4XX"
                },
                "aws_api_gateway_gateway_response_tfer--54fu8y3s9a-002F-DEFAULT_5XX_id": {
                    "sensitive": false,
                    "type": "string",
                    "value": "54fu8y3s9a/DEFAULT_5XX"
                },
                "aws_api_gateway_gateway_response_tfer--6vasen33q4-002F-DEFAULT_4XX_id": {
                    "sensitive": false,
                    "type": "string",
                    "value": "6vasen33q4/DEFAULT_4XX"
                },
                "aws_api_gateway_gateway_response_tfer--6vasen33q4-002F-DEFAULT_5XX_id": {
                    "sensitive": false,
                    "type": "string",
                    "value": "6vasen33q4/DEFAULT_5XX"
                },
                "aws_api_gateway_gateway_response_tfer--7z4ixuncja-002F-DEFAULT_4XX_id": {
                    "sensitive": false,
                    "type": "string",
                    "value": "7z4ixuncja/DEFAULT_4XX"
                },
                "aws_api_gateway_gateway_response_tfer--7z4ixuncja-002F-DEFAULT_5XX_id": {
                    "sensitive": false,
                    "type": "string",
                    "value": "7z4ixuncja/DEFAULT_5XX"
                },
                "aws_api_gateway_gateway_response_tfer--dxs9ctiiac-002F-DEFAULT_4XX_id": {
                    "sensitive": false,
                    "type": "string",
                    "value": "dxs9ctiiac/DEFAULT_4XX"
                },
                "aws_api_gateway_gateway_response_tfer--dxs9ctiiac-002F-DEFAULT_5XX_id": {
                    "sensitive": false,
                    "type": "string",
                    "value": "dxs9ctiiac/DEFAULT_5XX"
                },
                "aws_api_gateway_integration_response_tfer--42a6clquqe-002F-uq4a3r-002F-GET-002F-200_id": {
                    "sensitive": false,
                    "type": "string",
                    "value": "42a6clquqe/uq4a3r/GET/200"
                },
                "aws_api_gateway_integration_response_tfer--42a6clquqe-002F-uq4a3r-002F-OPTIONS-002F-200_id": {
                    "sensitive": false,
                    "type": "string",
                    "value": "42a6clquqe/uq4a3r/OPTIONS/200"
                },
                "aws_api_gateway_integration_response_tfer--54fu8y3s9a-002F-0r6m1r-002F-ANY-002F-200_id": {
                    "sensitive": false,
                    "type": "string",
                    "value": "54fu8y3s9a/0r6m1r/ANY/200"
                },
                "aws_api_gateway_integration_response_tfer--54fu8y3s9a-002F-3kcp2h-002F-ANY-002F-200_id": {
                    "sensitive": false,
                    "type": "string",
                    "value": "54fu8y3s9a/3kcp2h/ANY/200"
                },
                "aws_api_gateway_integration_response_tfer--54fu8y3s9a-002F-5xcch2-002F-OPTIONS-002F-200_id": {
                    "sensitive": false,
                    "type": "string",
                    "value": "54fu8y3s9a/5xcch2/OPTIONS/200"
                },
                "aws_api_gateway_integration_response_tfer--54fu8y3s9a-002F-5xcch2-002F-POST-002F-200_id": {
                    "sensitive": false,
                    "type": "string",
                    "value": "54fu8y3s9a/5xcch2/POST/200"
                },
                "aws_api_gateway_integration_response_tfer--54fu8y3s9a-002F-6c4ve1-002F-ANY-002F-200_id": {
                    "sensitive": false,
                    "type": "string",
                    "value": "54fu8y3s9a/6c4ve1/ANY/200"
                },
                "aws_api_gateway_integration_response_tfer--54fu8y3s9a-002F-6to0ly-002F-OPTIONS-002F-200_id": {
                    "sensitive": false,
                    "type": "string",
                    "value": "54fu8y3s9a/6to0ly/OPTIONS/200"
                },
                "aws_api_gateway_integration_response_tfer--54fu8y3s9a-002F-6to0ly-002F-POST-002F-200_id": {
                    "sensitive": false,
                    "type": "string",
                    "value": "54fu8y3s9a/6to0ly/POST/200"
                },
                "aws_api_gateway_integration_response_tfer--54fu8y3s9a-002F-86eh8l-002F-OPTIONS-002F-200_id": {
                    "sensitive": false,
                    "type": "string",
                    "value": "54fu8y3s9a/86eh8l/OPTIONS/200"
                },
                "aws_api_gateway_integration_response_tfer--54fu8y3s9a-002F-86eh8l-002F-POST-002F-200_id": {
                    "sensitive": false,
                    "type": "string",
                    "value": "54fu8y3s9a/86eh8l/POST/200"
                },
                "aws_api_gateway_integration_response_tfer--54fu8y3s9a-002F-xju3ch-002F-OPTIONS-002F-200_id": {
                    "sensitive": false,
                    "type": "string",
                    "value": "54fu8y3s9a/xju3ch/OPTIONS/200"
                },
                "aws_api_gateway_integration_response_tfer--54fu8y3s9a-002F-xju3ch-002F-POST-002F-200_id": {
                    "sensitive": false,
                    "type": "string",
                    "value": "54fu8y3s9a/xju3ch/POST/200"
                },
                "aws_api_gateway_integration_response_tfer--6vasen33q4-002F-3ir5sn-002F-GET-002F-200_id": {
                    "sensitive": false,
                    "type": "string",
                    "value": "6vasen33q4/3ir5sn/GET/200"
                },
                "aws_api_gateway_integration_response_tfer--6vasen33q4-002F-3ir5sn-002F-OPTIONS-002F-200_id": {
                    "sensitive": false,
                    "type": "string",
                    "value": "6vasen33q4/3ir5sn/OPTIONS/200"
                },
                "aws_api_gateway_integration_response_tfer--6vasen33q4-002F-h72zzg-002F-GET-002F-200_id": {
                    "sensitive": false,
                    "type": "string",
                    "value": "6vasen33q4/h72zzg/GET/200"
                },
                "aws_api_gateway_integration_response_tfer--6vasen33q4-002F-h72zzg-002F-OPTIONS-002F-200_id": {
                    "sensitive": false,
                    "type": "string",
                    "value": "6vasen33q4/h72zzg/OPTIONS/200"
                },
                "aws_api_gateway_integration_response_tfer--6vasen33q4-002F-li90vc-002F-OPTIONS-002F-200_id": {
                    "sensitive": false,
                    "type": "string",
                    "value": "6vasen33q4/li90vc/OPTIONS/200"
                },
                "aws_api_gateway_integration_response_tfer--6vasen33q4-002F-li90vc-002F-POST-002F-200_id": {
                    "sensitive": false,
                    "type": "string",
                    "value": "6vasen33q4/li90vc/POST/200"
                },
                "aws_api_gateway_integration_response_tfer--6vasen33q4-002F-souuc0-002F-OPTIONS-002F-200_id": {
                    "sensitive": false,
                    "type": "string",
                    "value": "6vasen33q4/souuc0/OPTIONS/200"
                },
                "aws_api_gateway_integration_response_tfer--6vasen33q4-002F-souuc0-002F-POST-002F-200_id": {
                    "sensitive": false,
                    "type": "string",
                    "value": "6vasen33q4/souuc0/POST/200"
                },
                "aws_api_gateway_integration_response_tfer--6vasen33q4-002F-trcrjo-002F-GET-002F-200_id": {
                    "sensitive": false,
                    "type": "string",
                    "value": "6vasen33q4/trcrjo/GET/200"
                },
                "aws_api_gateway_integration_response_tfer--6vasen33q4-002F-trcrjo-002F-OPTIONS-002F-200_id": {
                    "sensitive": false,
                    "type": "string",
                    "value": "6vasen33q4/trcrjo/OPTIONS/200"
                },
                "aws_api_gateway_integration_response_tfer--6vasen33q4-002F-trcrjo-002F-POST-002F-200_id": {
                    "sensitive": false,
                    "type": "string",
                    "value": "6vasen33q4/trcrjo/POST/200"
                },
                "aws_api_gateway_integration_response_tfer--7z4ixuncja-002F-3dp4kg-002F-OPTIONS-002F-200_id": {
                    "sensitive": false,
                    "type": "string",
                    "value": "7z4ixuncja/3dp4kg/OPTIONS/200"
                },
                "aws_api_gateway_integration_response_tfer--7z4ixuncja-002F-4p4zzj-002F-OPTIONS-002F-200_id": {
                    "sensitive": false,
                    "type": "string",
                    "value": "7z4ixuncja/4p4zzj/OPTIONS/200"
                },
                "aws_api_gateway_integration_response_tfer--7z4ixuncja-002F-gmab69-002F-GET-002F-200_id": {
                    "sensitive": false,
                    "type": "string",
                    "value": "7z4ixuncja/gmab69/GET/200"
                },
                "aws_api_gateway_integration_response_tfer--7z4ixuncja-002F-gmab69-002F-OPTIONS-002F-200_id": {
                    "sensitive": false,
                    "type": "string",
                    "value": "7z4ixuncja/gmab69/OPTIONS/200"
                },
                "aws_api_gateway_integration_response_tfer--7z4ixuncja-002F-oy76ng-002F-OPTIONS-002F-200_id": {
                    "sensitive": false,
                    "type": "string",
                    "value": "7z4ixuncja/oy76ng/OPTIONS/200"
                },
                "aws_api_gateway_integration_response_tfer--7z4ixuncja-002F-oy76ng-002F-POST-002F-200_id": {
                    "sensitive": false,
                    "type": "string",
                    "value": "7z4ixuncja/oy76ng/POST/200"
                },
                "aws_api_gateway_integration_response_tfer--7z4ixuncja-002F-skxs0h-002F-OPTIONS-002F-200_id": {
                    "sensitive": false,
                    "type": "string",
                    "value": "7z4ixuncja/skxs0h/OPTIONS/200"
                },
                "aws_api_gateway_integration_response_tfer--7z4ixuncja-002F-tarii2-002F-OPTIONS-002F-200_id": {
                    "sensitive": false,
                    "type": "string",
                    "value": "7z4ixuncja/tarii2/OPTIONS/200"
                },
                "aws_api_gateway_integration_response_tfer--7z4ixuncja-002F-tarii2-002F-POST-002F-200_id": {
                    "sensitive": false,
                    "type": "string",
                    "value": "7z4ixuncja/tarii2/POST/200"
                },
                "aws_api_gateway_integration_response_tfer--7z4ixuncja-002F-tfd3mq-002F-GET-002F-200_id": {
                    "sensitive": false,
                    "type": "string",
                    "value": "7z4ixuncja/tfd3mq/GET/200"
                },
                "aws_api_gateway_integration_response_tfer--7z4ixuncja-002F-tfd3mq-002F-OPTIONS-002F-200_id": {
                    "sensitive": false,
                    "type": "string",
                    "value": "7z4ixuncja/tfd3mq/OPTIONS/200"
                },
                "aws_api_gateway_integration_response_tfer--7z4ixuncja-002F-v2e0y9-002F-OPTIONS-002F-200_id": {
                    "sensitive": false,
                    "type": "string",
                    "value": "7z4ixuncja/v2e0y9/OPTIONS/200"
                },
                "aws_api_gateway_integration_response_tfer--7z4ixuncja-002F-v2e0y9-002F-POST-002F-200_id": {
                    "sensitive": false,
                    "type": "string",
                    "value": "7z4ixuncja/v2e0y9/POST/200"
                },
                "aws_api_gateway_integration_response_tfer--dxs9ctiiac-002F-k4pkp4-002F-ANY-002F-200_id": {
                    "sensitive": false,
                    "type": "string",
                    "value": "dxs9ctiiac/k4pkp4/ANY/200"
                },
                "aws_api_gateway_integration_response_tfer--dxs9ctiiac-002F-rd88xx-002F-ANY-002F-200_id": {
                    "sensitive": false,
                    "type": "string",
                    "value": "dxs9ctiiac/rd88xx/ANY/200"
                },
                "aws_api_gateway_integration_response_tfer--dxs9ctiiac-002F-rd88xx-002F-OPTIONS-002F-200_id": {
                    "sensitive": false,
                    "type": "string",
                    "value": "dxs9ctiiac/rd88xx/OPTIONS/200"
                },
                "aws_api_gateway_integration_response_tfer--gt3fvvf2pg-002F-vwb0qn-002F-OPTIONS-002F-200_id": {
                    "sensitive": false,
                    "type": "string",
                    "value": "gt3fvvf2pg/vwb0qn/OPTIONS/200"
                },
                "aws_api_gateway_integration_response_tfer--gt3fvvf2pg-002F-vwb0qn-002F-POST-002F-200_id": {
                    "sensitive": false,
                    "type": "string",
                    "value": "gt3fvvf2pg/vwb0qn/POST/200"
                },
                "aws_api_gateway_integration_tfer--42a6clquqe-002F-uq4a3r-002F-GET_id": {
                    "sensitive": false,
                    "type": "string",
                    "value": "42a6clquqe/uq4a3r/GET"
                },
                "aws_api_gateway_integration_tfer--42a6clquqe-002F-uq4a3r-002F-OPTIONS_id": {
                    "sensitive": false,
                    "type": "string",
                    "value": "42a6clquqe/uq4a3r/OPTIONS"
                },
                "aws_api_gateway_integration_tfer--54fu8y3s9a-002F-0r6m1r-002F-ANY_id": {
                    "sensitive": false,
                    "type": "string",
                    "value": "54fu8y3s9a/0r6m1r/ANY"
                },
                "aws_api_gateway_integration_tfer--54fu8y3s9a-002F-3kcp2h-002F-ANY_id": {
                    "sensitive": false,
                    "type": "string",
                    "value": "54fu8y3s9a/3kcp2h/ANY"
                },
                "aws_api_gateway_integration_tfer--54fu8y3s9a-002F-5xcch2-002F-OPTIONS_id": {
                    "sensitive": false,
                    "type": "string",
                    "value": "54fu8y3s9a/5xcch2/OPTIONS"
                },
                "aws_api_gateway_integration_tfer--54fu8y3s9a-002F-5xcch2-002F-POST_id": {
                    "sensitive": false,
                    "type": "string",
                    "value": "54fu8y3s9a/5xcch2/POST"
                },
                "aws_api_gateway_integration_tfer--54fu8y3s9a-002F-6c4ve1-002F-ANY_id": {
                    "sensitive": false,
                    "type": "string",
                    "value": "54fu8y3s9a/6c4ve1/ANY"
                },
                "aws_api_gateway_integration_tfer--54fu8y3s9a-002F-6to0ly-002F-OPTIONS_id": {
                    "sensitive": false,
                    "type": "string",
                    "value": "54fu8y3s9a/6to0ly/OPTIONS"
                },
                "aws_api_gateway_integration_tfer--54fu8y3s9a-002F-6to0ly-002F-POST_id": {
                    "sensitive": false,
                    "type": "string",
                    "value": "54fu8y3s9a/6to0ly/POST"
                },
                "aws_api_gateway_integration_tfer--54fu8y3s9a-002F-86eh8l-002F-OPTIONS_id": {
                    "sensitive": false,
                    "type": "string",
                    "value": "54fu8y3s9a/86eh8l/OPTIONS"
                },
                "aws_api_gateway_integration_tfer--54fu8y3s9a-002F-86eh8l-002F-POST_id": {
                    "sensitive": false,
                    "type": "string",
                    "value": "54fu8y3s9a/86eh8l/POST"
                },
                "aws_api_gateway_integration_tfer--54fu8y3s9a-002F-xju3ch-002F-OPTIONS_id": {
                    "sensitive": false,
                    "type": "string",
                    "value": "54fu8y3s9a/xju3ch/OPTIONS"
                },
                "aws_api_gateway_integration_tfer--54fu8y3s9a-002F-xju3ch-002F-POST_id": {
                    "sensitive": false,
                    "type": "string",
                    "value": "54fu8y3s9a/xju3ch/POST"
                },
                "aws_api_gateway_integration_tfer--6vasen33q4-002F-3ir5sn-002F-GET_id": {
                    "sensitive": false,
                    "type": "string",
                    "value": "6vasen33q4/3ir5sn/GET"
                },
                "aws_api_gateway_integration_tfer--6vasen33q4-002F-3ir5sn-002F-OPTIONS_id": {
                    "sensitive": false,
                    "type": "string",
                    "value": "6vasen33q4/3ir5sn/OPTIONS"
                },
                "aws_api_gateway_integration_tfer--6vasen33q4-002F-h72zzg-002F-GET_id": {
                    "sensitive": false,
                    "type": "string",
                    "value": "6vasen33q4/h72zzg/GET"
                },
                "aws_api_gateway_integration_tfer--6vasen33q4-002F-h72zzg-002F-OPTIONS_id": {
                    "sensitive": false,
                    "type": "string",
                    "value": "6vasen33q4/h72zzg/OPTIONS"
                },
                "aws_api_gateway_integration_tfer--6vasen33q4-002F-li90vc-002F-OPTIONS_id": {
                    "sensitive": false,
                    "type": "string",
                    "value": "6vasen33q4/li90vc/OPTIONS"
                },
                "aws_api_gateway_integration_tfer--6vasen33q4-002F-li90vc-002F-POST_id": {
                    "sensitive": false,
                    "type": "string",
                    "value": "6vasen33q4/li90vc/POST"
                },
                "aws_api_gateway_integration_tfer--6vasen33q4-002F-souuc0-002F-OPTIONS_id": {
                    "sensitive": false,
                    "type": "string",
                    "value": "6vasen33q4/souuc0/OPTIONS"
                },
                "aws_api_gateway_integration_tfer--6vasen33q4-002F-souuc0-002F-POST_id": {
                    "sensitive": false,
                    "type": "string",
                    "value": "6vasen33q4/souuc0/POST"
                },
                "aws_api_gateway_integration_tfer--6vasen33q4-002F-trcrjo-002F-GET_id": {
                    "sensitive": false,
                    "type": "string",
                    "value": "6vasen33q4/trcrjo/GET"
                },
                "aws_api_gateway_integration_tfer--6vasen33q4-002F-trcrjo-002F-OPTIONS_id": {
                    "sensitive": false,
                    "type": "string",
                    "value": "6vasen33q4/trcrjo/OPTIONS"
                },
                "aws_api_gateway_integration_tfer--6vasen33q4-002F-trcrjo-002F-POST_id": {
                    "sensitive": false,
                    "type": "string",
                    "value": "6vasen33q4/trcrjo/POST"
                },
                "aws_api_gateway_integration_tfer--7z4ixuncja-002F-3dp4kg-002F-OPTIONS_id": {
                    "sensitive": false,
                    "type": "string",
                    "value": "7z4ixuncja/3dp4kg/OPTIONS"
                },
                "aws_api_gateway_integration_tfer--7z4ixuncja-002F-4p4zzj-002F-OPTIONS_id": {
                    "sensitive": false,
                    "type": "string",
                    "value": "7z4ixuncja/4p4zzj/OPTIONS"
                },
                "aws_api_gateway_integration_tfer--7z4ixuncja-002F-gmab69-002F-GET_id": {
                    "sensitive": false,
                    "type": "string",
                    "value": "7z4ixuncja/gmab69/GET"
                },
                "aws_api_gateway_integration_tfer--7z4ixuncja-002F-gmab69-002F-OPTIONS_id": {
                    "sensitive": false,
                    "type": "string",
                    "value": "7z4ixuncja/gmab69/OPTIONS"
                },
                "aws_api_gateway_integration_tfer--7z4ixuncja-002F-oy76ng-002F-OPTIONS_id": {
                    "sensitive": false,
                    "type": "string",
                    "value": "7z4ixuncja/oy76ng/OPTIONS"
                },
                "aws_api_gateway_integration_tfer--7z4ixuncja-002F-oy76ng-002F-POST_id": {
                    "sensitive": false,
                    "type": "string",
                    "value": "7z4ixuncja/oy76ng/POST"
                },
                "aws_api_gateway_integration_tfer--7z4ixuncja-002F-skxs0h-002F-OPTIONS_id": {
                    "sensitive": false,
                    "type": "string",
                    "value": "7z4ixuncja/skxs0h/OPTIONS"
                },
                "aws_api_gateway_integration_tfer--7z4ixuncja-002F-tarii2-002F-OPTIONS_id": {
                    "sensitive": false,
                    "type": "string",
                    "value": "7z4ixuncja/tarii2/OPTIONS"
                },
                "aws_api_gateway_integration_tfer--7z4ixuncja-002F-tarii2-002F-POST_id": {
                    "sensitive": false,
                    "type": "string",
                    "value": "7z4ixuncja/tarii2/POST"
                },
                "aws_api_gateway_integration_tfer--7z4ixuncja-002F-tfd3mq-002F-GET_id": {
                    "sensitive": false,
                    "type": "string",
                    "value": "7z4ixuncja/tfd3mq/GET"
                },
                "aws_api_gateway_integration_tfer--7z4ixuncja-002F-tfd3mq-002F-OPTIONS_id": {
                    "sensitive": false,
                    "type": "string",
                    "value": "7z4ixuncja/tfd3mq/OPTIONS"
                },
                "aws_api_gateway_integration_tfer--7z4ixuncja-002F-v2e0y9-002F-OPTIONS_id": {
                    "sensitive": false,
                    "type": "string",
                    "value": "7z4ixuncja/v2e0y9/OPTIONS"
                },
                "aws_api_gateway_integration_tfer--7z4ixuncja-002F-v2e0y9-002F-POST_id": {
                    "sensitive": false,
                    "type": "string",
                    "value": "7z4ixuncja/v2e0y9/POST"
                },
                "aws_api_gateway_integration_tfer--dxs9ctiiac-002F-k4pkp4-002F-ANY_id": {
                    "sensitive": false,
                    "type": "string",
                    "value": "dxs9ctiiac/k4pkp4/ANY"
                },
                "aws_api_gateway_integration_tfer--dxs9ctiiac-002F-rd88xx-002F-ANY_id": {
                    "sensitive": false,
                    "type": "string",
                    "value": "dxs9ctiiac/rd88xx/ANY"
                },
                "aws_api_gateway_integration_tfer--dxs9ctiiac-002F-rd88xx-002F-OPTIONS_id": {
                    "sensitive": false,
                    "type": "string",
                    "value": "dxs9ctiiac/rd88xx/OPTIONS"
                },
                "aws_api_gateway_integration_tfer--gt3fvvf2pg-002F-vwb0qn-002F-OPTIONS_id": {
                    "sensitive": false,
                    "type": "string",
                    "value": "gt3fvvf2pg/vwb0qn/OPTIONS"
                },
                "aws_api_gateway_integration_tfer--gt3fvvf2pg-002F-vwb0qn-002F-POST_id": {
                    "sensitive": false,
                    "type": "string",
                    "value": "gt3fvvf2pg/vwb0qn/POST"
                },
                "aws_api_gateway_method_response_tfer--42a6clquqe-002F-uq4a3r-002F-GET-002F-200_id": {
                    "sensitive": false,
                    "type": "string",
                    "value": "42a6clquqe/uq4a3r/GET/200"
                },
                "aws_api_gateway_method_response_tfer--42a6clquqe-002F-uq4a3r-002F-OPTIONS-002F-200_id": {
                    "sensitive": false,
                    "type": "string",
                    "value": "42a6clquqe/uq4a3r/OPTIONS/200"
                },
                "aws_api_gateway_method_response_tfer--54fu8y3s9a-002F-0r6m1r-002F-ANY-002F-200_id": {
                    "sensitive": false,
                    "type": "string",
                    "value": "54fu8y3s9a/0r6m1r/ANY/200"
                },
                "aws_api_gateway_method_response_tfer--54fu8y3s9a-002F-3kcp2h-002F-ANY-002F-200_id": {
                    "sensitive": false,
                    "type": "string",
                    "value": "54fu8y3s9a/3kcp2h/ANY/200"
                },
                "aws_api_gateway_method_response_tfer--54fu8y3s9a-002F-5xcch2-002F-OPTIONS-002F-200_id": {
                    "sensitive": false,
                    "type": "string",
                    "value": "54fu8y3s9a/5xcch2/OPTIONS/200"
                },
                "aws_api_gateway_method_response_tfer--54fu8y3s9a-002F-5xcch2-002F-POST-002F-200_id": {
                    "sensitive": false,
                    "type": "string",
                    "value": "54fu8y3s9a/5xcch2/POST/200"
                },
                "aws_api_gateway_method_response_tfer--54fu8y3s9a-002F-6c4ve1-002F-ANY-002F-200_id": {
                    "sensitive": false,
                    "type": "string",
                    "value": "54fu8y3s9a/6c4ve1/ANY/200"
                },
                "aws_api_gateway_method_response_tfer--54fu8y3s9a-002F-6to0ly-002F-OPTIONS-002F-200_id": {
                    "sensitive": false,
                    "type": "string",
                    "value": "54fu8y3s9a/6to0ly/OPTIONS/200"
                },
                "aws_api_gateway_method_response_tfer--54fu8y3s9a-002F-6to0ly-002F-POST-002F-200_id": {
                    "sensitive": false,
                    "type": "string",
                    "value": "54fu8y3s9a/6to0ly/POST/200"
                },
                "aws_api_gateway_method_response_tfer--54fu8y3s9a-002F-86eh8l-002F-OPTIONS-002F-200_id": {
                    "sensitive": false,
                    "type": "string",
                    "value": "54fu8y3s9a/86eh8l/OPTIONS/200"
                },
                "aws_api_gateway_method_response_tfer--54fu8y3s9a-002F-86eh8l-002F-POST-002F-200_id": {
                    "sensitive": false,
                    "type": "string",
                    "value": "54fu8y3s9a/86eh8l/POST/200"
                },
                "aws_api_gateway_method_response_tfer--54fu8y3s9a-002F-xju3ch-002F-OPTIONS-002F-200_id": {
                    "sensitive": false,
                    "type": "string",
                    "value": "54fu8y3s9a/xju3ch/OPTIONS/200"
                },
                "aws_api_gateway_method_response_tfer--54fu8y3s9a-002F-xju3ch-002F-POST-002F-200_id": {
                    "sensitive": false,
                    "type": "string",
                    "value": "54fu8y3s9a/xju3ch/POST/200"
                },
                "aws_api_gateway_method_response_tfer--6vasen33q4-002F-3ir5sn-002F-GET-002F-200_id": {
                    "sensitive": false,
                    "type": "string",
                    "value": "6vasen33q4/3ir5sn/GET/200"
                },
                "aws_api_gateway_method_response_tfer--6vasen33q4-002F-3ir5sn-002F-OPTIONS-002F-200_id": {
                    "sensitive": false,
                    "type": "string",
                    "value": "6vasen33q4/3ir5sn/OPTIONS/200"
                },
                "aws_api_gateway_method_response_tfer--6vasen33q4-002F-h72zzg-002F-GET-002F-200_id": {
                    "sensitive": false,
                    "type": "string",
                    "value": "6vasen33q4/h72zzg/GET/200"
                },
                "aws_api_gateway_method_response_tfer--6vasen33q4-002F-h72zzg-002F-OPTIONS-002F-200_id": {
                    "sensitive": false,
                    "type": "string",
                    "value": "6vasen33q4/h72zzg/OPTIONS/200"
                },
                "aws_api_gateway_method_response_tfer--6vasen33q4-002F-li90vc-002F-OPTIONS-002F-200_id": {
                    "sensitive": false,
                    "type": "string",
                    "value": "6vasen33q4/li90vc/OPTIONS/200"
                },
                "aws_api_gateway_method_response_tfer--6vasen33q4-002F-li90vc-002F-POST-002F-200_id": {
                    "sensitive": false,
                    "type": "string",
                    "value": "6vasen33q4/li90vc/POST/200"
                },
                "aws_api_gateway_method_response_tfer--6vasen33q4-002F-souuc0-002F-OPTIONS-002F-200_id": {
                    "sensitive": false,
                    "type": "string",
                    "value": "6vasen33q4/souuc0/OPTIONS/200"
                },
                "aws_api_gateway_method_response_tfer--6vasen33q4-002F-souuc0-002F-POST-002F-200_id": {
                    "sensitive": false,
                    "type": "string",
                    "value": "6vasen33q4/souuc0/POST/200"
                },
                "aws_api_gateway_method_response_tfer--6vasen33q4-002F-trcrjo-002F-GET-002F-200_id": {
                    "sensitive": false,
                    "type": "string",
                    "value": "6vasen33q4/trcrjo/GET/200"
                },
                "aws_api_gateway_method_response_tfer--6vasen33q4-002F-trcrjo-002F-OPTIONS-002F-200_id": {
                    "sensitive": false,
                    "type": "string",
                    "value": "6vasen33q4/trcrjo/OPTIONS/200"
                },
                "aws_api_gateway_method_response_tfer--6vasen33q4-002F-trcrjo-002F-POST-002F-200_id": {
                    "sensitive": false,
                    "type": "string",
                    "value": "6vasen33q4/trcrjo/POST/200"
                },
                "aws_api_gateway_method_response_tfer--7z4ixuncja-002F-3dp4kg-002F-OPTIONS-002F-200_id": {
                    "sensitive": false,
                    "type": "string",
                    "value": "7z4ixuncja/3dp4kg/OPTIONS/200"
                },
                "aws_api_gateway_method_response_tfer--7z4ixuncja-002F-4p4zzj-002F-OPTIONS-002F-200_id": {
                    "sensitive": false,
                    "type": "string",
                    "value": "7z4ixuncja/4p4zzj/OPTIONS/200"
                },
                "aws_api_gateway_method_response_tfer--7z4ixuncja-002F-gmab69-002F-GET-002F-200_id": {
                    "sensitive": false,
                    "type": "string",
                    "value": "7z4ixuncja/gmab69/GET/200"
                },
                "aws_api_gateway_method_response_tfer--7z4ixuncja-002F-gmab69-002F-OPTIONS-002F-200_id": {
                    "sensitive": false,
                    "type": "string",
                    "value": "7z4ixuncja/gmab69/OPTIONS/200"
                },
                "aws_api_gateway_method_response_tfer--7z4ixuncja-002F-oy76ng-002F-OPTIONS-002F-200_id": {
                    "sensitive": false,
                    "type": "string",
                    "value": "7z4ixuncja/oy76ng/OPTIONS/200"
                },
                "aws_api_gateway_method_response_tfer--7z4ixuncja-002F-oy76ng-002F-POST-002F-200_id": {
                    "sensitive": false,
                    "type": "string",
                    "value": "7z4ixuncja/oy76ng/POST/200"
                },
                "aws_api_gateway_method_response_tfer--7z4ixuncja-002F-skxs0h-002F-OPTIONS-002F-200_id": {
                    "sensitive": false,
                    "type": "string",
                    "value": "7z4ixuncja/skxs0h/OPTIONS/200"
                },
                "aws_api_gateway_method_response_tfer--7z4ixuncja-002F-tarii2-002F-OPTIONS-002F-200_id": {
                    "sensitive": false,
                    "type": "string",
                    "value": "7z4ixuncja/tarii2/OPTIONS/200"
                },
                "aws_api_gateway_method_response_tfer--7z4ixuncja-002F-tarii2-002F-POST-002F-200_id": {
                    "sensitive": false,
                    "type": "string",
                    "value": "7z4ixuncja/tarii2/POST/200"
                },
                "aws_api_gateway_method_response_tfer--7z4ixuncja-002F-tfd3mq-002F-GET-002F-200_id": {
                    "sensitive": false,
                    "type": "string",
                    "value": "7z4ixuncja/tfd3mq/GET/200"
                },
                "aws_api_gateway_method_response_tfer--7z4ixuncja-002F-tfd3mq-002F-OPTIONS-002F-200_id": {
                    "sensitive": false,
                    "type": "string",
                    "value": "7z4ixuncja/tfd3mq/OPTIONS/200"
                },
                "aws_api_gateway_method_response_tfer--7z4ixuncja-002F-v2e0y9-002F-OPTIONS-002F-200_id": {
                    "sensitive": false,
                    "type": "string",
                    "value": "7z4ixuncja/v2e0y9/OPTIONS/200"
                },
                "aws_api_gateway_method_response_tfer--7z4ixuncja-002F-v2e0y9-002F-POST-002F-200_id": {
                    "sensitive": false,
                    "type": "string",
                    "value": "7z4ixuncja/v2e0y9/POST/200"
                },
                "aws_api_gateway_method_response_tfer--dxs9ctiiac-002F-k4pkp4-002F-ANY-002F-200_id": {
                    "sensitive": false,
                    "type": "string",
                    "value": "dxs9ctiiac/k4pkp4/ANY/200"
                },
                "aws_api_gateway_method_response_tfer--dxs9ctiiac-002F-rd88xx-002F-ANY-002F-200_id": {
                    "sensitive": false,
                    "type": "string",
                    "value": "dxs9ctiiac/rd88xx/ANY/200"
                },
                "aws_api_gateway_method_response_tfer--dxs9ctiiac-002F-rd88xx-002F-OPTIONS-002F-200_id": {
                    "sensitive": false,
                    "type": "string",
                    "value": "dxs9ctiiac/rd88xx/OPTIONS/200"
                },
                "aws_api_gateway_method_response_tfer--gt3fvvf2pg-002F-vwb0qn-002F-OPTIONS-002F-200_id": {
                    "sensitive": false,
                    "type": "string",
                    "value": "gt3fvvf2pg/vwb0qn/OPTIONS/200"
                },
                "aws_api_gateway_method_response_tfer--gt3fvvf2pg-002F-vwb0qn-002F-POST-002F-200_id": {
                    "sensitive": false,
                    "type": "string",
                    "value": "gt3fvvf2pg/vwb0qn/POST/200"
                },
                "aws_api_gateway_method_tfer--42a6clquqe-002F-uq4a3r-002F-GET_id": {
                    "sensitive": false,
                    "type": "string",
                    "value": "42a6clquqe/uq4a3r/GET"
                },
                "aws_api_gateway_method_tfer--42a6clquqe-002F-uq4a3r-002F-OPTIONS_id": {
                    "sensitive": false,
                    "type": "string",
                    "value": "42a6clquqe/uq4a3r/OPTIONS"
                },
                "aws_api_gateway_method_tfer--54fu8y3s9a-002F-0r6m1r-002F-ANY_id": {
                    "sensitive": false,
                    "type": "string",
                    "value": "54fu8y3s9a/0r6m1r/ANY"
                },
                "aws_api_gateway_method_tfer--54fu8y3s9a-002F-3kcp2h-002F-ANY_id": {
                    "sensitive": false,
                    "type": "string",
                    "value": "54fu8y3s9a/3kcp2h/ANY"
                },
                "aws_api_gateway_method_tfer--54fu8y3s9a-002F-5xcch2-002F-OPTIONS_id": {
                    "sensitive": false,
                    "type": "string",
                    "value": "54fu8y3s9a/5xcch2/OPTIONS"
                },
                "aws_api_gateway_method_tfer--54fu8y3s9a-002F-5xcch2-002F-POST_id": {
                    "sensitive": false,
                    "type": "string",
                    "value": "54fu8y3s9a/5xcch2/POST"
                },
                "aws_api_gateway_method_tfer--54fu8y3s9a-002F-6c4ve1-002F-ANY_id": {
                    "sensitive": false,
                    "type": "string",
                    "value": "54fu8y3s9a/6c4ve1/ANY"
                },
                "aws_api_gateway_method_tfer--54fu8y3s9a-002F-6to0ly-002F-OPTIONS_id": {
                    "sensitive": false,
                    "type": "string",
                    "value": "54fu8y3s9a/6to0ly/OPTIONS"
                },
                "aws_api_gateway_method_tfer--54fu8y3s9a-002F-6to0ly-002F-POST_id": {
                    "sensitive": false,
                    "type": "string",
                    "value": "54fu8y3s9a/6to0ly/POST"
                },
                "aws_api_gateway_method_tfer--54fu8y3s9a-002F-86eh8l-002F-OPTIONS_id": {
                    "sensitive": false,
                    "type": "string",
                    "value": "54fu8y3s9a/86eh8l/OPTIONS"
                },
                "aws_api_gateway_method_tfer--54fu8y3s9a-002F-86eh8l-002F-POST_id": {
                    "sensitive": false,
                    "type": "string",
                    "value": "54fu8y3s9a/86eh8l/POST"
                },
                "aws_api_gateway_method_tfer--54fu8y3s9a-002F-xju3ch-002F-OPTIONS_id": {
                    "sensitive": false,
                    "type": "string",
                    "value": "54fu8y3s9a/xju3ch/OPTIONS"
                },
                "aws_api_gateway_method_tfer--54fu8y3s9a-002F-xju3ch-002F-POST_id": {
                    "sensitive": false,
                    "type": "string",
                    "value": "54fu8y3s9a/xju3ch/POST"
                },
                "aws_api_gateway_method_tfer--6vasen33q4-002F-3ir5sn-002F-GET_id": {
                    "sensitive": false,
                    "type": "string",
                    "value": "6vasen33q4/3ir5sn/GET"
                },
                "aws_api_gateway_method_tfer--6vasen33q4-002F-3ir5sn-002F-OPTIONS_id": {
                    "sensitive": false,
                    "type": "string",
                    "value": "6vasen33q4/3ir5sn/OPTIONS"
                },
                "aws_api_gateway_method_tfer--6vasen33q4-002F-h72zzg-002F-GET_id": {
                    "sensitive": false,
                    "type": "string",
                    "value": "6vasen33q4/h72zzg/GET"
                },
                "aws_api_gateway_method_tfer--6vasen33q4-002F-h72zzg-002F-OPTIONS_id": {
                    "sensitive": false,
                    "type": "string",
                    "value": "6vasen33q4/h72zzg/OPTIONS"
                },
                "aws_api_gateway_method_tfer--6vasen33q4-002F-li90vc-002F-OPTIONS_id": {
                    "sensitive": false,
                    "type": "string",
                    "value": "6vasen33q4/li90vc/OPTIONS"
                },
                "aws_api_gateway_method_tfer--6vasen33q4-002F-li90vc-002F-POST_id": {
                    "sensitive": false,
                    "type": "string",
                    "value": "6vasen33q4/li90vc/POST"
                },
                "aws_api_gateway_method_tfer--6vasen33q4-002F-souuc0-002F-OPTIONS_id": {
                    "sensitive": false,
                    "type": "string",
                    "value": "6vasen33q4/souuc0/OPTIONS"
                },
                "aws_api_gateway_method_tfer--6vasen33q4-002F-souuc0-002F-POST_id": {
                    "sensitive": false,
                    "type": "string",
                    "value": "6vasen33q4/souuc0/POST"
                },
                "aws_api_gateway_method_tfer--6vasen33q4-002F-trcrjo-002F-GET_id": {
                    "sensitive": false,
                    "type": "string",
                    "value": "6vasen33q4/trcrjo/GET"
                },
                "aws_api_gateway_method_tfer--6vasen33q4-002F-trcrjo-002F-OPTIONS_id": {
                    "sensitive": false,
                    "type": "string",
                    "value": "6vasen33q4/trcrjo/OPTIONS"
                },
                "aws_api_gateway_method_tfer--6vasen33q4-002F-trcrjo-002F-POST_id": {
                    "sensitive": false,
                    "type": "string",
                    "value": "6vasen33q4/trcrjo/POST"
                },
                "aws_api_gateway_method_tfer--7z4ixuncja-002F-3dp4kg-002F-OPTIONS_id": {
                    "sensitive": false,
                    "type": "string",
                    "value": "7z4ixuncja/3dp4kg/OPTIONS"
                },
                "aws_api_gateway_method_tfer--7z4ixuncja-002F-4p4zzj-002F-OPTIONS_id": {
                    "sensitive": false,
                    "type": "string",
                    "value": "7z4ixuncja/4p4zzj/OPTIONS"
                },
                "aws_api_gateway_method_tfer--7z4ixuncja-002F-gmab69-002F-GET_id": {
                    "sensitive": false,
                    "type": "string",
                    "value": "7z4ixuncja/gmab69/GET"
                },
                "aws_api_gateway_method_tfer--7z4ixuncja-002F-gmab69-002F-OPTIONS_id": {
                    "sensitive": false,
                    "type": "string",
                    "value": "7z4ixuncja/gmab69/OPTIONS"
                },
                "aws_api_gateway_method_tfer--7z4ixuncja-002F-oy76ng-002F-OPTIONS_id": {
                    "sensitive": false,
                    "type": "string",
                    "value": "7z4ixuncja/oy76ng/OPTIONS"
                },
                "aws_api_gateway_method_tfer--7z4ixuncja-002F-oy76ng-002F-POST_id": {
                    "sensitive": false,
                    "type": "string",
                    "value": "7z4ixuncja/oy76ng/POST"
                },
                "aws_api_gateway_method_tfer--7z4ixuncja-002F-skxs0h-002F-OPTIONS_id": {
                    "sensitive": false,
                    "type": "string",
                    "value": "7z4ixuncja/skxs0h/OPTIONS"
                },
                "aws_api_gateway_method_tfer--7z4ixuncja-002F-tarii2-002F-OPTIONS_id": {
                    "sensitive": false,
                    "type": "string",
                    "value": "7z4ixuncja/tarii2/OPTIONS"
                },
                "aws_api_gateway_method_tfer--7z4ixuncja-002F-tarii2-002F-POST_id": {
                    "sensitive": false,
                    "type": "string",
                    "value": "7z4ixuncja/tarii2/POST"
                },
                "aws_api_gateway_method_tfer--7z4ixuncja-002F-tfd3mq-002F-GET_id": {
                    "sensitive": false,
                    "type": "string",
                    "value": "7z4ixuncja/tfd3mq/GET"
                },
                "aws_api_gateway_method_tfer--7z4ixuncja-002F-tfd3mq-002F-OPTIONS_id": {
                    "sensitive": false,
                    "type": "string",
                    "value": "7z4ixuncja/tfd3mq/OPTIONS"
                },
                "aws_api_gateway_method_tfer--7z4ixuncja-002F-v2e0y9-002F-OPTIONS_id": {
                    "sensitive": false,
                    "type": "string",
                    "value": "7z4ixuncja/v2e0y9/OPTIONS"
                },
                "aws_api_gateway_method_tfer--7z4ixuncja-002F-v2e0y9-002F-POST_id": {
                    "sensitive": false,
                    "type": "string",
                    "value": "7z4ixuncja/v2e0y9/POST"
                },
                "aws_api_gateway_method_tfer--dxs9ctiiac-002F-k4pkp4-002F-ANY_id": {
                    "sensitive": false,
                    "type": "string",
                    "value": "dxs9ctiiac/k4pkp4/ANY"
                },
                "aws_api_gateway_method_tfer--dxs9ctiiac-002F-rd88xx-002F-ANY_id": {
                    "sensitive": false,
                    "type": "string",
                    "value": "dxs9ctiiac/rd88xx/ANY"
                },
                "aws_api_gateway_method_tfer--dxs9ctiiac-002F-rd88xx-002F-OPTIONS_id": {
                    "sensitive": false,
                    "type": "string",
                    "value": "dxs9ctiiac/rd88xx/OPTIONS"
                },
                "aws_api_gateway_method_tfer--gt3fvvf2pg-002F-vwb0qn-002F-OPTIONS_id": {
                    "sensitive": false,
                    "type": "string",
                    "value": "gt3fvvf2pg/vwb0qn/OPTIONS"
                },
                "aws_api_gateway_method_tfer--gt3fvvf2pg-002F-vwb0qn-002F-POST_id": {
                    "sensitive": false,
                    "type": "string",
                    "value": "gt3fvvf2pg/vwb0qn/POST"
                },
                "aws_api_gateway_model_tfer--42a6clquqe-002F-cjor7u_id": {
                    "sensitive": false,
                    "type": "string",
                    "value": "42a6clquqe/cjor7u"
                },
                "aws_api_gateway_model_tfer--42a6clquqe-002F-h2ohey_id": {
                    "sensitive": false,
                    "type": "string",
                    "value": "42a6clquqe/h2ohey"
                },
                "aws_api_gateway_model_tfer--54fu8y3s9a-002F-1xqpbf_id": {
                    "sensitive": false,
                    "type": "string",
                    "value": "54fu8y3s9a/1xqpbf"
                },
                "aws_api_gateway_model_tfer--54fu8y3s9a-002F-ivdvse_id": {
                    "sensitive": false,
                    "type": "string",
                    "value": "54fu8y3s9a/ivdvse"
                },
                "aws_api_gateway_model_tfer--6vasen33q4-002F-6kdzuc_id": {
                    "sensitive": false,
                    "type": "string",
                    "value": "6vasen33q4/6kdzuc"
                },
                "aws_api_gateway_model_tfer--6vasen33q4-002F-cv1ie9_id": {
                    "sensitive": false,
                    "type": "string",
                    "value": "6vasen33q4/cv1ie9"
                },
                "aws_api_gateway_model_tfer--7z4ixuncja-002F-awxlfy_id": {
                    "sensitive": false,
                    "type": "string",
                    "value": "7z4ixuncja/awxlfy"
                },
                "aws_api_gateway_model_tfer--7z4ixuncja-002F-tfi1dr_id": {
                    "sensitive": false,
                    "type": "string",
                    "value": "7z4ixuncja/tfi1dr"
                },
                "aws_api_gateway_model_tfer--dxs9ctiiac-002F-7x5jbm_id": {
                    "sensitive": false,
                    "type": "string",
                    "value": "dxs9ctiiac/7x5jbm"
                },
                "aws_api_gateway_model_tfer--dxs9ctiiac-002F-f9825l_id": {
                    "sensitive": false,
                    "type": "string",
                    "value": "dxs9ctiiac/f9825l"
                },
                "aws_api_gateway_model_tfer--gt3fvvf2pg-002F-mjlg15_id": {
                    "sensitive": false,
                    "type": "string",
                    "value": "gt3fvvf2pg/mjlg15"
                },
                "aws_api_gateway_model_tfer--gt3fvvf2pg-002F-xv34ip_id": {
                    "sensitive": false,
                    "type": "string",
                    "value": "gt3fvvf2pg/xv34ip"
                },
                "aws_api_gateway_rest_api_tfer--42a6clquqe_Team11-BoardAPI_id": {
                    "sensitive": false,
                    "type": "string",
                    "value": "42a6clquqe"
                },
                "aws_api_gateway_rest_api_tfer--54fu8y3s9a_team06-iot-api_id": {
                    "sensitive": false,
                    "type": "string",
                    "value": "54fu8y3s9a"
                },
                "aws_api_gateway_rest_api_tfer--6vasen33q4_Team4_ParkingAPI_id": {
                    "sensitive": false,
                    "type": "string",
                    "value": "6vasen33q4"
                },
                "aws_api_gateway_rest_api_tfer--7z4ixuncja_team02-poker-api_id": {
                    "sensitive": false,
                    "type": "string",
                    "value": "7z4ixuncja"
                },
                "aws_api_gateway_rest_api_tfer--dxs9ctiiac_team06-express_id": {
                    "sensitive": false,
                    "type": "string",
                    "value": "dxs9ctiiac"
                },
                "aws_api_gateway_rest_api_tfer--gt3fvvf2pg_TEAM18_UPLOAD_IMAGE_id": {
                    "sensitive": false,
                    "type": "string",
                    "value": "gt3fvvf2pg"
                },
                "aws_api_gateway_stage_tfer--42a6clquqe-002F-prod_id": {
                    "sensitive": false,
                    "type": "string",
                    "value": "42a6clquqe/prod"
                },
                "aws_api_gateway_stage_tfer--54fu8y3s9a-002F-prod_id": {
                    "sensitive": false,
                    "type": "string",
                    "value": "54fu8y3s9a/prod"
                },
                "aws_api_gateway_stage_tfer--6vasen33q4-002F-v1_id": {
                    "sensitive": false,
                    "type": "string",
                    "value": "6vasen33q4/v1"
                },
                "aws_api_gateway_stage_tfer--7z4ixuncja-002F-dev_id": {
                    "sensitive": false,
                    "type": "string",
                    "value": "7z4ixuncja/dev"
                },
                "aws_api_gateway_stage_tfer--dxs9ctiiac-002F-prod_id": {
                    "sensitive": false,
                    "type": "string",
                    "value": "dxs9ctiiac/prod"
                },
                "aws_api_gateway_stage_tfer--gt3fvvf2pg-002F-TEAM18_id": {
                    "sensitive": false,
                    "type": "string",
                    "value": "gt3fvvf2pg/TEAM18"
                }
            },
            "resources": {
                "aws_api_gateway_authorizer.tfer--edw1co": {
                    "type": "aws_api_gateway_authorizer",
                    "depends_on": [],
                    "primary": {
                        "id": "edw1co",
                        "attributes": {
                            "arn": "arn:aws:apigateway:us-east-1::/restapis/6vasen33q4/authorizers/edw1co",
                            "authorizer_credentials": "",
                            "authorizer_result_ttl_in_seconds": "300",
                            "authorizer_uri": "",
                            "id": "edw1co",
                            "identity_source": "method.request.header.Authorization",
                            "identity_validation_expression": "",
                            "name": "ParkingAPIAuthorizer",
                            "provider_arns.#": "1",
                            "provider_arns.0": "arn:aws:cognito-idp:us-east-1:701030859948:userpool/us-east-1_7mjuUoQqQ",
                            "rest_api_id": "6vasen33q4",
                            "type": "COGNITO_USER_POOLS"
                        },
                        "meta": {
                            "schema_version": 0
                        },
                        "tainted": false
                    },
                    "deposed": [],
                    "provider": "provider.aws"
                },
                "aws_api_gateway_authorizer.tfer--ee88ok": {
                    "type": "aws_api_gateway_authorizer",
                    "depends_on": [],
                    "primary": {
                        "id": "ee88ok",
                        "attributes": {
                            "arn": "arn:aws:apigateway:us-east-1::/restapis/54fu8y3s9a/authorizers/ee88ok",
                            "authorizer_credentials": "",
                            "authorizer_result_ttl_in_seconds": "300",
                            "authorizer_uri": "",
                            "id": "ee88ok",
                            "identity_source": "method.request.header.Authorization",
                            "identity_validation_expression": "",
                            "name": "team06_Auth",
                            "provider_arns.#": "1",
                            "provider_arns.0": "arn:aws:cognito-idp:us-east-1:701030859948:userpool/us-east-1_Rali2TdjH",
                            "rest_api_id": "54fu8y3s9a",
                            "type": "COGNITO_USER_POOLS"
                        },
                        "meta": {
                            "schema_version": 0
                        },
                        "tainted": false
                    },
                    "deposed": [],
                    "provider": "provider.aws"
                },
                "aws_api_gateway_authorizer.tfer--iu04o5": {
                    "type": "aws_api_gateway_authorizer",
                    "depends_on": [],
                    "primary": {
                        "id": "iu04o5",
                        "attributes": {
                            "arn": "arn:aws:apigateway:us-east-1::/restapis/dxs9ctiiac/authorizers/iu04o5",
                            "authorizer_credentials": "",
                            "authorizer_result_ttl_in_seconds": "300",
                            "authorizer_uri": "",
                            "id": "iu04o5",
                            "identity_source": "method.request.header.Authorization",
                            "identity_validation_expression": "",
                            "name": "Express_Auth",
                            "provider_arns.#": "1",
                            "provider_arns.0": "arn:aws:cognito-idp:us-east-1:701030859948:userpool/us-east-1_Rali2TdjH",
                            "rest_api_id": "dxs9ctiiac",
                            "type": "COGNITO_USER_POOLS"
                        },
                        "meta": {
                            "schema_version": 0
                        },
                        "tainted": false
                    },
                    "deposed": [],
                    "provider": "provider.aws"
                },
                "aws_api_gateway_authorizer.tfer--nwhohe": {
                    "type": "aws_api_gateway_authorizer",
                    "depends_on": [],
                    "primary": {
                        "id": "nwhohe",
                        "attributes": {
                            "arn": "arn:aws:apigateway:us-east-1::/restapis/7z4ixuncja/authorizers/nwhohe",
                            "authorizer_credentials": "arn:aws:iam::701030859948:role/LabRole",
                            "authorizer_result_ttl_in_seconds": "300",
                            "authorizer_uri": "arn:aws:apigateway:us-east-1:lambda:path/2015-03-31/functions/arn:aws:lambda:us-east-1:701030859948:function:team02-api-gateway-custom-authorizer/invocations",
                            "id": "nwhohe",
                            "identity_source": "method.request.header.Authorization",
                            "identity_validation_expression": "",
                            "name": "team02-poker-api-authorizer",
                            "provider_arns.#": "0",
                            "rest_api_id": "7z4ixuncja",
                            "type": "TOKEN"
                        },
                        "meta": {
                            "schema_version": 0
                        },
                        "tainted": false
                    },
                    "deposed": [],
                    "provider": "provider.aws"
                },
                "aws_api_gateway_authorizer.tfer--r8s6cr": {
                    "type": "aws_api_gateway_authorizer",
                    "depends_on": [],
                    "primary": {
                        "id": "r8s6cr",
                        "attributes": {
                            "arn": "arn:aws:apigateway:us-east-1::/restapis/7z4ixuncja/authorizers/r8s6cr",
                            "authorizer_credentials": "",
                            "authorizer_result_ttl_in_seconds": "300",
                            "authorizer_uri": "",
                            "id": "r8s6cr",
                            "identity_source": "method.request.header.Authorization",
                            "identity_validation_expression": "",
                            "name": "team02-web-api-authorizer",
                            "provider_arns.#": "1",
                            "provider_arns.0": "arn:aws:cognito-idp:us-east-1:701030859948:userpool/us-east-1_RiuuXaPXB",
                            "rest_api_id": "7z4ixuncja",
                            "type": "COGNITO_USER_POOLS"
                        },
                        "meta": {
                            "schema_version": 0
                        },
                        "tainted": false
                    },
                    "deposed": [],
                    "provider": "provider.aws"
                },
                "aws_api_gateway_gateway_response.tfer--54fu8y3s9a-002F-DEFAULT_4XX": {
                    "type": "aws_api_gateway_gateway_response",
                    "depends_on": [],
                    "primary": {
                        "id": "54fu8y3s9a/DEFAULT_4XX",
                        "attributes": {
                            "id": "54fu8y3s9a/DEFAULT_4XX",
                            "response_parameters.%": "3",
                            "response_parameters.gatewayresponse.header.Access-Control-Allow-Headers": "'Content-Type,X-Amz-Date,Authorization,X-Api-Key,X-Amz-Security-Token'",
                            "response_parameters.gatewayresponse.header.Access-Control-Allow-Methods": "'OPTIONS,POST'",
                            "response_parameters.gatewayresponse.header.Access-Control-Allow-Origin": "'http://team06website.s3-website-us-east-1.amazonaws.com'",
                            "response_templates.%": "1",
                            "response_templates.application/json": "{\"message\":$context.error.messageString}",
                            "response_type": "DEFAULT_4XX",
                            "rest_api_id": "54fu8y3s9a",
                            "status_code": ""
                        },
                        "meta": {
                            "schema_version": 0
                        },
                        "tainted": false
                    },
                    "deposed": [],
                    "provider": "provider.aws"
                },
                "aws_api_gateway_gateway_response.tfer--54fu8y3s9a-002F-DEFAULT_5XX": {
                    "type": "aws_api_gateway_gateway_response",
                    "depends_on": [],
                    "primary": {
                        "id": "54fu8y3s9a/DEFAULT_5XX",
                        "attributes": {
                            "id": "54fu8y3s9a/DEFAULT_5XX",
                            "response_parameters.%": "3",
                            "response_parameters.gatewayresponse.header.Access-Control-Allow-Headers": "'Content-Type,X-Amz-Date,Authorization,X-Api-Key,X-Amz-Security-Token'",
                            "response_parameters.gatewayresponse.header.Access-Control-Allow-Methods": "'OPTIONS,POST'",
                            "response_parameters.gatewayresponse.header.Access-Control-Allow-Origin": "'http://team06website.s3-website-us-east-1.amazonaws.com'",
                            "response_templates.%": "1",
                            "response_templates.application/json": "{\"message\":$context.error.messageString}",
                            "response_type": "DEFAULT_5XX",
                            "rest_api_id": "54fu8y3s9a",
                            "status_code": ""
                        },
                        "meta": {
                            "schema_version": 0
                        },
                        "tainted": false
                    },
                    "deposed": [],
                    "provider": "provider.aws"
                },
                "aws_api_gateway_gateway_response.tfer--6vasen33q4-002F-DEFAULT_4XX": {
                    "type": "aws_api_gateway_gateway_response",
                    "depends_on": [],
                    "primary": {
                        "id": "6vasen33q4/DEFAULT_4XX",
                        "attributes": {
                            "id": "6vasen33q4/DEFAULT_4XX",
                            "response_parameters.%": "3",
                            "response_parameters.gatewayresponse.header.Access-Control-Allow-Headers": "'Content-Type,X-Amz-Date,Authorization,X-Api-Key,X-Amz-Security-Token'",
                            "response_parameters.gatewayresponse.header.Access-Control-Allow-Methods": "'GET,OPTIONS'",
                            "response_parameters.gatewayresponse.header.Access-Control-Allow-Origin": "'*'",
                            "response_templates.%": "1",
                            "response_templates.application/json": "{\"message\":$context.error.messageString}",
                            "response_type": "DEFAULT_4XX",
                            "rest_api_id": "6vasen33q4",
                            "status_code": ""
                        },
                        "meta": {
                            "schema_version": 0
                        },
                        "tainted": false
                    },
                    "deposed": [],
                    "provider": "provider.aws"
                },
                "aws_api_gateway_gateway_response.tfer--6vasen33q4-002F-DEFAULT_5XX": {
                    "type": "aws_api_gateway_gateway_response",
                    "depends_on": [],
                    "primary": {
                        "id": "6vasen33q4/DEFAULT_5XX",
                        "attributes": {
                            "id": "6vasen33q4/DEFAULT_5XX",
                            "response_parameters.%": "3",
                            "response_parameters.gatewayresponse.header.Access-Control-Allow-Headers": "'Content-Type,X-Amz-Date,Authorization,X-Api-Key,X-Amz-Security-Token'",
                            "response_parameters.gatewayresponse.header.Access-Control-Allow-Methods": "'GET,OPTIONS'",
                            "response_parameters.gatewayresponse.header.Access-Control-Allow-Origin": "'*'",
                            "response_templates.%": "1",
                            "response_templates.application/json": "{\"message\":$context.error.messageString}",
                            "response_type": "DEFAULT_5XX",
                            "rest_api_id": "6vasen33q4",
                            "status_code": ""
                        },
                        "meta": {
                            "schema_version": 0
                        },
                        "tainted": false
                    },
                    "deposed": [],
                    "provider": "provider.aws"
                },
                "aws_api_gateway_gateway_response.tfer--7z4ixuncja-002F-DEFAULT_4XX": {
                    "type": "aws_api_gateway_gateway_response",
                    "depends_on": [],
                    "primary": {
                        "id": "7z4ixuncja/DEFAULT_4XX",
                        "attributes": {
                            "id": "7z4ixuncja/DEFAULT_4XX",
                            "response_parameters.%": "5",
                            "response_parameters.gatewayresponse.header.Access-Control-Allow-Credentials": "'true'",
                            "response_parameters.gatewayresponse.header.Access-Control-Allow-Headers": "'Content-Type,X-Amz-Date,Authorization,X-Api-Key,X-Amz-Security-Token,Cache-Control,pragma'",
                            "response_parameters.gatewayresponse.header.Access-Control-Allow-Methods": "'GET,OPTIONS'",
                            "response_parameters.gatewayresponse.header.Access-Control-Allow-Origin": "'https://dz71xa9wu0leo.cloudfront.net'",
                            "response_parameters.gatewayresponse.header.Access-Control-Max-Age": "'3600'",
                            "response_templates.%": "1",
                            "response_templates.application/json": "{\"message\":$context.error.messageString}",
                            "response_type": "DEFAULT_4XX",
                            "rest_api_id": "7z4ixuncja",
                            "status_code": ""
                        },
                        "meta": {
                            "schema_version": 0
                        },
                        "tainted": false
                    },
                    "deposed": [],
                    "provider": "provider.aws"
                },
                "aws_api_gateway_gateway_response.tfer--7z4ixuncja-002F-DEFAULT_5XX": {
                    "type": "aws_api_gateway_gateway_response",
                    "depends_on": [],
                    "primary": {
                        "id": "7z4ixuncja/DEFAULT_5XX",
                        "attributes": {
                            "id": "7z4ixuncja/DEFAULT_5XX",
                            "response_parameters.%": "5",
                            "response_parameters.gatewayresponse.header.Access-Control-Allow-Credentials": "'true'",
                            "response_parameters.gatewayresponse.header.Access-Control-Allow-Headers": "'Content-Type,X-Amz-Date,Authorization,X-Api-Key,X-Amz-Security-Token,Cache-Control,pragma'",
                            "response_parameters.gatewayresponse.header.Access-Control-Allow-Methods": "'GET,OPTIONS'",
                            "response_parameters.gatewayresponse.header.Access-Control-Allow-Origin": "'https://dz71xa9wu0leo.cloudfront.net'",
                            "response_parameters.gatewayresponse.header.Access-Control-Max-Age": "'3600'",
                            "response_templates.%": "1",
                            "response_templates.application/json": "{\"message\":$context.error.messageString}",
                            "response_type": "DEFAULT_5XX",
                            "rest_api_id": "7z4ixuncja",
                            "status_code": ""
                        },
                        "meta": {
                            "schema_version": 0
                        },
                        "tainted": false
                    },
                    "deposed": [],
                    "provider": "provider.aws"
                },
                "aws_api_gateway_gateway_response.tfer--dxs9ctiiac-002F-DEFAULT_4XX": {
                    "type": "aws_api_gateway_gateway_response",
                    "depends_on": [],
                    "primary": {
                        "id": "dxs9ctiiac/DEFAULT_4XX",
                        "attributes": {
                            "id": "dxs9ctiiac/DEFAULT_4XX",
                            "response_parameters.%": "3",
                            "response_parameters.gatewayresponse.header.Access-Control-Allow-Headers": "'Content-Type,X-Amz-Date,Authorization,X-Api-Key,X-Amz-Security-Token'",
                            "response_parameters.gatewayresponse.header.Access-Control-Allow-Methods": "'DELETE,GET,HEAD,OPTIONS,PATCH,POST,PUT'",
                            "response_parameters.gatewayresponse.header.Access-Control-Allow-Origin": "'http://team06website.s3-website-us-east-1.amazonaws.com'",
                            "response_templates.%": "1",
                            "response_templates.application/json": "{\"message\":$context.error.messageString}",
                            "response_type": "DEFAULT_4XX",
                            "rest_api_id": "dxs9ctiiac",
                            "status_code": ""
                        },
                        "meta": {
                            "schema_version": 0
                        },
                        "tainted": false
                    },
                    "deposed": [],
                    "provider": "provider.aws"
                },
                "aws_api_gateway_gateway_response.tfer--dxs9ctiiac-002F-DEFAULT_5XX": {
                    "type": "aws_api_gateway_gateway_response",
                    "depends_on": [],
                    "primary": {
                        "id": "dxs9ctiiac/DEFAULT_5XX",
                        "attributes": {
                            "id": "dxs9ctiiac/DEFAULT_5XX",
                            "response_parameters.%": "3",
                            "response_parameters.gatewayresponse.header.Access-Control-Allow-Headers": "'Content-Type,X-Amz-Date,Authorization,X-Api-Key,X-Amz-Security-Token'",
                            "response_parameters.gatewayresponse.header.Access-Control-Allow-Methods": "'DELETE,GET,HEAD,OPTIONS,PATCH,POST,PUT'",
                            "response_parameters.gatewayresponse.header.Access-Control-Allow-Origin": "'http://team06website.s3-website-us-east-1.amazonaws.com'",
                            "response_templates.%": "1",
                            "response_templates.application/json": "{\"message\":$context.error.messageString}",
                            "response_type": "DEFAULT_5XX",
                            "rest_api_id": "dxs9ctiiac",
                            "status_code": ""
                        },
                        "meta": {
                            "schema_version": 0
                        },
                        "tainted": false
                    },
                    "deposed": [],
                    "provider": "provider.aws"
                },
                "aws_api_gateway_integration.tfer--42a6clquqe-002F-uq4a3r-002F-GET": {
                    "type": "aws_api_gateway_integration",
                    "depends_on": [],
                    "primary": {
                        "id": "42a6clquqe/uq4a3r/GET",
                        "attributes": {
                            "cache_key_parameters.#": "0",
                            "cache_namespace": "uq4a3r",
                            "connection_id": "",
                            "connection_type": "INTERNET",
                            "content_handling": "CONVERT_TO_TEXT",
                            "credentials": "",
                            "http_method": "GET",
                            "id": "42a6clquqe/uq4a3r/GET",
                            "integration_http_method": "POST",
                            "passthrough_behavior": "WHEN_NO_MATCH",
                            "request_parameters.%": "0",
                            "request_templates.%": "0",
                            "resource_id": "uq4a3r",
                            "rest_api_id": "42a6clquqe",
                            "timeout_milliseconds": "29000",
                            "tls_config.#": "0",
                            "type": "AWS_PROXY",
                            "uri": "arn:aws:apigateway:us-east-1:lambda:path/2015-03-31/functions/arn:aws:lambda:us-east-1:701030859948:function:team11-fetch-board-data/invocations"
                        },
                        "meta": {
                            "schema_version": 0
                        },
                        "tainted": false
                    },
                    "deposed": [],
                    "provider": "provider.aws"
                },
                "aws_api_gateway_integration.tfer--42a6clquqe-002F-uq4a3r-002F-OPTIONS": {
                    "type": "aws_api_gateway_integration",
                    "depends_on": [],
                    "primary": {
                        "id": "42a6clquqe/uq4a3r/OPTIONS",
                        "attributes": {
                            "cache_key_parameters.#": "0",
                            "cache_namespace": "uq4a3r",
                            "connection_id": "",
                            "connection_type": "INTERNET",
                            "content_handling": "",
                            "credentials": "",
                            "http_method": "OPTIONS",
                            "id": "42a6clquqe/uq4a3r/OPTIONS",
                            "integration_http_method": "",
                            "passthrough_behavior": "WHEN_NO_MATCH",
                            "request_parameters.%": "0",
                            "request_templates.%": "1",
                            "request_templates.application/json": "{\"statusCode\": 200}",
                            "resource_id": "uq4a3r",
                            "rest_api_id": "42a6clquqe",
                            "timeout_milliseconds": "29000",
                            "tls_config.#": "0",
                            "type": "MOCK",
                            "uri": ""
                        },
                        "meta": {
                            "schema_version": 0
                        },
                        "tainted": false
                    },
                    "deposed": [],
                    "provider": "provider.aws"
                },
                "aws_api_gateway_integration.tfer--54fu8y3s9a-002F-0r6m1r-002F-ANY": {
                    "type": "aws_api_gateway_integration",
                    "depends_on": [],
                    "primary": {
                        "id": "54fu8y3s9a/0r6m1r/ANY",
                        "attributes": {
                            "cache_key_parameters.#": "0",
                            "cache_namespace": "0r6m1r",
                            "connection_id": "",
                            "connection_type": "INTERNET",
                            "content_handling": "",
                            "credentials": "",
                            "http_method": "ANY",
                            "id": "54fu8y3s9a/0r6m1r/ANY",
                            "integration_http_method": "POST",
                            "passthrough_behavior": "WHEN_NO_MATCH",
                            "request_parameters.%": "0",
                            "request_templates.%": "0",
                            "resource_id": "0r6m1r",
                            "rest_api_id": "54fu8y3s9a",
                            "timeout_milliseconds": "29000",
                            "tls_config.#": "0",
                            "type": "AWS_PROXY",
                            "uri": "arn:aws:apigateway:us-east-1:lambda:path/2015-03-31/functions/arn:aws:lambda:us-east-1:701030859948:function:team06_HandleUseRequest_WithReservation/invocations"
                        },
                        "meta": {
                            "schema_version": 0
                        },
                        "tainted": false
                    },
                    "deposed": [],
                    "provider": "provider.aws"
                },
                "aws_api_gateway_integration.tfer--54fu8y3s9a-002F-3kcp2h-002F-ANY": {
                    "type": "aws_api_gateway_integration",
                    "depends_on": [],
                    "primary": {
                        "id": "54fu8y3s9a/3kcp2h/ANY",
                        "attributes": {
                            "cache_key_parameters.#": "0",
                            "cache_namespace": "3kcp2h",
                            "connection_id": "",
                            "connection_type": "INTERNET",
                            "content_handling": "",
                            "credentials": "",
                            "http_method": "ANY",
                            "id": "54fu8y3s9a/3kcp2h/ANY",
                            "integration_http_method": "POST",
                            "passthrough_behavior": "WHEN_NO_MATCH",
                            "request_parameters.%": "0",
                            "request_templates.%": "0",
                            "resource_id": "3kcp2h",
                            "rest_api_id": "54fu8y3s9a",
                            "timeout_milliseconds": "29000",
                            "tls_config.#": "0",
                            "type": "AWS_PROXY",
                            "uri": "arn:aws:apigateway:us-east-1:lambda:path/2015-03-31/functions/arn:aws:lambda:us-east-1:701030859948:function:team06_HandleReserveRequest/invocations"
                        },
                        "meta": {
                            "schema_version": 0
                        },
                        "tainted": false
                    },
                    "deposed": [],
                    "provider": "provider.aws"
                },
                "aws_api_gateway_integration.tfer--54fu8y3s9a-002F-5xcch2-002F-OPTIONS": {
                    "type": "aws_api_gateway_integration",
                    "depends_on": [],
                    "primary": {
                        "id": "54fu8y3s9a/5xcch2/OPTIONS",
                        "attributes": {
                            "cache_key_parameters.#": "0",
                            "cache_namespace": "5xcch2",
                            "connection_id": "",
                            "connection_type": "INTERNET",
                            "content_handling": "",
                            "credentials": "",
                            "http_method": "OPTIONS",
                            "id": "54fu8y3s9a/5xcch2/OPTIONS",
                            "integration_http_method": "",
                            "passthrough_behavior": "WHEN_NO_MATCH",
                            "request_parameters.%": "0",
                            "request_templates.%": "1",
                            "request_templates.application/json": "{\"statusCode\": 200}",
                            "resource_id": "5xcch2",
                            "rest_api_id": "54fu8y3s9a",
                            "timeout_milliseconds": "29000",
                            "tls_config.#": "0",
                            "type": "MOCK",
                            "uri": ""
                        },
                        "meta": {
                            "schema_version": 0
                        },
                        "tainted": false
                    },
                    "deposed": [],
                    "provider": "provider.aws"
                },
                "aws_api_gateway_integration.tfer--54fu8y3s9a-002F-5xcch2-002F-POST": {
                    "type": "aws_api_gateway_integration",
                    "depends_on": [],
                    "primary": {
                        "id": "54fu8y3s9a/5xcch2/POST",
                        "attributes": {
                            "cache_key_parameters.#": "0",
                            "cache_namespace": "5xcch2",
                            "connection_id": "",
                            "connection_type": "INTERNET",
                            "content_handling": "CONVERT_TO_TEXT",
                            "credentials": "",
                            "http_method": "POST",
                            "id": "54fu8y3s9a/5xcch2/POST",
                            "integration_http_method": "POST",
                            "passthrough_behavior": "WHEN_NO_MATCH",
                            "request_parameters.%": "0",
                            "request_templates.%": "0",
                            "resource_id": "5xcch2",
                            "rest_api_id": "54fu8y3s9a",
                            "timeout_milliseconds": "29000",
                            "tls_config.#": "0",
                            "type": "AWS",
                            "uri": "arn:aws:apigateway:us-east-1:lambda:path/2015-03-31/functions/arn:aws:lambda:us-east-1:701030859948:function:team06_HandleUseRequest_NoReservation/invocations"
                        },
                        "meta": {
                            "schema_version": 0
                        },
                        "tainted": false
                    },
                    "deposed": [],
                    "provider": "provider.aws"
                },
                "aws_api_gateway_integration.tfer--54fu8y3s9a-002F-6c4ve1-002F-ANY": {
                    "type": "aws_api_gateway_integration",
                    "depends_on": [],
                    "primary": {
                        "id": "54fu8y3s9a/6c4ve1/ANY",
                        "attributes": {
                            "cache_key_parameters.#": "0",
                            "cache_namespace": "6c4ve1",
                            "connection_id": "",
                            "connection_type": "INTERNET",
                            "content_handling": "",
                            "credentials": "",
                            "http_method": "ANY",
                            "id": "54fu8y3s9a/6c4ve1/ANY",
                            "integration_http_method": "POST",
                            "passthrough_behavior": "WHEN_NO_MATCH",
                            "request_parameters.%": "0",
                            "request_templates.%": "0",
                            "resource_id": "6c4ve1",
                            "rest_api_id": "54fu8y3s9a",
                            "timeout_milliseconds": "29000",
                            "tls_config.#": "0",
                            "type": "AWS_PROXY",
                            "uri": "arn:aws:apigateway:us-east-1:lambda:path/2015-03-31/functions/arn:aws:lambda:us-east-1:701030859948:function:team06_HandleEndRequest_UnlockWasher/invocations"
                        },
                        "meta": {
                            "schema_version": 0
                        },
                        "tainted": false
                    },
                    "deposed": [],
                    "provider": "provider.aws"
                },
                "aws_api_gateway_integration.tfer--54fu8y3s9a-002F-6to0ly-002F-OPTIONS": {
                    "type": "aws_api_gateway_integration",
                    "depends_on": [],
                    "primary": {
                        "id": "54fu8y3s9a/6to0ly/OPTIONS",
                        "attributes": {
                            "cache_key_parameters.#": "0",
                            "cache_namespace": "6to0ly",
                            "connection_id": "",
                            "connection_type": "INTERNET",
                            "content_handling": "",
                            "credentials": "",
                            "http_method": "OPTIONS",
                            "id": "54fu8y3s9a/6to0ly/OPTIONS",
                            "integration_http_method": "",
                            "passthrough_behavior": "WHEN_NO_MATCH",
                            "request_parameters.%": "0",
                            "request_templates.%": "1",
                            "request_templates.application/json": "{\"statusCode\": 200}",
                            "resource_id": "6to0ly",
                            "rest_api_id": "54fu8y3s9a",
                            "timeout_milliseconds": "29000",
                            "tls_config.#": "0",
                            "type": "MOCK",
                            "uri": ""
                        },
                        "meta": {
                            "schema_version": 0
                        },
                        "tainted": false
                    },
                    "deposed": [],
                    "provider": "provider.aws"
                },
                "aws_api_gateway_integration.tfer--54fu8y3s9a-002F-6to0ly-002F-POST": {
                    "type": "aws_api_gateway_integration",
                    "depends_on": [],
                    "primary": {
                        "id": "54fu8y3s9a/6to0ly/POST",
                        "attributes": {
                            "cache_key_parameters.#": "0",
                            "cache_namespace": "6to0ly",
                            "connection_id": "",
                            "connection_type": "INTERNET",
                            "content_handling": "CONVERT_TO_TEXT",
                            "credentials": "",
                            "http_method": "POST",
                            "id": "54fu8y3s9a/6to0ly/POST",
                            "integration_http_method": "POST",
                            "passthrough_behavior": "WHEN_NO_MATCH",
                            "request_parameters.%": "0",
                            "request_templates.%": "0",
                            "resource_id": "6to0ly",
                            "rest_api_id": "54fu8y3s9a",
                            "timeout_milliseconds": "29000",
                            "tls_config.#": "0",
                            "type": "AWS",
                            "uri": "arn:aws:apigateway:us-east-1:lambda:path/2015-03-31/functions/arn:aws:lambda:us-east-1:701030859948:function:team06_HandleEndRequest_UnlockWasher/invocations"
                        },
                        "meta": {
                            "schema_version": 0
                        },
                        "tainted": false
                    },
                    "deposed": [],
                    "provider": "provider.aws"
                },
                "aws_api_gateway_integration.tfer--54fu8y3s9a-002F-86eh8l-002F-OPTIONS": {
                    "type": "aws_api_gateway_integration",
                    "depends_on": [],
                    "primary": {
                        "id": "54fu8y3s9a/86eh8l/OPTIONS",
                        "attributes": {
                            "cache_key_parameters.#": "0",
                            "cache_namespace": "86eh8l",
                            "connection_id": "",
                            "connection_type": "INTERNET",
                            "content_handling": "",
                            "credentials": "",
                            "http_method": "OPTIONS",
                            "id": "54fu8y3s9a/86eh8l/OPTIONS",
                            "integration_http_method": "",
                            "passthrough_behavior": "WHEN_NO_MATCH",
                            "request_parameters.%": "0",
                            "request_templates.%": "1",
                            "request_templates.application/json": "{\"statusCode\": 200}",
                            "resource_id": "86eh8l",
                            "rest_api_id": "54fu8y3s9a",
                            "timeout_milliseconds": "29000",
                            "tls_config.#": "0",
                            "type": "MOCK",
                            "uri": ""
                        },
                        "meta": {
                            "schema_version": 0
                        },
                        "tainted": false
                    },
                    "deposed": [],
                    "provider": "provider.aws"
                },
                "aws_api_gateway_integration.tfer--54fu8y3s9a-002F-86eh8l-002F-POST": {
                    "type": "aws_api_gateway_integration",
                    "depends_on": [],
                    "primary": {
                        "id": "54fu8y3s9a/86eh8l/POST",
                        "attributes": {
                            "cache_key_parameters.#": "0",
                            "cache_namespace": "86eh8l",
                            "connection_id": "",
                            "connection_type": "INTERNET",
                            "content_handling": "CONVERT_TO_TEXT",
                            "credentials": "",
                            "http_method": "POST",
                            "id": "54fu8y3s9a/86eh8l/POST",
                            "integration_http_method": "POST",
                            "passthrough_behavior": "WHEN_NO_MATCH",
                            "request_parameters.%": "0",
                            "request_templates.%": "0",
                            "resource_id": "86eh8l",
                            "rest_api_id": "54fu8y3s9a",
                            "timeout_milliseconds": "29000",
                            "tls_config.#": "0",
                            "type": "AWS",
                            "uri": "arn:aws:apigateway:us-east-1:lambda:path/2015-03-31/functions/arn:aws:lambda:us-east-1:701030859948:function:team06_HandleUseRequest_WithReservation/invocations"
                        },
                        "meta": {
                            "schema_version": 0
                        },
                        "tainted": false
                    },
                    "deposed": [],
                    "provider": "provider.aws"
                },
                "aws_api_gateway_integration.tfer--54fu8y3s9a-002F-xju3ch-002F-OPTIONS": {
                    "type": "aws_api_gateway_integration",
                    "depends_on": [],
                    "primary": {
                        "id": "54fu8y3s9a/xju3ch/OPTIONS",
                        "attributes": {
                            "cache_key_parameters.#": "0",
                            "cache_namespace": "xju3ch",
                            "connection_id": "",
                            "connection_type": "INTERNET",
                            "content_handling": "",
                            "credentials": "",
                            "http_method": "OPTIONS",
                            "id": "54fu8y3s9a/xju3ch/OPTIONS",
                            "integration_http_method": "",
                            "passthrough_behavior": "WHEN_NO_MATCH",
                            "request_parameters.%": "0",
                            "request_templates.%": "1",
                            "request_templates.application/json": "{\"statusCode\": 200}",
                            "resource_id": "xju3ch",
                            "rest_api_id": "54fu8y3s9a",
                            "timeout_milliseconds": "29000",
                            "tls_config.#": "0",
                            "type": "MOCK",
                            "uri": ""
                        },
                        "meta": {
                            "schema_version": 0
                        },
                        "tainted": false
                    },
                    "deposed": [],
                    "provider": "provider.aws"
                },
                "aws_api_gateway_integration.tfer--54fu8y3s9a-002F-xju3ch-002F-POST": {
                    "type": "aws_api_gateway_integration",
                    "depends_on": [],
                    "primary": {
                        "id": "54fu8y3s9a/xju3ch/POST",
                        "attributes": {
                            "cache_key_parameters.#": "0",
                            "cache_namespace": "xju3ch",
                            "connection_id": "",
                            "connection_type": "INTERNET",
                            "content_handling": "CONVERT_TO_TEXT",
                            "credentials": "",
                            "http_method": "POST",
                            "id": "54fu8y3s9a/xju3ch/POST",
                            "integration_http_method": "POST",
                            "passthrough_behavior": "WHEN_NO_MATCH",
                            "request_parameters.%": "0",
                            "request_templates.%": "0",
                            "resource_id": "xju3ch",
                            "rest_api_id": "54fu8y3s9a",
                            "timeout_milliseconds": "29000",
                            "tls_config.#": "0",
                            "type": "AWS",
                            "uri": "arn:aws:apigateway:us-east-1:lambda:path/2015-03-31/functions/arn:aws:lambda:us-east-1:701030859948:function:team06_HandleReserveRequest/invocations"
                        },
                        "meta": {
                            "schema_version": 0
                        },
                        "tainted": false
                    },
                    "deposed": [],
                    "provider": "provider.aws"
                },
                "aws_api_gateway_integration.tfer--6vasen33q4-002F-3ir5sn-002F-GET": {
                    "type": "aws_api_gateway_integration",
                    "depends_on": [],
                    "primary": {
                        "id": "6vasen33q4/3ir5sn/GET",
                        "attributes": {
                            "cache_key_parameters.#": "0",
                            "cache_namespace": "3ir5sn",
                            "connection_id": "",
                            "connection_type": "INTERNET",
                            "content_handling": "CONVERT_TO_TEXT",
                            "credentials": "",
                            "http_method": "GET",
                            "id": "6vasen33q4/3ir5sn/GET",
                            "integration_http_method": "POST",
                            "passthrough_behavior": "WHEN_NO_MATCH",
                            "request_parameters.%": "0",
                            "request_templates.%": "0",
                            "resource_id": "3ir5sn",
                            "rest_api_id": "6vasen33q4",
                            "timeout_milliseconds": "29000",
                            "tls_config.#": "0",
                            "type": "AWS_PROXY",
                            "uri": "arn:aws:apigateway:us-east-1:lambda:path/2015-03-31/functions/arn:aws:lambda:us-east-1:701030859948:function:Team4_getParkingSlots/invocations"
                        },
                        "meta": {
                            "schema_version": 0
                        },
                        "tainted": false
                    },
                    "deposed": [],
                    "provider": "provider.aws"
                },
                "aws_api_gateway_integration.tfer--6vasen33q4-002F-3ir5sn-002F-OPTIONS": {
                    "type": "aws_api_gateway_integration",
                    "depends_on": [],
                    "primary": {
                        "id": "6vasen33q4/3ir5sn/OPTIONS",
                        "attributes": {
                            "cache_key_parameters.#": "0",
                            "cache_namespace": "3ir5sn",
                            "connection_id": "",
                            "connection_type": "INTERNET",
                            "content_handling": "",
                            "credentials": "",
                            "http_method": "OPTIONS",
                            "id": "6vasen33q4/3ir5sn/OPTIONS",
                            "integration_http_method": "",
                            "passthrough_behavior": "WHEN_NO_MATCH",
                            "request_parameters.%": "0",
                            "request_templates.%": "1",
                            "request_templates.application/json": "{\"statusCode\": 200}",
                            "resource_id": "3ir5sn",
                            "rest_api_id": "6vasen33q4",
                            "timeout_milliseconds": "29000",
                            "tls_config.#": "0",
                            "type": "MOCK",
                            "uri": ""
                        },
                        "meta": {
                            "schema_version": 0
                        },
                        "tainted": false
                    },
                    "deposed": [],
                    "provider": "provider.aws"
                },
                "aws_api_gateway_integration.tfer--6vasen33q4-002F-h72zzg-002F-GET": {
                    "type": "aws_api_gateway_integration",
                    "depends_on": [],
                    "primary": {
                        "id": "6vasen33q4/h72zzg/GET",
                        "attributes": {
                            "cache_key_parameters.#": "0",
                            "cache_namespace": "h72zzg",
                            "connection_id": "",
                            "connection_type": "INTERNET",
                            "content_handling": "CONVERT_TO_TEXT",
                            "credentials": "",
                            "http_method": "GET",
                            "id": "6vasen33q4/h72zzg/GET",
                            "integration_http_method": "POST",
                            "passthrough_behavior": "WHEN_NO_MATCH",
                            "request_parameters.%": "0",
                            "request_templates.%": "0",
                            "resource_id": "h72zzg",
                            "rest_api_id": "6vasen33q4",
                            "timeout_milliseconds": "29000",
                            "tls_config.#": "0",
                            "type": "AWS_PROXY",
                            "uri": "arn:aws:apigateway:us-east-1:lambda:path/2015-03-31/functions/arn:aws:lambda:us-east-1:701030859948:function:Team4_getParkingSlots/invocations"
                        },
                        "meta": {
                            "schema_version": 0
                        },
                        "tainted": false
                    },
                    "deposed": [],
                    "provider": "provider.aws"
                },
                "aws_api_gateway_integration.tfer--6vasen33q4-002F-h72zzg-002F-OPTIONS": {
                    "type": "aws_api_gateway_integration",
                    "depends_on": [],
                    "primary": {
                        "id": "6vasen33q4/h72zzg/OPTIONS",
                        "attributes": {
                            "cache_key_parameters.#": "0",
                            "cache_namespace": "h72zzg",
                            "connection_id": "",
                            "connection_type": "INTERNET",
                            "content_handling": "",
                            "credentials": "",
                            "http_method": "OPTIONS",
                            "id": "6vasen33q4/h72zzg/OPTIONS",
                            "integration_http_method": "",
                            "passthrough_behavior": "WHEN_NO_MATCH",
                            "request_parameters.%": "0",
                            "request_templates.%": "1",
                            "request_templates.application/json": "{\"statusCode\": 200}",
                            "resource_id": "h72zzg",
                            "rest_api_id": "6vasen33q4",
                            "timeout_milliseconds": "29000",
                            "tls_config.#": "0",
                            "type": "MOCK",
                            "uri": ""
                        },
                        "meta": {
                            "schema_version": 0
                        },
                        "tainted": false
                    },
                    "deposed": [],
                    "provider": "provider.aws"
                },
                "aws_api_gateway_integration.tfer--6vasen33q4-002F-li90vc-002F-OPTIONS": {
                    "type": "aws_api_gateway_integration",
                    "depends_on": [],
                    "primary": {
                        "id": "6vasen33q4/li90vc/OPTIONS",
                        "attributes": {
                            "cache_key_parameters.#": "0",
                            "cache_namespace": "li90vc",
                            "connection_id": "",
                            "connection_type": "INTERNET",
                            "content_handling": "",
                            "credentials": "",
                            "http_method": "OPTIONS",
                            "id": "6vasen33q4/li90vc/OPTIONS",
                            "integration_http_method": "",
                            "passthrough_behavior": "WHEN_NO_MATCH",
                            "request_parameters.%": "0",
                            "request_templates.%": "1",
                            "request_templates.application/json": "{\"statusCode\": 200}",
                            "resource_id": "li90vc",
                            "rest_api_id": "6vasen33q4",
                            "timeout_milliseconds": "29000",
                            "tls_config.#": "0",
                            "type": "MOCK",
                            "uri": ""
                        },
                        "meta": {
                            "schema_version": 0
                        },
                        "tainted": false
                    },
                    "deposed": [],
                    "provider": "provider.aws"
                },
                "aws_api_gateway_integration.tfer--6vasen33q4-002F-li90vc-002F-POST": {
                    "type": "aws_api_gateway_integration",
                    "depends_on": [],
                    "primary": {
                        "id": "6vasen33q4/li90vc/POST",
                        "attributes": {
                            "cache_key_parameters.#": "0",
                            "cache_namespace": "li90vc",
                            "connection_id": "",
                            "connection_type": "INTERNET",
                            "content_handling": "CONVERT_TO_TEXT",
                            "credentials": "",
                            "http_method": "POST",
                            "id": "6vasen33q4/li90vc/POST",
                            "integration_http_method": "POST",
                            "passthrough_behavior": "WHEN_NO_MATCH",
                            "request_parameters.%": "0",
                            "request_templates.%": "0",
                            "resource_id": "li90vc",
                            "rest_api_id": "6vasen33q4",
                            "timeout_milliseconds": "29000",
                            "tls_config.#": "0",
                            "type": "AWS_PROXY",
                            "uri": "arn:aws:apigateway:us-east-1:lambda:path/2015-03-31/functions/arn:aws:lambda:us-east-1:701030859948:function:Team4_handleReservation/invocations"
                        },
                        "meta": {
                            "schema_version": 0
                        },
                        "tainted": false
                    },
                    "deposed": [],
                    "provider": "provider.aws"
                },
                "aws_api_gateway_integration.tfer--6vasen33q4-002F-souuc0-002F-OPTIONS": {
                    "type": "aws_api_gateway_integration",
                    "depends_on": [],
                    "primary": {
                        "id": "6vasen33q4/souuc0/OPTIONS",
                        "attributes": {
                            "cache_key_parameters.#": "0",
                            "cache_namespace": "souuc0",
                            "connection_id": "",
                            "connection_type": "INTERNET",
                            "content_handling": "",
                            "credentials": "",
                            "http_method": "OPTIONS",
                            "id": "6vasen33q4/souuc0/OPTIONS",
                            "integration_http_method": "",
                            "passthrough_behavior": "WHEN_NO_MATCH",
                            "request_parameters.%": "0",
                            "request_templates.%": "1",
                            "request_templates.application/json": "{\"statusCode\": 200}",
                            "resource_id": "souuc0",
                            "rest_api_id": "6vasen33q4",
                            "timeout_milliseconds": "29000",
                            "tls_config.#": "0",
                            "type": "MOCK",
                            "uri": ""
                        },
                        "meta": {
                            "schema_version": 0
                        },
                        "tainted": false
                    },
                    "deposed": [],
                    "provider": "provider.aws"
                },
                "aws_api_gateway_integration.tfer--6vasen33q4-002F-souuc0-002F-POST": {
                    "type": "aws_api_gateway_integration",
                    "depends_on": [],
                    "primary": {
                        "id": "6vasen33q4/souuc0/POST",
                        "attributes": {
                            "cache_key_parameters.#": "0",
                            "cache_namespace": "souuc0",
                            "connection_id": "",
                            "connection_type": "INTERNET",
                            "content_handling": "CONVERT_TO_TEXT",
                            "credentials": "",
                            "http_method": "POST",
                            "id": "6vasen33q4/souuc0/POST",
                            "integration_http_method": "POST",
                            "passthrough_behavior": "WHEN_NO_MATCH",
                            "request_parameters.%": "0",
                            "request_templates.%": "0",
                            "resource_id": "souuc0",
                            "rest_api_id": "6vasen33q4",
                            "timeout_milliseconds": "29000",
                            "tls_config.#": "0",
                            "type": "AWS_PROXY",
                            "uri": "arn:aws:apigateway:us-east-1:lambda:path/2015-03-31/functions/arn:aws:lambda:us-east-1:701030859948:function:Team4_cancelResevation/invocations"
                        },
                        "meta": {
                            "schema_version": 0
                        },
                        "tainted": false
                    },
                    "deposed": [],
                    "provider": "provider.aws"
                },
                "aws_api_gateway_integration.tfer--6vasen33q4-002F-trcrjo-002F-GET": {
                    "type": "aws_api_gateway_integration",
                    "depends_on": [],
                    "primary": {
                        "id": "6vasen33q4/trcrjo/GET",
                        "attributes": {
                            "cache_key_parameters.#": "0",
                            "cache_namespace": "trcrjo",
                            "connection_id": "",
                            "connection_type": "INTERNET",
                            "content_handling": "CONVERT_TO_TEXT",
                            "credentials": "",
                            "http_method": "GET",
                            "id": "6vasen33q4/trcrjo/GET",
                            "integration_http_method": "POST",
                            "passthrough_behavior": "WHEN_NO_MATCH",
                            "request_parameters.%": "0",
                            "request_templates.%": "0",
                            "resource_id": "trcrjo",
                            "rest_api_id": "6vasen33q4",
                            "timeout_milliseconds": "29000",
                            "tls_config.#": "0",
                            "type": "AWS_PROXY",
                            "uri": "arn:aws:apigateway:us-east-1:lambda:path/2015-03-31/functions/arn:aws:lambda:us-east-1:701030859948:function:Team4_getUserProfile/invocations"
                        },
                        "meta": {
                            "schema_version": 0
                        },
                        "tainted": false
                    },
                    "deposed": [],
                    "provider": "provider.aws"
                },
                "aws_api_gateway_integration.tfer--6vasen33q4-002F-trcrjo-002F-OPTIONS": {
                    "type": "aws_api_gateway_integration",
                    "depends_on": [],
                    "primary": {
                        "id": "6vasen33q4/trcrjo/OPTIONS",
                        "attributes": {
                            "cache_key_parameters.#": "0",
                            "cache_namespace": "trcrjo",
                            "connection_id": "",
                            "connection_type": "INTERNET",
                            "content_handling": "",
                            "credentials": "",
                            "http_method": "OPTIONS",
                            "id": "6vasen33q4/trcrjo/OPTIONS",
                            "integration_http_method": "",
                            "passthrough_behavior": "WHEN_NO_MATCH",
                            "request_parameters.%": "0",
                            "request_templates.%": "1",
                            "request_templates.application/json": "{\"statusCode\": 200}",
                            "resource_id": "trcrjo",
                            "rest_api_id": "6vasen33q4",
                            "timeout_milliseconds": "29000",
                            "tls_config.#": "0",
                            "type": "MOCK",
                            "uri": ""
                        },
                        "meta": {
                            "schema_version": 0
                        },
                        "tainted": false
                    },
                    "deposed": [],
                    "provider": "provider.aws"
                },
                "aws_api_gateway_integration.tfer--6vasen33q4-002F-trcrjo-002F-POST": {
                    "type": "aws_api_gateway_integration",
                    "depends_on": [],
                    "primary": {
                        "id": "6vasen33q4/trcrjo/POST",
                        "attributes": {
                            "cache_key_parameters.#": "0",
                            "cache_namespace": "trcrjo",
                            "connection_id": "",
                            "connection_type": "INTERNET",
                            "content_handling": "CONVERT_TO_TEXT",
                            "credentials": "",
                            "http_method": "POST",
                            "id": "6vasen33q4/trcrjo/POST",
                            "integration_http_method": "POST",
                            "passthrough_behavior": "WHEN_NO_MATCH",
                            "request_parameters.%": "0",
                            "request_templates.%": "0",
                            "resource_id": "trcrjo",
                            "rest_api_id": "6vasen33q4",
                            "timeout_milliseconds": "29000",
                            "tls_config.#": "0",
                            "type": "AWS_PROXY",
                            "uri": "arn:aws:apigateway:us-east-1:lambda:path/2015-03-31/functions/arn:aws:lambda:us-east-1:701030859948:function:Team4_modifyUserProfile/invocations"
                        },
                        "meta": {
                            "schema_version": 0
                        },
                        "tainted": false
                    },
                    "deposed": [],
                    "provider": "provider.aws"
                },
                "aws_api_gateway_integration.tfer--7z4ixuncja-002F-3dp4kg-002F-OPTIONS": {
                    "type": "aws_api_gateway_integration",
                    "depends_on": [],
                    "primary": {
                        "id": "7z4ixuncja/3dp4kg/OPTIONS",
                        "attributes": {
                            "cache_key_parameters.#": "0",
                            "cache_namespace": "3dp4kg",
                            "connection_id": "",
                            "connection_type": "INTERNET",
                            "content_handling": "",
                            "credentials": "",
                            "http_method": "OPTIONS",
                            "id": "7z4ixuncja/3dp4kg/OPTIONS",
                            "integration_http_method": "",
                            "passthrough_behavior": "WHEN_NO_MATCH",
                            "request_parameters.%": "0",
                            "request_templates.%": "1",
                            "request_templates.application/json": "{\"statusCode\": 200}",
                            "resource_id": "3dp4kg",
                            "rest_api_id": "7z4ixuncja",
                            "timeout_milliseconds": "29000",
                            "tls_config.#": "0",
                            "type": "MOCK",
                            "uri": ""
                        },
                        "meta": {
                            "schema_version": 0
                        },
                        "tainted": false
                    },
                    "deposed": [],
                    "provider": "provider.aws"
                },
                "aws_api_gateway_integration.tfer--7z4ixuncja-002F-4p4zzj-002F-OPTIONS": {
                    "type": "aws_api_gateway_integration",
                    "depends_on": [],
                    "primary": {
                        "id": "7z4ixuncja/4p4zzj/OPTIONS",
                        "attributes": {
                            "cache_key_parameters.#": "0",
                            "cache_namespace": "4p4zzj",
                            "connection_id": "",
                            "connection_type": "INTERNET",
                            "content_handling": "",
                            "credentials": "",
                            "http_method": "OPTIONS",
                            "id": "7z4ixuncja/4p4zzj/OPTIONS",
                            "integration_http_method": "",
                            "passthrough_behavior": "WHEN_NO_MATCH",
                            "request_parameters.%": "0",
                            "request_templates.%": "1",
                            "request_templates.application/json": "{\"statusCode\": 200}",
                            "resource_id": "4p4zzj",
                            "rest_api_id": "7z4ixuncja",
                            "timeout_milliseconds": "29000",
                            "tls_config.#": "0",
                            "type": "MOCK",
                            "uri": ""
                        },
                        "meta": {
                            "schema_version": 0
                        },
                        "tainted": false
                    },
                    "deposed": [],
                    "provider": "provider.aws"
                },
                "aws_api_gateway_integration.tfer--7z4ixuncja-002F-gmab69-002F-GET": {
                    "type": "aws_api_gateway_integration",
                    "depends_on": [],
                    "primary": {
                        "id": "7z4ixuncja/gmab69/GET",
                        "attributes": {
                            "cache_key_parameters.#": "0",
                            "cache_namespace": "gmab69",
                            "connection_id": "",
                            "connection_type": "INTERNET",
                            "content_handling": "CONVERT_TO_TEXT",
                            "credentials": "",
                            "http_method": "GET",
                            "id": "7z4ixuncja/gmab69/GET",
                            "integration_http_method": "POST",
                            "passthrough_behavior": "WHEN_NO_MATCH",
                            "request_parameters.%": "0",
                            "request_templates.%": "0",
                            "resource_id": "gmab69",
                            "rest_api_id": "7z4ixuncja",
                            "timeout_milliseconds": "29000",
                            "tls_config.#": "0",
                            "type": "AWS_PROXY",
                            "uri": "arn:aws:apigateway:us-east-1:lambda:path/2015-03-31/functions/arn:aws:lambda:us-east-1:701030859948:function:team02-query-dynamodb/invocations"
                        },
                        "meta": {
                            "schema_version": 0
                        },
                        "tainted": false
                    },
                    "deposed": [],
                    "provider": "provider.aws"
                },
                "aws_api_gateway_integration.tfer--7z4ixuncja-002F-gmab69-002F-OPTIONS": {
                    "type": "aws_api_gateway_integration",
                    "depends_on": [],
                    "primary": {
                        "id": "7z4ixuncja/gmab69/OPTIONS",
                        "attributes": {
                            "cache_key_parameters.#": "0",
                            "cache_namespace": "gmab69",
                            "connection_id": "",
                            "connection_type": "INTERNET",
                            "content_handling": "",
                            "credentials": "",
                            "http_method": "OPTIONS",
                            "id": "7z4ixuncja/gmab69/OPTIONS",
                            "integration_http_method": "",
                            "passthrough_behavior": "WHEN_NO_MATCH",
                            "request_parameters.%": "0",
                            "request_templates.%": "1",
                            "request_templates.application/json": "{\"statusCode\": 200}",
                            "resource_id": "gmab69",
                            "rest_api_id": "7z4ixuncja",
                            "timeout_milliseconds": "29000",
                            "tls_config.#": "0",
                            "type": "MOCK",
                            "uri": ""
                        },
                        "meta": {
                            "schema_version": 0
                        },
                        "tainted": false
                    },
                    "deposed": [],
                    "provider": "provider.aws"
                },
                "aws_api_gateway_integration.tfer--7z4ixuncja-002F-oy76ng-002F-OPTIONS": {
                    "type": "aws_api_gateway_integration",
                    "depends_on": [],
                    "primary": {
                        "id": "7z4ixuncja/oy76ng/OPTIONS",
                        "attributes": {
                            "cache_key_parameters.#": "0",
                            "cache_namespace": "oy76ng",
                            "connection_id": "",
                            "connection_type": "INTERNET",
                            "content_handling": "",
                            "credentials": "",
                            "http_method": "OPTIONS",
                            "id": "7z4ixuncja/oy76ng/OPTIONS",
                            "integration_http_method": "",
                            "passthrough_behavior": "WHEN_NO_MATCH",
                            "request_parameters.%": "0",
                            "request_templates.%": "1",
                            "request_templates.application/json": "{\"statusCode\": 200}",
                            "resource_id": "oy76ng",
                            "rest_api_id": "7z4ixuncja",
                            "timeout_milliseconds": "29000",
                            "tls_config.#": "0",
                            "type": "MOCK",
                            "uri": ""
                        },
                        "meta": {
                            "schema_version": 0
                        },
                        "tainted": false
                    },
                    "deposed": [],
                    "provider": "provider.aws"
                },
                "aws_api_gateway_integration.tfer--7z4ixuncja-002F-oy76ng-002F-POST": {
                    "type": "aws_api_gateway_integration",
                    "depends_on": [],
                    "primary": {
                        "id": "7z4ixuncja/oy76ng/POST",
                        "attributes": {
                            "cache_key_parameters.#": "0",
                            "cache_namespace": "oy76ng",
                            "connection_id": "",
                            "connection_type": "INTERNET",
                            "content_handling": "CONVERT_TO_TEXT",
                            "credentials": "",
                            "http_method": "POST",
                            "id": "7z4ixuncja/oy76ng/POST",
                            "integration_http_method": "POST",
                            "passthrough_behavior": "WHEN_NO_MATCH",
                            "request_parameters.%": "0",
                            "request_templates.%": "0",
                            "resource_id": "oy76ng",
                            "rest_api_id": "7z4ixuncja",
                            "timeout_milliseconds": "29000",
                            "tls_config.#": "0",
                            "type": "AWS_PROXY",
                            "uri": "arn:aws:apigateway:us-east-1:lambda:path/2015-03-31/functions/arn:aws:lambda:us-east-1:701030859948:function:team02-email-notification/invocations"
                        },
                        "meta": {
                            "schema_version": 0
                        },
                        "tainted": false
                    },
                    "deposed": [],
                    "provider": "provider.aws"
                },
                "aws_api_gateway_integration.tfer--7z4ixuncja-002F-skxs0h-002F-OPTIONS": {
                    "type": "aws_api_gateway_integration",
                    "depends_on": [],
                    "primary": {
                        "id": "7z4ixuncja/skxs0h/OPTIONS",
                        "attributes": {
                            "cache_key_parameters.#": "0",
                            "cache_namespace": "skxs0h",
                            "connection_id": "",
                            "connection_type": "INTERNET",
                            "content_handling": "",
                            "credentials": "",
                            "http_method": "OPTIONS",
                            "id": "7z4ixuncja/skxs0h/OPTIONS",
                            "integration_http_method": "",
                            "passthrough_behavior": "WHEN_NO_MATCH",
                            "request_parameters.%": "0",
                            "request_templates.%": "1",
                            "request_templates.application/json": "{\"statusCode\": 200}",
                            "resource_id": "skxs0h",
                            "rest_api_id": "7z4ixuncja",
                            "timeout_milliseconds": "29000",
                            "tls_config.#": "0",
                            "type": "MOCK",
                            "uri": ""
                        },
                        "meta": {
                            "schema_version": 0
                        },
                        "tainted": false
                    },
                    "deposed": [],
                    "provider": "provider.aws"
                },
                "aws_api_gateway_integration.tfer--7z4ixuncja-002F-tarii2-002F-OPTIONS": {
                    "type": "aws_api_gateway_integration",
                    "depends_on": [],
                    "primary": {
                        "id": "7z4ixuncja/tarii2/OPTIONS",
                        "attributes": {
                            "cache_key_parameters.#": "0",
                            "cache_namespace": "tarii2",
                            "connection_id": "",
                            "connection_type": "INTERNET",
                            "content_handling": "",
                            "credentials": "",
                            "http_method": "OPTIONS",
                            "id": "7z4ixuncja/tarii2/OPTIONS",
                            "integration_http_method": "",
                            "passthrough_behavior": "WHEN_NO_MATCH",
                            "request_parameters.%": "0",
                            "request_templates.%": "1",
                            "request_templates.application/json": "{\"statusCode\": 200}",
                            "resource_id": "tarii2",
                            "rest_api_id": "7z4ixuncja",
                            "timeout_milliseconds": "29000",
                            "tls_config.#": "0",
                            "type": "MOCK",
                            "uri": ""
                        },
                        "meta": {
                            "schema_version": 0
                        },
                        "tainted": false
                    },
                    "deposed": [],
                    "provider": "provider.aws"
                },
                "aws_api_gateway_integration.tfer--7z4ixuncja-002F-tarii2-002F-POST": {
                    "type": "aws_api_gateway_integration",
                    "depends_on": [],
                    "primary": {
                        "id": "7z4ixuncja/tarii2/POST",
                        "attributes": {
                            "cache_key_parameters.#": "1",
                            "cache_key_parameters.0": "method.request.header.Authorization",
                            "cache_namespace": "tarii2",
                            "connection_id": "",
                            "connection_type": "INTERNET",
                            "content_handling": "CONVERT_TO_TEXT",
                            "credentials": "",
                            "http_method": "POST",
                            "id": "7z4ixuncja/tarii2/POST",
                            "integration_http_method": "POST",
                            "passthrough_behavior": "WHEN_NO_MATCH",
                            "request_parameters.%": "0",
                            "request_templates.%": "0",
                            "resource_id": "tarii2",
                            "rest_api_id": "7z4ixuncja",
                            "timeout_milliseconds": "29000",
                            "tls_config.#": "0",
                            "type": "AWS_PROXY",
                            "uri": "arn:aws:apigateway:us-east-1:lambda:path/2015-03-31/functions/arn:aws:lambda:us-east-1:701030859948:function:team02-upload-image/invocations"
                        },
                        "meta": {
                            "schema_version": 0
                        },
                        "tainted": false
                    },
                    "deposed": [],
                    "provider": "provider.aws"
                },
                "aws_api_gateway_integration.tfer--7z4ixuncja-002F-tfd3mq-002F-GET": {
                    "type": "aws_api_gateway_integration",
                    "depends_on": [],
                    "primary": {
                        "id": "7z4ixuncja/tfd3mq/GET",
                        "attributes": {
                            "cache_key_parameters.#": "0",
                            "cache_namespace": "tfd3mq",
                            "connection_id": "",
                            "connection_type": "INTERNET",
                            "content_handling": "CONVERT_TO_TEXT",
                            "credentials": "",
                            "http_method": "GET",
                            "id": "7z4ixuncja/tfd3mq/GET",
                            "integration_http_method": "POST",
                            "passthrough_behavior": "WHEN_NO_MATCH",
                            "request_parameters.%": "0",
                            "request_templates.%": "0",
                            "resource_id": "tfd3mq",
                            "rest_api_id": "7z4ixuncja",
                            "timeout_milliseconds": "29000",
                            "tls_config.#": "0",
                            "type": "AWS_PROXY",
                            "uri": "arn:aws:apigateway:us-east-1:lambda:path/2015-03-31/functions/arn:aws:lambda:us-east-1:701030859948:function:team02-s3-presigned-url/invocations"
                        },
                        "meta": {
                            "schema_version": 0
                        },
                        "tainted": false
                    },
                    "deposed": [],
                    "provider": "provider.aws"
                },
                "aws_api_gateway_integration.tfer--7z4ixuncja-002F-tfd3mq-002F-OPTIONS": {
                    "type": "aws_api_gateway_integration",
                    "depends_on": [],
                    "primary": {
                        "id": "7z4ixuncja/tfd3mq/OPTIONS",
                        "attributes": {
                            "cache_key_parameters.#": "0",
                            "cache_namespace": "tfd3mq",
                            "connection_id": "",
                            "connection_type": "INTERNET",
                            "content_handling": "",
                            "credentials": "",
                            "http_method": "OPTIONS",
                            "id": "7z4ixuncja/tfd3mq/OPTIONS",
                            "integration_http_method": "",
                            "passthrough_behavior": "WHEN_NO_MATCH",
                            "request_parameters.%": "0",
                            "request_templates.%": "1",
                            "request_templates.application/json": "{\"statusCode\": 200}",
                            "resource_id": "tfd3mq",
                            "rest_api_id": "7z4ixuncja",
                            "timeout_milliseconds": "29000",
                            "tls_config.#": "0",
                            "type": "MOCK",
                            "uri": ""
                        },
                        "meta": {
                            "schema_version": 0
                        },
                        "tainted": false
                    },
                    "deposed": [],
                    "provider": "provider.aws"
                },
                "aws_api_gateway_integration.tfer--7z4ixuncja-002F-v2e0y9-002F-OPTIONS": {
                    "type": "aws_api_gateway_integration",
                    "depends_on": [],
                    "primary": {
                        "id": "7z4ixuncja/v2e0y9/OPTIONS",
                        "attributes": {
                            "cache_key_parameters.#": "0",
                            "cache_namespace": "v2e0y9",
                            "connection_id": "",
                            "connection_type": "INTERNET",
                            "content_handling": "",
                            "credentials": "",
                            "http_method": "OPTIONS",
                            "id": "7z4ixuncja/v2e0y9/OPTIONS",
                            "integration_http_method": "",
                            "passthrough_behavior": "WHEN_NO_MATCH",
                            "request_parameters.%": "0",
                            "request_templates.%": "1",
                            "request_templates.application/json": "{\"statusCode\": 200}",
                            "resource_id": "v2e0y9",
                            "rest_api_id": "7z4ixuncja",
                            "timeout_milliseconds": "29000",
                            "tls_config.#": "0",
                            "type": "MOCK",
                            "uri": ""
                        },
                        "meta": {
                            "schema_version": 0
                        },
                        "tainted": false
                    },
                    "deposed": [],
                    "provider": "provider.aws"
                },
                "aws_api_gateway_integration.tfer--7z4ixuncja-002F-v2e0y9-002F-POST": {
                    "type": "aws_api_gateway_integration",
                    "depends_on": [],
                    "primary": {
                        "id": "7z4ixuncja/v2e0y9/POST",
                        "attributes": {
                            "cache_key_parameters.#": "1",
                            "cache_key_parameters.0": "method.request.header.Authorization",
                            "cache_namespace": "v2e0y9",
                            "connection_id": "",
                            "connection_type": "INTERNET",
                            "content_handling": "CONVERT_TO_TEXT",
                            "credentials": "",
                            "http_method": "POST",
                            "id": "7z4ixuncja/v2e0y9/POST",
                            "integration_http_method": "POST",
                            "passthrough_behavior": "WHEN_NO_MATCH",
                            "request_parameters.%": "0",
                            "request_templates.%": "0",
                            "resource_id": "v2e0y9",
                            "rest_api_id": "7z4ixuncja",
                            "timeout_milliseconds": "29000",
                            "tls_config.#": "0",
                            "type": "AWS_PROXY",
                            "uri": "arn:aws:apigateway:us-east-1:lambda:path/2015-03-31/functions/arn:aws:lambda:us-east-1:701030859948:function:team02-upload-image/invocations"
                        },
                        "meta": {
                            "schema_version": 0
                        },
                        "tainted": false
                    },
                    "deposed": [],
                    "provider": "provider.aws"
                },
                "aws_api_gateway_integration.tfer--dxs9ctiiac-002F-k4pkp4-002F-ANY": {
                    "type": "aws_api_gateway_integration",
                    "depends_on": [],
                    "primary": {
                        "id": "dxs9ctiiac/k4pkp4/ANY",
                        "attributes": {
                            "cache_key_parameters.#": "0",
                            "cache_namespace": "k4pkp4",
                            "connection_id": "",
                            "connection_type": "INTERNET",
                            "content_handling": "",
                            "credentials": "",
                            "http_method": "ANY",
                            "id": "dxs9ctiiac/k4pkp4/ANY",
                            "integration_http_method": "POST",
                            "passthrough_behavior": "WHEN_NO_MATCH",
                            "request_parameters.%": "0",
                            "request_templates.%": "0",
                            "resource_id": "k4pkp4",
                            "rest_api_id": "dxs9ctiiac",
                            "timeout_milliseconds": "29000",
                            "tls_config.#": "0",
                            "type": "AWS_PROXY",
                            "uri": "arn:aws:apigateway:us-east-1:lambda:path/2015-03-31/functions/arn:aws:lambda:us-east-1:701030859948:function:team06-express/invocations"
                        },
                        "meta": {
                            "schema_version": 0
                        },
                        "tainted": false
                    },
                    "deposed": [],
                    "provider": "provider.aws"
                },
                "aws_api_gateway_integration.tfer--dxs9ctiiac-002F-rd88xx-002F-ANY": {
                    "type": "aws_api_gateway_integration",
                    "depends_on": [],
                    "primary": {
                        "id": "dxs9ctiiac/rd88xx/ANY",
                        "attributes": {
                            "cache_key_parameters.#": "1",
                            "cache_key_parameters.0": "method.request.path.proxy",
                            "cache_namespace": "rd88xx",
                            "connection_id": "",
                            "connection_type": "INTERNET",
                            "content_handling": "CONVERT_TO_TEXT",
                            "credentials": "",
                            "http_method": "ANY",
                            "id": "dxs9ctiiac/rd88xx/ANY",
                            "integration_http_method": "POST",
                            "passthrough_behavior": "WHEN_NO_MATCH",
                            "request_parameters.%": "0",
                            "request_templates.%": "0",
                            "resource_id": "rd88xx",
                            "rest_api_id": "dxs9ctiiac",
                            "timeout_milliseconds": "29000",
                            "tls_config.#": "0",
                            "type": "AWS_PROXY",
                            "uri": "arn:aws:apigateway:us-east-1:lambda:path/2015-03-31/functions/arn:aws:lambda:us-east-1:701030859948:function:team06-express/invocations"
                        },
                        "meta": {
                            "schema_version": 0
                        },
                        "tainted": false
                    },
                    "deposed": [],
                    "provider": "provider.aws"
                },
                "aws_api_gateway_integration.tfer--dxs9ctiiac-002F-rd88xx-002F-OPTIONS": {
                    "type": "aws_api_gateway_integration",
                    "depends_on": [],
                    "primary": {
                        "id": "dxs9ctiiac/rd88xx/OPTIONS",
                        "attributes": {
                            "cache_key_parameters.#": "0",
                            "cache_namespace": "rd88xx",
                            "connection_id": "",
                            "connection_type": "INTERNET",
                            "content_handling": "",
                            "credentials": "",
                            "http_method": "OPTIONS",
                            "id": "dxs9ctiiac/rd88xx/OPTIONS",
                            "integration_http_method": "",
                            "passthrough_behavior": "WHEN_NO_MATCH",
                            "request_parameters.%": "0",
                            "request_templates.%": "1",
                            "request_templates.application/json": "{\"statusCode\": 200}",
                            "resource_id": "rd88xx",
                            "rest_api_id": "dxs9ctiiac",
                            "timeout_milliseconds": "29000",
                            "tls_config.#": "0",
                            "type": "MOCK",
                            "uri": ""
                        },
                        "meta": {
                            "schema_version": 0
                        },
                        "tainted": false
                    },
                    "deposed": [],
                    "provider": "provider.aws"
                },
                "aws_api_gateway_integration.tfer--gt3fvvf2pg-002F-vwb0qn-002F-OPTIONS": {
                    "type": "aws_api_gateway_integration",
                    "depends_on": [],
                    "primary": {
                        "id": "gt3fvvf2pg/vwb0qn/OPTIONS",
                        "attributes": {
                            "cache_key_parameters.#": "0",
                            "cache_namespace": "vwb0qn",
                            "connection_id": "",
                            "connection_type": "INTERNET",
                            "content_handling": "",
                            "credentials": "",
                            "http_method": "OPTIONS",
                            "id": "gt3fvvf2pg/vwb0qn/OPTIONS",
                            "integration_http_method": "",
                            "passthrough_behavior": "WHEN_NO_MATCH",
                            "request_parameters.%": "0",
                            "request_templates.%": "1",
                            "request_templates.application/json": "{\"statusCode\": 200}",
                            "resource_id": "vwb0qn",
                            "rest_api_id": "gt3fvvf2pg",
                            "timeout_milliseconds": "29000",
                            "tls_config.#": "0",
                            "type": "MOCK",
                            "uri": ""
                        },
                        "meta": {
                            "schema_version": 0
                        },
                        "tainted": false
                    },
                    "deposed": [],
                    "provider": "provider.aws"
                },
                "aws_api_gateway_integration.tfer--gt3fvvf2pg-002F-vwb0qn-002F-POST": {
                    "type": "aws_api_gateway_integration",
                    "depends_on": [],
                    "primary": {
                        "id": "gt3fvvf2pg/vwb0qn/POST",
                        "attributes": {
                            "cache_key_parameters.#": "0",
                            "cache_namespace": "vwb0qn",
                            "connection_id": "",
                            "connection_type": "INTERNET",
                            "content_handling": "CONVERT_TO_TEXT",
                            "credentials": "",
                            "http_method": "POST",
                            "id": "gt3fvvf2pg/vwb0qn/POST",
                            "integration_http_method": "POST",
                            "passthrough_behavior": "WHEN_NO_MATCH",
                            "request_parameters.%": "0",
                            "request_templates.%": "0",
                            "resource_id": "vwb0qn",
                            "rest_api_id": "gt3fvvf2pg",
                            "timeout_milliseconds": "29000",
                            "tls_config.#": "0",
                            "type": "AWS",
                            "uri": "arn:aws:apigateway:ap-southeast-2:lambda:path/2015-03-31/functions/arn:aws:lambda:ap-southeast-2:701030859948:function:TEAM18_UPLOAD_IMAGE/invocations"
                        },
                        "meta": {
                            "schema_version": 0
                        },
                        "tainted": false
                    },
                    "deposed": [],
                    "provider": "provider.aws"
                },
                "aws_api_gateway_integration_response.tfer--42a6clquqe-002F-uq4a3r-002F-GET-002F-200": {
                    "type": "aws_api_gateway_integration_response",
                    "depends_on": [],
                    "primary": {
                        "id": "42a6clquqe/uq4a3r/GET/200",
                        "attributes": {
                            "content_handling": "",
                            "http_method": "GET",
                            "id": "42a6clquqe/uq4a3r/GET/200",
                            "resource_id": "uq4a3r",
                            "response_parameters.%": "0",
                            "response_templates.%": "1",
                            "response_templates.application/json": "",
                            "rest_api_id": "42a6clquqe",
                            "selection_pattern": "",
                            "status_code": "200"
                        },
                        "meta": {
                            "schema_version": 0
                        },
                        "tainted": false
                    },
                    "deposed": [],
                    "provider": "provider.aws"
                },
                "aws_api_gateway_integration_response.tfer--42a6clquqe-002F-uq4a3r-002F-OPTIONS-002F-200": {
                    "type": "aws_api_gateway_integration_response",
                    "depends_on": [],
                    "primary": {
                        "id": "42a6clquqe/uq4a3r/OPTIONS/200",
                        "attributes": {
                            "content_handling": "",
                            "http_method": "OPTIONS",
                            "id": "42a6clquqe/uq4a3r/OPTIONS/200",
                            "resource_id": "uq4a3r",
                            "response_parameters.%": "3",
                            "response_parameters.method.response.header.Access-Control-Allow-Headers": "'Content-Type,Authorization,X-Amz-Date,X-Api-Key,X-Amz-Security-Token'",
                            "response_parameters.method.response.header.Access-Control-Allow-Methods": "'DELETE,GET,HEAD,OPTIONS,PATCH,POST,PUT'",
                            "response_parameters.method.response.header.Access-Control-Allow-Origin": "'*'",
                            "response_templates.%": "0",
                            "rest_api_id": "42a6clquqe",
                            "selection_pattern": "",
                            "status_code": "200"
                        },
                        "meta": {
                            "schema_version": 0
                        },
                        "tainted": false
                    },
                    "deposed": [],
                    "provider": "provider.aws"
                },
                "aws_api_gateway_integration_response.tfer--54fu8y3s9a-002F-0r6m1r-002F-ANY-002F-200": {
                    "type": "aws_api_gateway_integration_response",
                    "depends_on": [],
                    "primary": {
                        "id": "54fu8y3s9a/0r6m1r/ANY/200",
                        "attributes": {
                            "content_handling": "",
                            "http_method": "ANY",
                            "id": "54fu8y3s9a/0r6m1r/ANY/200",
                            "resource_id": "0r6m1r",
                            "response_parameters.%": "0",
                            "response_templates.%": "0",
                            "rest_api_id": "54fu8y3s9a",
                            "selection_pattern": ".*",
                            "status_code": "200"
                        },
                        "meta": {
                            "schema_version": 0
                        },
                        "tainted": false
                    },
                    "deposed": [],
                    "provider": "provider.aws"
                },
                "aws_api_gateway_integration_response.tfer--54fu8y3s9a-002F-3kcp2h-002F-ANY-002F-200": {
                    "type": "aws_api_gateway_integration_response",
                    "depends_on": [],
                    "primary": {
                        "id": "54fu8y3s9a/3kcp2h/ANY/200",
                        "attributes": {
                            "content_handling": "",
                            "http_method": "ANY",
                            "id": "54fu8y3s9a/3kcp2h/ANY/200",
                            "resource_id": "3kcp2h",
                            "response_parameters.%": "0",
                            "response_templates.%": "0",
                            "rest_api_id": "54fu8y3s9a",
                            "selection_pattern": ".*",
                            "status_code": "200"
                        },
                        "meta": {
                            "schema_version": 0
                        },
                        "tainted": false
                    },
                    "deposed": [],
                    "provider": "provider.aws"
                },
                "aws_api_gateway_integration_response.tfer--54fu8y3s9a-002F-5xcch2-002F-OPTIONS-002F-200": {
                    "type": "aws_api_gateway_integration_response",
                    "depends_on": [],
                    "primary": {
                        "id": "54fu8y3s9a/5xcch2/OPTIONS/200",
                        "attributes": {
                            "content_handling": "",
                            "http_method": "OPTIONS",
                            "id": "54fu8y3s9a/5xcch2/OPTIONS/200",
                            "resource_id": "5xcch2",
                            "response_parameters.%": "3",
                            "response_parameters.method.response.header.Access-Control-Allow-Headers": "'Content-Type,X-Amz-Date,Authorization,X-Api-Key,X-Amz-Security-Token'",
                            "response_parameters.method.response.header.Access-Control-Allow-Methods": "'OPTIONS,POST'",
                            "response_parameters.method.response.header.Access-Control-Allow-Origin": "'http://team06website.s3-website-us-east-1.amazonaws.com'",
                            "response_templates.%": "0",
                            "rest_api_id": "54fu8y3s9a",
                            "selection_pattern": "",
                            "status_code": "200"
                        },
                        "meta": {
                            "schema_version": 0
                        },
                        "tainted": false
                    },
                    "deposed": [],
                    "provider": "provider.aws"
                },
                "aws_api_gateway_integration_response.tfer--54fu8y3s9a-002F-5xcch2-002F-POST-002F-200": {
                    "type": "aws_api_gateway_integration_response",
                    "depends_on": [],
                    "primary": {
                        "id": "54fu8y3s9a/5xcch2/POST/200",
                        "attributes": {
                            "content_handling": "",
                            "http_method": "POST",
                            "id": "54fu8y3s9a/5xcch2/POST/200",
                            "resource_id": "5xcch2",
                            "response_parameters.%": "1",
                            "response_parameters.method.response.header.Access-Control-Allow-Origin": "'http://team06website.s3-website-us-east-1.amazonaws.com'",
                            "response_templates.%": "1",
                            "response_templates.application/json": "",
                            "rest_api_id": "54fu8y3s9a",
                            "selection_pattern": "",
                            "status_code": "200"
                        },
                        "meta": {
                            "schema_version": 0
                        },
                        "tainted": false
                    },
                    "deposed": [],
                    "provider": "provider.aws"
                },
                "aws_api_gateway_integration_response.tfer--54fu8y3s9a-002F-6c4ve1-002F-ANY-002F-200": {
                    "type": "aws_api_gateway_integration_response",
                    "depends_on": [],
                    "primary": {
                        "id": "54fu8y3s9a/6c4ve1/ANY/200",
                        "attributes": {
                            "content_handling": "",
                            "http_method": "ANY",
                            "id": "54fu8y3s9a/6c4ve1/ANY/200",
                            "resource_id": "6c4ve1",
                            "response_parameters.%": "0",
                            "response_templates.%": "0",
                            "rest_api_id": "54fu8y3s9a",
                            "selection_pattern": ".*",
                            "status_code": "200"
                        },
                        "meta": {
                            "schema_version": 0
                        },
                        "tainted": false
                    },
                    "deposed": [],
                    "provider": "provider.aws"
                },
                "aws_api_gateway_integration_response.tfer--54fu8y3s9a-002F-6to0ly-002F-OPTIONS-002F-200": {
                    "type": "aws_api_gateway_integration_response",
                    "depends_on": [],
                    "primary": {
                        "id": "54fu8y3s9a/6to0ly/OPTIONS/200",
                        "attributes": {
                            "content_handling": "",
                            "http_method": "OPTIONS",
                            "id": "54fu8y3s9a/6to0ly/OPTIONS/200",
                            "resource_id": "6to0ly",
                            "response_parameters.%": "3",
                            "response_parameters.method.response.header.Access-Control-Allow-Headers": "'Content-Type,X-Amz-Date,Authorization,X-Api-Key,X-Amz-Security-Token'",
                            "response_parameters.method.response.header.Access-Control-Allow-Methods": "'OPTIONS,POST'",
                            "response_parameters.method.response.header.Access-Control-Allow-Origin": "'http://team06website.s3-website-us-east-1.amazonaws.com'",
                            "response_templates.%": "0",
                            "rest_api_id": "54fu8y3s9a",
                            "selection_pattern": "",
                            "status_code": "200"
                        },
                        "meta": {
                            "schema_version": 0
                        },
                        "tainted": false
                    },
                    "deposed": [],
                    "provider": "provider.aws"
                },
                "aws_api_gateway_integration_response.tfer--54fu8y3s9a-002F-6to0ly-002F-POST-002F-200": {
                    "type": "aws_api_gateway_integration_response",
                    "depends_on": [],
                    "primary": {
                        "id": "54fu8y3s9a/6to0ly/POST/200",
                        "attributes": {
                            "content_handling": "",
                            "http_method": "POST",
                            "id": "54fu8y3s9a/6to0ly/POST/200",
                            "resource_id": "6to0ly",
                            "response_parameters.%": "1",
                            "response_parameters.method.response.header.Access-Control-Allow-Origin": "'http://team06website.s3-website-us-east-1.amazonaws.com'",
                            "response_templates.%": "1",
                            "response_templates.application/json": "",
                            "rest_api_id": "54fu8y3s9a",
                            "selection_pattern": "",
                            "status_code": "200"
                        },
                        "meta": {
                            "schema_version": 0
                        },
                        "tainted": false
                    },
                    "deposed": [],
                    "provider": "provider.aws"
                },
                "aws_api_gateway_integration_response.tfer--54fu8y3s9a-002F-86eh8l-002F-OPTIONS-002F-200": {
                    "type": "aws_api_gateway_integration_response",
                    "depends_on": [],
                    "primary": {
                        "id": "54fu8y3s9a/86eh8l/OPTIONS/200",
                        "attributes": {
                            "content_handling": "",
                            "http_method": "OPTIONS",
                            "id": "54fu8y3s9a/86eh8l/OPTIONS/200",
                            "resource_id": "86eh8l",
                            "response_parameters.%": "3",
                            "response_parameters.method.response.header.Access-Control-Allow-Headers": "'Content-Type,X-Amz-Date,Authorization,X-Api-Key,X-Amz-Security-Token'",
                            "response_parameters.method.response.header.Access-Control-Allow-Methods": "'OPTIONS,POST'",
                            "response_parameters.method.response.header.Access-Control-Allow-Origin": "'http://team06website.s3-website-us-east-1.amazonaws.com'",
                            "response_templates.%": "0",
                            "rest_api_id": "54fu8y3s9a",
                            "selection_pattern": "",
                            "status_code": "200"
                        },
                        "meta": {
                            "schema_version": 0
                        },
                        "tainted": false
                    },
                    "deposed": [],
                    "provider": "provider.aws"
                },
                "aws_api_gateway_integration_response.tfer--54fu8y3s9a-002F-86eh8l-002F-POST-002F-200": {
                    "type": "aws_api_gateway_integration_response",
                    "depends_on": [],
                    "primary": {
                        "id": "54fu8y3s9a/86eh8l/POST/200",
                        "attributes": {
                            "content_handling": "",
                            "http_method": "POST",
                            "id": "54fu8y3s9a/86eh8l/POST/200",
                            "resource_id": "86eh8l",
                            "response_parameters.%": "1",
                            "response_parameters.method.response.header.Access-Control-Allow-Origin": "'http://team06website.s3-website-us-east-1.amazonaws.com'",
                            "response_templates.%": "1",
                            "response_templates.application/json": "",
                            "rest_api_id": "54fu8y3s9a",
                            "selection_pattern": "",
                            "status_code": "200"
                        },
                        "meta": {
                            "schema_version": 0
                        },
                        "tainted": false
                    },
                    "deposed": [],
                    "provider": "provider.aws"
                },
                "aws_api_gateway_integration_response.tfer--54fu8y3s9a-002F-xju3ch-002F-OPTIONS-002F-200": {
                    "type": "aws_api_gateway_integration_response",
                    "depends_on": [],
                    "primary": {
                        "id": "54fu8y3s9a/xju3ch/OPTIONS/200",
                        "attributes": {
                            "content_handling": "",
                            "http_method": "OPTIONS",
                            "id": "54fu8y3s9a/xju3ch/OPTIONS/200",
                            "resource_id": "xju3ch",
                            "response_parameters.%": "3",
                            "response_parameters.method.response.header.Access-Control-Allow-Headers": "'Content-Type,X-Amz-Date,Authorization,X-Api-Key,X-Amz-Security-Token'",
                            "response_parameters.method.response.header.Access-Control-Allow-Methods": "'OPTIONS,POST'",
                            "response_parameters.method.response.header.Access-Control-Allow-Origin": "'http://team06website.s3-website-us-east-1.amazonaws.com'",
                            "response_templates.%": "0",
                            "rest_api_id": "54fu8y3s9a",
                            "selection_pattern": "",
                            "status_code": "200"
                        },
                        "meta": {
                            "schema_version": 0
                        },
                        "tainted": false
                    },
                    "deposed": [],
                    "provider": "provider.aws"
                },
                "aws_api_gateway_integration_response.tfer--54fu8y3s9a-002F-xju3ch-002F-POST-002F-200": {
                    "type": "aws_api_gateway_integration_response",
                    "depends_on": [],
                    "primary": {
                        "id": "54fu8y3s9a/xju3ch/POST/200",
                        "attributes": {
                            "content_handling": "",
                            "http_method": "POST",
                            "id": "54fu8y3s9a/xju3ch/POST/200",
                            "resource_id": "xju3ch",
                            "response_parameters.%": "1",
                            "response_parameters.method.response.header.Access-Control-Allow-Origin": "'http://team06website.s3-website-us-east-1.amazonaws.com'",
                            "response_templates.%": "1",
                            "response_templates.application/json": "",
                            "rest_api_id": "54fu8y3s9a",
                            "selection_pattern": "",
                            "status_code": "200"
                        },
                        "meta": {
                            "schema_version": 0
                        },
                        "tainted": false
                    },
                    "deposed": [],
                    "provider": "provider.aws"
                },
                "aws_api_gateway_integration_response.tfer--6vasen33q4-002F-3ir5sn-002F-GET-002F-200": {
                    "type": "aws_api_gateway_integration_response",
                    "depends_on": [],
                    "primary": {
                        "id": "6vasen33q4/3ir5sn/GET/200",
                        "attributes": {
                            "content_handling": "",
                            "http_method": "GET",
                            "id": "6vasen33q4/3ir5sn/GET/200",
                            "resource_id": "3ir5sn",
                            "response_parameters.%": "1",
                            "response_parameters.method.response.header.Access-Control-Allow-Origin": "'*'",
                            "response_templates.%": "1",
                            "response_templates.application/json": "",
                            "rest_api_id": "6vasen33q4",
                            "selection_pattern": "",
                            "status_code": "200"
                        },
                        "meta": {
                            "schema_version": 0
                        },
                        "tainted": false
                    },
                    "deposed": [],
                    "provider": "provider.aws"
                },
                "aws_api_gateway_integration_response.tfer--6vasen33q4-002F-3ir5sn-002F-OPTIONS-002F-200": {
                    "type": "aws_api_gateway_integration_response",
                    "depends_on": [],
                    "primary": {
                        "id": "6vasen33q4/3ir5sn/OPTIONS/200",
                        "attributes": {
                            "content_handling": "",
                            "http_method": "OPTIONS",
                            "id": "6vasen33q4/3ir5sn/OPTIONS/200",
                            "resource_id": "3ir5sn",
                            "response_parameters.%": "3",
                            "response_parameters.method.response.header.Access-Control-Allow-Headers": "'Content-Type,X-Amz-Date,Authorization,X-Api-Key,X-Amz-Security-Token'",
                            "response_parameters.method.response.header.Access-Control-Allow-Methods": "'GET,OPTIONS'",
                            "response_parameters.method.response.header.Access-Control-Allow-Origin": "'*'",
                            "response_templates.%": "0",
                            "rest_api_id": "6vasen33q4",
                            "selection_pattern": "",
                            "status_code": "200"
                        },
                        "meta": {
                            "schema_version": 0
                        },
                        "tainted": false
                    },
                    "deposed": [],
                    "provider": "provider.aws"
                },
                "aws_api_gateway_integration_response.tfer--6vasen33q4-002F-h72zzg-002F-GET-002F-200": {
                    "type": "aws_api_gateway_integration_response",
                    "depends_on": [],
                    "primary": {
                        "id": "6vasen33q4/h72zzg/GET/200",
                        "attributes": {
                            "content_handling": "",
                            "http_method": "GET",
                            "id": "6vasen33q4/h72zzg/GET/200",
                            "resource_id": "h72zzg",
                            "response_parameters.%": "1",
                            "response_parameters.method.response.header.Access-Control-Allow-Origin": "'*'",
                            "response_templates.%": "1",
                            "response_templates.application/json": "",
                            "rest_api_id": "6vasen33q4",
                            "selection_pattern": "",
                            "status_code": "200"
                        },
                        "meta": {
                            "schema_version": 0
                        },
                        "tainted": false
                    },
                    "deposed": [],
                    "provider": "provider.aws"
                },
                "aws_api_gateway_integration_response.tfer--6vasen33q4-002F-h72zzg-002F-OPTIONS-002F-200": {
                    "type": "aws_api_gateway_integration_response",
                    "depends_on": [],
                    "primary": {
                        "id": "6vasen33q4/h72zzg/OPTIONS/200",
                        "attributes": {
                            "content_handling": "",
                            "http_method": "OPTIONS",
                            "id": "6vasen33q4/h72zzg/OPTIONS/200",
                            "resource_id": "h72zzg",
                            "response_parameters.%": "3",
                            "response_parameters.method.response.header.Access-Control-Allow-Headers": "'Content-Type,X-Amz-Date,Authorization,X-Api-Key,X-Amz-Security-Token'",
                            "response_parameters.method.response.header.Access-Control-Allow-Methods": "'GET,OPTIONS'",
                            "response_parameters.method.response.header.Access-Control-Allow-Origin": "'*'",
                            "response_templates.%": "0",
                            "rest_api_id": "6vasen33q4",
                            "selection_pattern": "",
                            "status_code": "200"
                        },
                        "meta": {
                            "schema_version": 0
                        },
                        "tainted": false
                    },
                    "deposed": [],
                    "provider": "provider.aws"
                },
                "aws_api_gateway_integration_response.tfer--6vasen33q4-002F-li90vc-002F-OPTIONS-002F-200": {
                    "type": "aws_api_gateway_integration_response",
                    "depends_on": [],
                    "primary": {
                        "id": "6vasen33q4/li90vc/OPTIONS/200",
                        "attributes": {
                            "content_handling": "",
                            "http_method": "OPTIONS",
                            "id": "6vasen33q4/li90vc/OPTIONS/200",
                            "resource_id": "li90vc",
                            "response_parameters.%": "3",
                            "response_parameters.method.response.header.Access-Control-Allow-Headers": "'Content-Type,X-Amz-Date,Authorization,X-Api-Key,X-Amz-Security-Token'",
                            "response_parameters.method.response.header.Access-Control-Allow-Methods": "'OPTIONS,POST'",
                            "response_parameters.method.response.header.Access-Control-Allow-Origin": "'*'",
                            "response_templates.%": "0",
                            "rest_api_id": "6vasen33q4",
                            "selection_pattern": "",
                            "status_code": "200"
                        },
                        "meta": {
                            "schema_version": 0
                        },
                        "tainted": false
                    },
                    "deposed": [],
                    "provider": "provider.aws"
                },
                "aws_api_gateway_integration_response.tfer--6vasen33q4-002F-li90vc-002F-POST-002F-200": {
                    "type": "aws_api_gateway_integration_response",
                    "depends_on": [],
                    "primary": {
                        "id": "6vasen33q4/li90vc/POST/200",
                        "attributes": {
                            "content_handling": "",
                            "http_method": "POST",
                            "id": "6vasen33q4/li90vc/POST/200",
                            "resource_id": "li90vc",
                            "response_parameters.%": "1",
                            "response_parameters.method.response.header.Access-Control-Allow-Origin": "'*'",
                            "response_templates.%": "1",
                            "response_templates.application/json": "",
                            "rest_api_id": "6vasen33q4",
                            "selection_pattern": "",
                            "status_code": "200"
                        },
                        "meta": {
                            "schema_version": 0
                        },
                        "tainted": false
                    },
                    "deposed": [],
                    "provider": "provider.aws"
                },
                "aws_api_gateway_integration_response.tfer--6vasen33q4-002F-souuc0-002F-OPTIONS-002F-200": {
                    "type": "aws_api_gateway_integration_response",
                    "depends_on": [],
                    "primary": {
                        "id": "6vasen33q4/souuc0/OPTIONS/200",
                        "attributes": {
                            "content_handling": "",
                            "http_method": "OPTIONS",
                            "id": "6vasen33q4/souuc0/OPTIONS/200",
                            "resource_id": "souuc0",
                            "response_parameters.%": "3",
                            "response_parameters.method.response.header.Access-Control-Allow-Headers": "'Content-Type,X-Amz-Date,Authorization,X-Api-Key,X-Amz-Security-Token'",
                            "response_parameters.method.response.header.Access-Control-Allow-Methods": "'OPTIONS,POST'",
                            "response_parameters.method.response.header.Access-Control-Allow-Origin": "'*'",
                            "response_templates.%": "0",
                            "rest_api_id": "6vasen33q4",
                            "selection_pattern": "",
                            "status_code": "200"
                        },
                        "meta": {
                            "schema_version": 0
                        },
                        "tainted": false
                    },
                    "deposed": [],
                    "provider": "provider.aws"
                },
                "aws_api_gateway_integration_response.tfer--6vasen33q4-002F-souuc0-002F-POST-002F-200": {
                    "type": "aws_api_gateway_integration_response",
                    "depends_on": [],
                    "primary": {
                        "id": "6vasen33q4/souuc0/POST/200",
                        "attributes": {
                            "content_handling": "",
                            "http_method": "POST",
                            "id": "6vasen33q4/souuc0/POST/200",
                            "resource_id": "souuc0",
                            "response_parameters.%": "1",
                            "response_parameters.method.response.header.Access-Control-Allow-Origin": "'*'",
                            "response_templates.%": "1",
                            "response_templates.application/json": "",
                            "rest_api_id": "6vasen33q4",
                            "selection_pattern": "",
                            "status_code": "200"
                        },
                        "meta": {
                            "schema_version": 0
                        },
                        "tainted": false
                    },
                    "deposed": [],
                    "provider": "provider.aws"
                },
                "aws_api_gateway_integration_response.tfer--6vasen33q4-002F-trcrjo-002F-GET-002F-200": {
                    "type": "aws_api_gateway_integration_response",
                    "depends_on": [],
                    "primary": {
                        "id": "6vasen33q4/trcrjo/GET/200",
                        "attributes": {
                            "content_handling": "",
                            "http_method": "GET",
                            "id": "6vasen33q4/trcrjo/GET/200",
                            "resource_id": "trcrjo",
                            "response_parameters.%": "1",
                            "response_parameters.method.response.header.Access-Control-Allow-Origin": "'*'",
                            "response_templates.%": "1",
                            "response_templates.application/json": "",
                            "rest_api_id": "6vasen33q4",
                            "selection_pattern": "",
                            "status_code": "200"
                        },
                        "meta": {
                            "schema_version": 0
                        },
                        "tainted": false
                    },
                    "deposed": [],
                    "provider": "provider.aws"
                },
                "aws_api_gateway_integration_response.tfer--6vasen33q4-002F-trcrjo-002F-OPTIONS-002F-200": {
                    "type": "aws_api_gateway_integration_response",
                    "depends_on": [],
                    "primary": {
                        "id": "6vasen33q4/trcrjo/OPTIONS/200",
                        "attributes": {
                            "content_handling": "",
                            "http_method": "OPTIONS",
                            "id": "6vasen33q4/trcrjo/OPTIONS/200",
                            "resource_id": "trcrjo",
                            "response_parameters.%": "3",
                            "response_parameters.method.response.header.Access-Control-Allow-Headers": "'Content-Type,X-Amz-Date,Authorization,X-Api-Key,X-Amz-Security-Token'",
                            "response_parameters.method.response.header.Access-Control-Allow-Methods": "'GET,OPTIONS,POST'",
                            "response_parameters.method.response.header.Access-Control-Allow-Origin": "'*'",
                            "response_templates.%": "0",
                            "rest_api_id": "6vasen33q4",
                            "selection_pattern": "",
                            "status_code": "200"
                        },
                        "meta": {
                            "schema_version": 0
                        },
                        "tainted": false
                    },
                    "deposed": [],
                    "provider": "provider.aws"
                },
                "aws_api_gateway_integration_response.tfer--6vasen33q4-002F-trcrjo-002F-POST-002F-200": {
                    "type": "aws_api_gateway_integration_response",
                    "depends_on": [],
                    "primary": {
                        "id": "6vasen33q4/trcrjo/POST/200",
                        "attributes": {
                            "content_handling": "",
                            "http_method": "POST",
                            "id": "6vasen33q4/trcrjo/POST/200",
                            "resource_id": "trcrjo",
                            "response_parameters.%": "0",
                            "response_templates.%": "1",
                            "response_templates.application/json": "",
                            "rest_api_id": "6vasen33q4",
                            "selection_pattern": "",
                            "status_code": "200"
                        },
                        "meta": {
                            "schema_version": 0
                        },
                        "tainted": false
                    },
                    "deposed": [],
                    "provider": "provider.aws"
                },
                "aws_api_gateway_integration_response.tfer--7z4ixuncja-002F-3dp4kg-002F-OPTIONS-002F-200": {
                    "type": "aws_api_gateway_integration_response",
                    "depends_on": [],
                    "primary": {
                        "id": "7z4ixuncja/3dp4kg/OPTIONS/200",
                        "attributes": {
                            "content_handling": "",
                            "http_method": "OPTIONS",
                            "id": "7z4ixuncja/3dp4kg/OPTIONS/200",
                            "resource_id": "3dp4kg",
                            "response_parameters.%": "3",
                            "response_parameters.method.response.header.Access-Control-Allow-Headers": "'Content-Type,Authorization,X-Amz-Date,X-Api-Key,X-Amz-Security-Token'",
                            "response_parameters.method.response.header.Access-Control-Allow-Methods": "'DELETE,GET,HEAD,OPTIONS,PATCH,POST,PUT'",
                            "response_parameters.method.response.header.Access-Control-Allow-Origin": "'*'",
                            "response_templates.%": "0",
                            "rest_api_id": "7z4ixuncja",
                            "selection_pattern": "",
                            "status_code": "200"
                        },
                        "meta": {
                            "schema_version": 0
                        },
                        "tainted": false
                    },
                    "deposed": [],
                    "provider": "provider.aws"
                },
                "aws_api_gateway_integration_response.tfer--7z4ixuncja-002F-4p4zzj-002F-OPTIONS-002F-200": {
                    "type": "aws_api_gateway_integration_response",
                    "depends_on": [],
                    "primary": {
                        "id": "7z4ixuncja/4p4zzj/OPTIONS/200",
                        "attributes": {
                            "content_handling": "",
                            "http_method": "OPTIONS",
                            "id": "7z4ixuncja/4p4zzj/OPTIONS/200",
                            "resource_id": "4p4zzj",
                            "response_parameters.%": "5",
                            "response_parameters.method.response.header.Access-Control-Allow-Credentials": "'true'",
                            "response_parameters.method.response.header.Access-Control-Allow-Headers": "'Content-Type,X-Amz-Date,Authorization,X-Api-Key,X-Amz-Security-Token'",
                            "response_parameters.method.response.header.Access-Control-Allow-Methods": "'OPTIONS'",
                            "response_parameters.method.response.header.Access-Control-Allow-Origin": "'https://dz71xa9wu0leo.cloudfront.net'",
                            "response_parameters.method.response.header.Access-Control-Max-Age": "'3600'",
                            "response_templates.%": "0",
                            "rest_api_id": "7z4ixuncja",
                            "selection_pattern": "",
                            "status_code": "200"
                        },
                        "meta": {
                            "schema_version": 0
                        },
                        "tainted": false
                    },
                    "deposed": [],
                    "provider": "provider.aws"
                },
                "aws_api_gateway_integration_response.tfer--7z4ixuncja-002F-gmab69-002F-GET-002F-200": {
                    "type": "aws_api_gateway_integration_response",
                    "depends_on": [],
                    "primary": {
                        "id": "7z4ixuncja/gmab69/GET/200",
                        "attributes": {
                            "content_handling": "",
                            "http_method": "GET",
                            "id": "7z4ixuncja/gmab69/GET/200",
                            "resource_id": "gmab69",
                            "response_parameters.%": "1",
                            "response_parameters.method.response.header.Access-Control-Allow-Origin": "'https://dz71xa9wu0leo.cloudfront.net'",
                            "response_templates.%": "1",
                            "response_templates.application/json": "",
                            "rest_api_id": "7z4ixuncja",
                            "selection_pattern": "",
                            "status_code": "200"
                        },
                        "meta": {
                            "schema_version": 0
                        },
                        "tainted": false
                    },
                    "deposed": [],
                    "provider": "provider.aws"
                },
                "aws_api_gateway_integration_response.tfer--7z4ixuncja-002F-gmab69-002F-OPTIONS-002F-200": {
                    "type": "aws_api_gateway_integration_response",
                    "depends_on": [],
                    "primary": {
                        "id": "7z4ixuncja/gmab69/OPTIONS/200",
                        "attributes": {
                            "content_handling": "",
                            "http_method": "OPTIONS",
                            "id": "7z4ixuncja/gmab69/OPTIONS/200",
                            "resource_id": "gmab69",
                            "response_parameters.%": "5",
                            "response_parameters.method.response.header.Access-Control-Allow-Credentials": "'true'",
                            "response_parameters.method.response.header.Access-Control-Allow-Headers": "'Content-Type,X-Amz-Date,Authorization,X-Api-Key,X-Amz-Security-Token,Cache-Control,pragma'",
                            "response_parameters.method.response.header.Access-Control-Allow-Methods": "'GET,OPTIONS'",
                            "response_parameters.method.response.header.Access-Control-Allow-Origin": "'https://dz71xa9wu0leo.cloudfront.net'",
                            "response_parameters.method.response.header.Access-Control-Max-Age": "'3600'",
                            "response_templates.%": "0",
                            "rest_api_id": "7z4ixuncja",
                            "selection_pattern": "",
                            "status_code": "200"
                        },
                        "meta": {
                            "schema_version": 0
                        },
                        "tainted": false
                    },
                    "deposed": [],
                    "provider": "provider.aws"
                },
                "aws_api_gateway_integration_response.tfer--7z4ixuncja-002F-oy76ng-002F-OPTIONS-002F-200": {
                    "type": "aws_api_gateway_integration_response",
                    "depends_on": [],
                    "primary": {
                        "id": "7z4ixuncja/oy76ng/OPTIONS/200",
                        "attributes": {
                            "content_handling": "",
                            "http_method": "OPTIONS",
                            "id": "7z4ixuncja/oy76ng/OPTIONS/200",
                            "resource_id": "oy76ng",
                            "response_parameters.%": "5",
                            "response_parameters.method.response.header.Access-Control-Allow-Credentials": "'true'",
                            "response_parameters.method.response.header.Access-Control-Allow-Headers": "'Content-Type,X-Amz-Date,Authorization,X-Api-Key,X-Amz-Security-Token'",
                            "response_parameters.method.response.header.Access-Control-Allow-Methods": "'OPTIONS,POST'",
                            "response_parameters.method.response.header.Access-Control-Allow-Origin": "'https://dz71xa9wu0leo.cloudfront.net'",
                            "response_parameters.method.response.header.Access-Control-Max-Age": "'3600'",
                            "response_templates.%": "0",
                            "rest_api_id": "7z4ixuncja",
                            "selection_pattern": "",
                            "status_code": "200"
                        },
                        "meta": {
                            "schema_version": 0
                        },
                        "tainted": false
                    },
                    "deposed": [],
                    "provider": "provider.aws"
                },
                "aws_api_gateway_integration_response.tfer--7z4ixuncja-002F-oy76ng-002F-POST-002F-200": {
                    "type": "aws_api_gateway_integration_response",
                    "depends_on": [],
                    "primary": {
                        "id": "7z4ixuncja/oy76ng/POST/200",
                        "attributes": {
                            "content_handling": "",
                            "http_method": "POST",
                            "id": "7z4ixuncja/oy76ng/POST/200",
                            "resource_id": "oy76ng",
                            "response_parameters.%": "1",
                            "response_parameters.method.response.header.Access-Control-Allow-Origin": "'https://dz71xa9wu0leo.cloudfront.net'",
                            "response_templates.%": "1",
                            "response_templates.application/json": "",
                            "rest_api_id": "7z4ixuncja",
                            "selection_pattern": "",
                            "status_code": "200"
                        },
                        "meta": {
                            "schema_version": 0
                        },
                        "tainted": false
                    },
                    "deposed": [],
                    "provider": "provider.aws"
                },
                "aws_api_gateway_integration_response.tfer--7z4ixuncja-002F-skxs0h-002F-OPTIONS-002F-200": {
                    "type": "aws_api_gateway_integration_response",
                    "depends_on": [],
                    "primary": {
                        "id": "7z4ixuncja/skxs0h/OPTIONS/200",
                        "attributes": {
                            "content_handling": "",
                            "http_method": "OPTIONS",
                            "id": "7z4ixuncja/skxs0h/OPTIONS/200",
                            "resource_id": "skxs0h",
                            "response_parameters.%": "3",
                            "response_parameters.method.response.header.Access-Control-Allow-Headers": "'Content-Type,Authorization,X-Amz-Date,X-Api-Key,X-Amz-Security-Token'",
                            "response_parameters.method.response.header.Access-Control-Allow-Methods": "'DELETE,GET,HEAD,OPTIONS,PATCH,POST,PUT'",
                            "response_parameters.method.response.header.Access-Control-Allow-Origin": "'*'",
                            "response_templates.%": "0",
                            "rest_api_id": "7z4ixuncja",
                            "selection_pattern": "",
                            "status_code": "200"
                        },
                        "meta": {
                            "schema_version": 0
                        },
                        "tainted": false
                    },
                    "deposed": [],
                    "provider": "provider.aws"
                },
                "aws_api_gateway_integration_response.tfer--7z4ixuncja-002F-tarii2-002F-OPTIONS-002F-200": {
                    "type": "aws_api_gateway_integration_response",
                    "depends_on": [],
                    "primary": {
                        "id": "7z4ixuncja/tarii2/OPTIONS/200",
                        "attributes": {
                            "content_handling": "",
                            "http_method": "OPTIONS",
                            "id": "7z4ixuncja/tarii2/OPTIONS/200",
                            "resource_id": "tarii2",
                            "response_parameters.%": "3",
                            "response_parameters.method.response.header.Access-Control-Allow-Headers": "'Content-Type,Authorization,X-Amz-Date,X-Api-Key,X-Amz-Security-Token'",
                            "response_parameters.method.response.header.Access-Control-Allow-Methods": "'DELETE,GET,HEAD,OPTIONS,PATCH,POST,PUT'",
                            "response_parameters.method.response.header.Access-Control-Allow-Origin": "'*'",
                            "response_templates.%": "0",
                            "rest_api_id": "7z4ixuncja",
                            "selection_pattern": "",
                            "status_code": "200"
                        },
                        "meta": {
                            "schema_version": 0
                        },
                        "tainted": false
                    },
                    "deposed": [],
                    "provider": "provider.aws"
                },
                "aws_api_gateway_integration_response.tfer--7z4ixuncja-002F-tarii2-002F-POST-002F-200": {
                    "type": "aws_api_gateway_integration_response",
                    "depends_on": [],
                    "primary": {
                        "id": "7z4ixuncja/tarii2/POST/200",
                        "attributes": {
                            "content_handling": "",
                            "http_method": "POST",
                            "id": "7z4ixuncja/tarii2/POST/200",
                            "resource_id": "tarii2",
                            "response_parameters.%": "0",
                            "response_templates.%": "1",
                            "response_templates.application/json": "",
                            "rest_api_id": "7z4ixuncja",
                            "selection_pattern": "",
                            "status_code": "200"
                        },
                        "meta": {
                            "schema_version": 0
                        },
                        "tainted": false
                    },
                    "deposed": [],
                    "provider": "provider.aws"
                },
                "aws_api_gateway_integration_response.tfer--7z4ixuncja-002F-tfd3mq-002F-GET-002F-200": {
                    "type": "aws_api_gateway_integration_response",
                    "depends_on": [],
                    "primary": {
                        "id": "7z4ixuncja/tfd3mq/GET/200",
                        "attributes": {
                            "content_handling": "",
                            "http_method": "GET",
                            "id": "7z4ixuncja/tfd3mq/GET/200",
                            "resource_id": "tfd3mq",
                            "response_parameters.%": "1",
                            "response_parameters.method.response.header.Access-Control-Allow-Origin": "'https://dz71xa9wu0leo.cloudfront.net'",
                            "response_templates.%": "1",
                            "response_templates.application/json": "",
                            "rest_api_id": "7z4ixuncja",
                            "selection_pattern": "",
                            "status_code": "200"
                        },
                        "meta": {
                            "schema_version": 0
                        },
                        "tainted": false
                    },
                    "deposed": [],
                    "provider": "provider.aws"
                },
                "aws_api_gateway_integration_response.tfer--7z4ixuncja-002F-tfd3mq-002F-OPTIONS-002F-200": {
                    "type": "aws_api_gateway_integration_response",
                    "depends_on": [],
                    "primary": {
                        "id": "7z4ixuncja/tfd3mq/OPTIONS/200",
                        "attributes": {
                            "content_handling": "",
                            "http_method": "OPTIONS",
                            "id": "7z4ixuncja/tfd3mq/OPTIONS/200",
                            "resource_id": "tfd3mq",
                            "response_parameters.%": "5",
                            "response_parameters.method.response.header.Access-Control-Allow-Credentials": "'true'",
                            "response_parameters.method.response.header.Access-Control-Allow-Headers": "'Content-Type,X-Amz-Date,Authorization,X-Api-Key,X-Amz-Security-Token'",
                            "response_parameters.method.response.header.Access-Control-Allow-Methods": "'GET,OPTIONS'",
                            "response_parameters.method.response.header.Access-Control-Allow-Origin": "'https://dz71xa9wu0leo.cloudfront.net'",
                            "response_parameters.method.response.header.Access-Control-Max-Age": "'3600'",
                            "response_templates.%": "0",
                            "rest_api_id": "7z4ixuncja",
                            "selection_pattern": "",
                            "status_code": "200"
                        },
                        "meta": {
                            "schema_version": 0
                        },
                        "tainted": false
                    },
                    "deposed": [],
                    "provider": "provider.aws"
                },
                "aws_api_gateway_integration_response.tfer--7z4ixuncja-002F-v2e0y9-002F-OPTIONS-002F-200": {
                    "type": "aws_api_gateway_integration_response",
                    "depends_on": [],
                    "primary": {
                        "id": "7z4ixuncja/v2e0y9/OPTIONS/200",
                        "attributes": {
                            "content_handling": "",
                            "http_method": "OPTIONS",
                            "id": "7z4ixuncja/v2e0y9/OPTIONS/200",
                            "resource_id": "v2e0y9",
                            "response_parameters.%": "3",
                            "response_parameters.method.response.header.Access-Control-Allow-Headers": "'Content-Type,Authorization,X-Amz-Date,X-Api-Key,X-Amz-Security-Token'",
                            "response_parameters.method.response.header.Access-Control-Allow-Methods": "'DELETE,GET,HEAD,OPTIONS,PATCH,POST,PUT'",
                            "response_parameters.method.response.header.Access-Control-Allow-Origin": "'*'",
                            "response_templates.%": "0",
                            "rest_api_id": "7z4ixuncja",
                            "selection_pattern": "",
                            "status_code": "200"
                        },
                        "meta": {
                            "schema_version": 0
                        },
                        "tainted": false
                    },
                    "deposed": [],
                    "provider": "provider.aws"
                },
                "aws_api_gateway_integration_response.tfer--7z4ixuncja-002F-v2e0y9-002F-POST-002F-200": {
                    "type": "aws_api_gateway_integration_response",
                    "depends_on": [],
                    "primary": {
                        "id": "7z4ixuncja/v2e0y9/POST/200",
                        "attributes": {
                            "content_handling": "",
                            "http_method": "POST",
                            "id": "7z4ixuncja/v2e0y9/POST/200",
                            "resource_id": "v2e0y9",
                            "response_parameters.%": "0",
                            "response_templates.%": "1",
                            "response_templates.application/json": "",
                            "rest_api_id": "7z4ixuncja",
                            "selection_pattern": "",
                            "status_code": "200"
                        },
                        "meta": {
                            "schema_version": 0
                        },
                        "tainted": false
                    },
                    "deposed": [],
                    "provider": "provider.aws"
                },
                "aws_api_gateway_integration_response.tfer--dxs9ctiiac-002F-k4pkp4-002F-ANY-002F-200": {
                    "type": "aws_api_gateway_integration_response",
                    "depends_on": [],
                    "primary": {
                        "id": "dxs9ctiiac/k4pkp4/ANY/200",
                        "attributes": {
                            "content_handling": "",
                            "http_method": "ANY",
                            "id": "dxs9ctiiac/k4pkp4/ANY/200",
                            "resource_id": "k4pkp4",
                            "response_parameters.%": "0",
                            "response_templates.%": "0",
                            "rest_api_id": "dxs9ctiiac",
                            "selection_pattern": ".*",
                            "status_code": "200"
                        },
                        "meta": {
                            "schema_version": 0
                        },
                        "tainted": false
                    },
                    "deposed": [],
                    "provider": "provider.aws"
                },
                "aws_api_gateway_integration_response.tfer--dxs9ctiiac-002F-rd88xx-002F-ANY-002F-200": {
                    "type": "aws_api_gateway_integration_response",
                    "depends_on": [],
                    "primary": {
                        "id": "dxs9ctiiac/rd88xx/ANY/200",
                        "attributes": {
                            "content_handling": "",
                            "http_method": "ANY",
                            "id": "dxs9ctiiac/rd88xx/ANY/200",
                            "resource_id": "rd88xx",
                            "response_parameters.%": "0",
                            "response_templates.%": "1",
                            "response_templates.application/json": "",
                            "rest_api_id": "dxs9ctiiac",
                            "selection_pattern": "",
                            "status_code": "200"
                        },
                        "meta": {
                            "schema_version": 0
                        },
                        "tainted": false
                    },
                    "deposed": [],
                    "provider": "provider.aws"
                },
                "aws_api_gateway_integration_response.tfer--dxs9ctiiac-002F-rd88xx-002F-OPTIONS-002F-200": {
                    "type": "aws_api_gateway_integration_response",
                    "depends_on": [],
                    "primary": {
                        "id": "dxs9ctiiac/rd88xx/OPTIONS/200",
                        "attributes": {
                            "content_handling": "",
                            "http_method": "OPTIONS",
                            "id": "dxs9ctiiac/rd88xx/OPTIONS/200",
                            "resource_id": "rd88xx",
                            "response_parameters.%": "3",
                            "response_parameters.method.response.header.Access-Control-Allow-Headers": "'Content-Type,X-Amz-Date,Authorization,X-Api-Key,X-Amz-Security-Token'",
                            "response_parameters.method.response.header.Access-Control-Allow-Methods": "'DELETE,GET,HEAD,OPTIONS,PATCH,POST,PUT'",
                            "response_parameters.method.response.header.Access-Control-Allow-Origin": "'http://team06website.s3-website-us-east-1.amazonaws.com'",
                            "response_templates.%": "0",
                            "rest_api_id": "dxs9ctiiac",
                            "selection_pattern": "",
                            "status_code": "200"
                        },
                        "meta": {
                            "schema_version": 0
                        },
                        "tainted": false
                    },
                    "deposed": [],
                    "provider": "provider.aws"
                },
                "aws_api_gateway_integration_response.tfer--gt3fvvf2pg-002F-vwb0qn-002F-OPTIONS-002F-200": {
                    "type": "aws_api_gateway_integration_response",
                    "depends_on": [],
                    "primary": {
                        "id": "gt3fvvf2pg/vwb0qn/OPTIONS/200",
                        "attributes": {
                            "content_handling": "",
                            "http_method": "OPTIONS",
                            "id": "gt3fvvf2pg/vwb0qn/OPTIONS/200",
                            "resource_id": "vwb0qn",
                            "response_parameters.%": "3",
                            "response_parameters.method.response.header.Access-Control-Allow-Headers": "'Content-Type,Authorization,X-Amz-Date,X-Api-Key,X-Amz-Security-Token'",
                            "response_parameters.method.response.header.Access-Control-Allow-Methods": "'DELETE,GET,HEAD,OPTIONS,PATCH,POST,PUT'",
                            "response_parameters.method.response.header.Access-Control-Allow-Origin": "'*'",
                            "response_templates.%": "0",
                            "rest_api_id": "gt3fvvf2pg",
                            "selection_pattern": "",
                            "status_code": "200"
                        },
                        "meta": {
                            "schema_version": 0
                        },
                        "tainted": false
                    },
                    "deposed": [],
                    "provider": "provider.aws"
                },
                "aws_api_gateway_integration_response.tfer--gt3fvvf2pg-002F-vwb0qn-002F-POST-002F-200": {
                    "type": "aws_api_gateway_integration_response",
                    "depends_on": [],
                    "primary": {
                        "id": "gt3fvvf2pg/vwb0qn/POST/200",
                        "attributes": {
                            "content_handling": "",
                            "http_method": "POST",
                            "id": "gt3fvvf2pg/vwb0qn/POST/200",
                            "resource_id": "vwb0qn",
                            "response_parameters.%": "0",
                            "response_templates.%": "1",
                            "response_templates.application/json": "",
                            "rest_api_id": "gt3fvvf2pg",
                            "selection_pattern": "",
                            "status_code": "200"
                        },
                        "meta": {
                            "schema_version": 0
                        },
                        "tainted": false
                    },
                    "deposed": [],
                    "provider": "provider.aws"
                },
                "aws_api_gateway_method.tfer--42a6clquqe-002F-uq4a3r-002F-GET": {
                    "type": "aws_api_gateway_method",
                    "depends_on": [],
                    "primary": {
                        "id": "42a6clquqe/uq4a3r/GET",
                        "attributes": {
                            "api_key_required": "false",
                            "authorization": "NONE",
                            "authorization_scopes.#": "0",
                            "authorizer_id": "",
                            "http_method": "GET",
                            "id": "42a6clquqe/uq4a3r/GET",
                            "operation_name": "",
                            "request_models.%": "0",
                            "request_parameters.%": "0",
                            "request_validator_id": "",
                            "resource_id": "uq4a3r",
                            "rest_api_id": "42a6clquqe"
                        },
                        "meta": {
                            "schema_version": 0
                        },
                        "tainted": false
                    },
                    "deposed": [],
                    "provider": "provider.aws"
                },
                "aws_api_gateway_method.tfer--42a6clquqe-002F-uq4a3r-002F-OPTIONS": {
                    "type": "aws_api_gateway_method",
                    "depends_on": [],
                    "primary": {
                        "id": "42a6clquqe/uq4a3r/OPTIONS",
                        "attributes": {
                            "api_key_required": "false",
                            "authorization": "NONE",
                            "authorization_scopes.#": "0",
                            "authorizer_id": "",
                            "http_method": "OPTIONS",
                            "id": "42a6clquqe/uq4a3r/OPTIONS",
                            "operation_name": "",
                            "request_models.%": "0",
                            "request_parameters.%": "0",
                            "request_validator_id": "",
                            "resource_id": "uq4a3r",
                            "rest_api_id": "42a6clquqe"
                        },
                        "meta": {
                            "schema_version": 0
                        },
                        "tainted": false
                    },
                    "deposed": [],
                    "provider": "provider.aws"
                },
                "aws_api_gateway_method.tfer--54fu8y3s9a-002F-0r6m1r-002F-ANY": {
                    "type": "aws_api_gateway_method",
                    "depends_on": [],
                    "primary": {
                        "id": "54fu8y3s9a/0r6m1r/ANY",
                        "attributes": {
                            "api_key_required": "false",
                            "authorization": "AWS_IAM",
                            "authorization_scopes.#": "0",
                            "authorizer_id": "",
                            "http_method": "ANY",
                            "id": "54fu8y3s9a/0r6m1r/ANY",
                            "operation_name": "",
                            "request_models.%": "0",
                            "request_parameters.%": "0",
                            "request_validator_id": "",
                            "resource_id": "0r6m1r",
                            "rest_api_id": "54fu8y3s9a"
                        },
                        "meta": {
                            "schema_version": 0
                        },
                        "tainted": false
                    },
                    "deposed": [],
                    "provider": "provider.aws"
                },
                "aws_api_gateway_method.tfer--54fu8y3s9a-002F-3kcp2h-002F-ANY": {
                    "type": "aws_api_gateway_method",
                    "depends_on": [],
                    "primary": {
                        "id": "54fu8y3s9a/3kcp2h/ANY",
                        "attributes": {
                            "api_key_required": "false",
                            "authorization": "AWS_IAM",
                            "authorization_scopes.#": "0",
                            "authorizer_id": "",
                            "http_method": "ANY",
                            "id": "54fu8y3s9a/3kcp2h/ANY",
                            "operation_name": "",
                            "request_models.%": "0",
                            "request_parameters.%": "0",
                            "request_validator_id": "",
                            "resource_id": "3kcp2h",
                            "rest_api_id": "54fu8y3s9a"
                        },
                        "meta": {
                            "schema_version": 0
                        },
                        "tainted": false
                    },
                    "deposed": [],
                    "provider": "provider.aws"
                },
                "aws_api_gateway_method.tfer--54fu8y3s9a-002F-5xcch2-002F-OPTIONS": {
                    "type": "aws_api_gateway_method",
                    "depends_on": [],
                    "primary": {
                        "id": "54fu8y3s9a/5xcch2/OPTIONS",
                        "attributes": {
                            "api_key_required": "false",
                            "authorization": "NONE",
                            "authorization_scopes.#": "0",
                            "authorizer_id": "",
                            "http_method": "OPTIONS",
                            "id": "54fu8y3s9a/5xcch2/OPTIONS",
                            "operation_name": "",
                            "request_models.%": "0",
                            "request_parameters.%": "0",
                            "request_validator_id": "",
                            "resource_id": "5xcch2",
                            "rest_api_id": "54fu8y3s9a"
                        },
                        "meta": {
                            "schema_version": 0
                        },
                        "tainted": false
                    },
                    "deposed": [],
                    "provider": "provider.aws"
                },
                "aws_api_gateway_method.tfer--54fu8y3s9a-002F-5xcch2-002F-POST": {
                    "type": "aws_api_gateway_method",
                    "depends_on": [],
                    "primary": {
                        "id": "54fu8y3s9a/5xcch2/POST",
                        "attributes": {
                            "api_key_required": "false",
                            "authorization": "COGNITO_USER_POOLS",
                            "authorization_scopes.#": "0",
                            "authorizer_id": "ee88ok",
                            "http_method": "POST",
                            "id": "54fu8y3s9a/5xcch2/POST",
                            "operation_name": "",
                            "request_models.%": "0",
                            "request_parameters.%": "0",
                            "request_validator_id": "",
                            "resource_id": "5xcch2",
                            "rest_api_id": "54fu8y3s9a"
                        },
                        "meta": {
                            "schema_version": 0
                        },
                        "tainted": false
                    },
                    "deposed": [],
                    "provider": "provider.aws"
                },
                "aws_api_gateway_method.tfer--54fu8y3s9a-002F-6c4ve1-002F-ANY": {
                    "type": "aws_api_gateway_method",
                    "depends_on": [],
                    "primary": {
                        "id": "54fu8y3s9a/6c4ve1/ANY",
                        "attributes": {
                            "api_key_required": "false",
                            "authorization": "AWS_IAM",
                            "authorization_scopes.#": "0",
                            "authorizer_id": "",
                            "http_method": "ANY",
                            "id": "54fu8y3s9a/6c4ve1/ANY",
                            "operation_name": "",
                            "request_models.%": "0",
                            "request_parameters.%": "0",
                            "request_validator_id": "",
                            "resource_id": "6c4ve1",
                            "rest_api_id": "54fu8y3s9a"
                        },
                        "meta": {
                            "schema_version": 0
                        },
                        "tainted": false
                    },
                    "deposed": [],
                    "provider": "provider.aws"
                },
                "aws_api_gateway_method.tfer--54fu8y3s9a-002F-6to0ly-002F-OPTIONS": {
                    "type": "aws_api_gateway_method",
                    "depends_on": [],
                    "primary": {
                        "id": "54fu8y3s9a/6to0ly/OPTIONS",
                        "attributes": {
                            "api_key_required": "false",
                            "authorization": "NONE",
                            "authorization_scopes.#": "0",
                            "authorizer_id": "",
                            "http_method": "OPTIONS",
                            "id": "54fu8y3s9a/6to0ly/OPTIONS",
                            "operation_name": "",
                            "request_models.%": "0",
                            "request_parameters.%": "0",
                            "request_validator_id": "",
                            "resource_id": "6to0ly",
                            "rest_api_id": "54fu8y3s9a"
                        },
                        "meta": {
                            "schema_version": 0
                        },
                        "tainted": false
                    },
                    "deposed": [],
                    "provider": "provider.aws"
                },
                "aws_api_gateway_method.tfer--54fu8y3s9a-002F-6to0ly-002F-POST": {
                    "type": "aws_api_gateway_method",
                    "depends_on": [],
                    "primary": {
                        "id": "54fu8y3s9a/6to0ly/POST",
                        "attributes": {
                            "api_key_required": "false",
                            "authorization": "COGNITO_USER_POOLS",
                            "authorization_scopes.#": "0",
                            "authorizer_id": "ee88ok",
                            "http_method": "POST",
                            "id": "54fu8y3s9a/6to0ly/POST",
                            "operation_name": "",
                            "request_models.%": "0",
                            "request_parameters.%": "0",
                            "request_validator_id": "",
                            "resource_id": "6to0ly",
                            "rest_api_id": "54fu8y3s9a"
                        },
                        "meta": {
                            "schema_version": 0
                        },
                        "tainted": false
                    },
                    "deposed": [],
                    "provider": "provider.aws"
                },
                "aws_api_gateway_method.tfer--54fu8y3s9a-002F-86eh8l-002F-OPTIONS": {
                    "type": "aws_api_gateway_method",
                    "depends_on": [],
                    "primary": {
                        "id": "54fu8y3s9a/86eh8l/OPTIONS",
                        "attributes": {
                            "api_key_required": "false",
                            "authorization": "NONE",
                            "authorization_scopes.#": "0",
                            "authorizer_id": "",
                            "http_method": "OPTIONS",
                            "id": "54fu8y3s9a/86eh8l/OPTIONS",
                            "operation_name": "",
                            "request_models.%": "0",
                            "request_parameters.%": "0",
                            "request_validator_id": "",
                            "resource_id": "86eh8l",
                            "rest_api_id": "54fu8y3s9a"
                        },
                        "meta": {
                            "schema_version": 0
                        },
                        "tainted": false
                    },
                    "deposed": [],
                    "provider": "provider.aws"
                },
                "aws_api_gateway_method.tfer--54fu8y3s9a-002F-86eh8l-002F-POST": {
                    "type": "aws_api_gateway_method",
                    "depends_on": [],
                    "primary": {
                        "id": "54fu8y3s9a/86eh8l/POST",
                        "attributes": {
                            "api_key_required": "false",
                            "authorization": "COGNITO_USER_POOLS",
                            "authorization_scopes.#": "0",
                            "authorizer_id": "ee88ok",
                            "http_method": "POST",
                            "id": "54fu8y3s9a/86eh8l/POST",
                            "operation_name": "",
                            "request_models.%": "0",
                            "request_parameters.%": "0",
                            "request_validator_id": "",
                            "resource_id": "86eh8l",
                            "rest_api_id": "54fu8y3s9a"
                        },
                        "meta": {
                            "schema_version": 0
                        },
                        "tainted": false
                    },
                    "deposed": [],
                    "provider": "provider.aws"
                },
                "aws_api_gateway_method.tfer--54fu8y3s9a-002F-xju3ch-002F-OPTIONS": {
                    "type": "aws_api_gateway_method",
                    "depends_on": [],
                    "primary": {
                        "id": "54fu8y3s9a/xju3ch/OPTIONS",
                        "attributes": {
                            "api_key_required": "false",
                            "authorization": "NONE",
                            "authorization_scopes.#": "0",
                            "authorizer_id": "",
                            "http_method": "OPTIONS",
                            "id": "54fu8y3s9a/xju3ch/OPTIONS",
                            "operation_name": "",
                            "request_models.%": "0",
                            "request_parameters.%": "0",
                            "request_validator_id": "",
                            "resource_id": "xju3ch",
                            "rest_api_id": "54fu8y3s9a"
                        },
                        "meta": {
                            "schema_version": 0
                        },
                        "tainted": false
                    },
                    "deposed": [],
                    "provider": "provider.aws"
                },
                "aws_api_gateway_method.tfer--54fu8y3s9a-002F-xju3ch-002F-POST": {
                    "type": "aws_api_gateway_method",
                    "depends_on": [],
                    "primary": {
                        "id": "54fu8y3s9a/xju3ch/POST",
                        "attributes": {
                            "api_key_required": "false",
                            "authorization": "COGNITO_USER_POOLS",
                            "authorization_scopes.#": "0",
                            "authorizer_id": "ee88ok",
                            "http_method": "POST",
                            "id": "54fu8y3s9a/xju3ch/POST",
                            "operation_name": "",
                            "request_models.%": "0",
                            "request_parameters.%": "0",
                            "request_validator_id": "",
                            "resource_id": "xju3ch",
                            "rest_api_id": "54fu8y3s9a"
                        },
                        "meta": {
                            "schema_version": 0
                        },
                        "tainted": false
                    },
                    "deposed": [],
                    "provider": "provider.aws"
                },
                "aws_api_gateway_method.tfer--6vasen33q4-002F-3ir5sn-002F-GET": {
                    "type": "aws_api_gateway_method",
                    "depends_on": [],
                    "primary": {
                        "id": "6vasen33q4/3ir5sn/GET",
                        "attributes": {
                            "api_key_required": "false",
                            "authorization": "NONE",
                            "authorization_scopes.#": "0",
                            "authorizer_id": "",
                            "http_method": "GET",
                            "id": "6vasen33q4/3ir5sn/GET",
                            "operation_name": "",
                            "request_models.%": "0",
                            "request_parameters.%": "0",
                            "request_validator_id": "",
                            "resource_id": "3ir5sn",
                            "rest_api_id": "6vasen33q4"
                        },
                        "meta": {
                            "schema_version": 0
                        },
                        "tainted": false
                    },
                    "deposed": [],
                    "provider": "provider.aws"
                },
                "aws_api_gateway_method.tfer--6vasen33q4-002F-3ir5sn-002F-OPTIONS": {
                    "type": "aws_api_gateway_method",
                    "depends_on": [],
                    "primary": {
                        "id": "6vasen33q4/3ir5sn/OPTIONS",
                        "attributes": {
                            "api_key_required": "false",
                            "authorization": "NONE",
                            "authorization_scopes.#": "0",
                            "authorizer_id": "",
                            "http_method": "OPTIONS",
                            "id": "6vasen33q4/3ir5sn/OPTIONS",
                            "operation_name": "",
                            "request_models.%": "0",
                            "request_parameters.%": "0",
                            "request_validator_id": "",
                            "resource_id": "3ir5sn",
                            "rest_api_id": "6vasen33q4"
                        },
                        "meta": {
                            "schema_version": 0
                        },
                        "tainted": false
                    },
                    "deposed": [],
                    "provider": "provider.aws"
                },
                "aws_api_gateway_method.tfer--6vasen33q4-002F-h72zzg-002F-GET": {
                    "type": "aws_api_gateway_method",
                    "depends_on": [],
                    "primary": {
                        "id": "6vasen33q4/h72zzg/GET",
                        "attributes": {
                            "api_key_required": "false",
                            "authorization": "NONE",
                            "authorization_scopes.#": "0",
                            "authorizer_id": "",
                            "http_method": "GET",
                            "id": "6vasen33q4/h72zzg/GET",
                            "operation_name": "",
                            "request_models.%": "0",
                            "request_parameters.%": "0",
                            "request_validator_id": "",
                            "resource_id": "h72zzg",
                            "rest_api_id": "6vasen33q4"
                        },
                        "meta": {
                            "schema_version": 0
                        },
                        "tainted": false
                    },
                    "deposed": [],
                    "provider": "provider.aws"
                },
                "aws_api_gateway_method.tfer--6vasen33q4-002F-h72zzg-002F-OPTIONS": {
                    "type": "aws_api_gateway_method",
                    "depends_on": [],
                    "primary": {
                        "id": "6vasen33q4/h72zzg/OPTIONS",
                        "attributes": {
                            "api_key_required": "false",
                            "authorization": "NONE",
                            "authorization_scopes.#": "0",
                            "authorizer_id": "",
                            "http_method": "OPTIONS",
                            "id": "6vasen33q4/h72zzg/OPTIONS",
                            "operation_name": "",
                            "request_models.%": "0",
                            "request_parameters.%": "0",
                            "request_validator_id": "",
                            "resource_id": "h72zzg",
                            "rest_api_id": "6vasen33q4"
                        },
                        "meta": {
                            "schema_version": 0
                        },
                        "tainted": false
                    },
                    "deposed": [],
                    "provider": "provider.aws"
                },
                "aws_api_gateway_method.tfer--6vasen33q4-002F-li90vc-002F-OPTIONS": {
                    "type": "aws_api_gateway_method",
                    "depends_on": [],
                    "primary": {
                        "id": "6vasen33q4/li90vc/OPTIONS",
                        "attributes": {
                            "api_key_required": "false",
                            "authorization": "NONE",
                            "authorization_scopes.#": "0",
                            "authorizer_id": "",
                            "http_method": "OPTIONS",
                            "id": "6vasen33q4/li90vc/OPTIONS",
                            "operation_name": "",
                            "request_models.%": "0",
                            "request_parameters.%": "0",
                            "request_validator_id": "",
                            "resource_id": "li90vc",
                            "rest_api_id": "6vasen33q4"
                        },
                        "meta": {
                            "schema_version": 0
                        },
                        "tainted": false
                    },
                    "deposed": [],
                    "provider": "provider.aws"
                },
                "aws_api_gateway_method.tfer--6vasen33q4-002F-li90vc-002F-POST": {
                    "type": "aws_api_gateway_method",
                    "depends_on": [],
                    "primary": {
                        "id": "6vasen33q4/li90vc/POST",
                        "attributes": {
                            "api_key_required": "false",
                            "authorization": "NONE",
                            "authorization_scopes.#": "0",
                            "authorizer_id": "",
                            "http_method": "POST",
                            "id": "6vasen33q4/li90vc/POST",
                            "operation_name": "",
                            "request_models.%": "0",
                            "request_parameters.%": "0",
                            "request_validator_id": "",
                            "resource_id": "li90vc",
                            "rest_api_id": "6vasen33q4"
                        },
                        "meta": {
                            "schema_version": 0
                        },
                        "tainted": false
                    },
                    "deposed": [],
                    "provider": "provider.aws"
                },
                "aws_api_gateway_method.tfer--6vasen33q4-002F-souuc0-002F-OPTIONS": {
                    "type": "aws_api_gateway_method",
                    "depends_on": [],
                    "primary": {
                        "id": "6vasen33q4/souuc0/OPTIONS",
                        "attributes": {
                            "api_key_required": "false",
                            "authorization": "NONE",
                            "authorization_scopes.#": "0",
                            "authorizer_id": "",
                            "http_method": "OPTIONS",
                            "id": "6vasen33q4/souuc0/OPTIONS",
                            "operation_name": "",
                            "request_models.%": "0",
                            "request_parameters.%": "0",
                            "request_validator_id": "",
                            "resource_id": "souuc0",
                            "rest_api_id": "6vasen33q4"
                        },
                        "meta": {
                            "schema_version": 0
                        },
                        "tainted": false
                    },
                    "deposed": [],
                    "provider": "provider.aws"
                },
                "aws_api_gateway_method.tfer--6vasen33q4-002F-souuc0-002F-POST": {
                    "type": "aws_api_gateway_method",
                    "depends_on": [],
                    "primary": {
                        "id": "6vasen33q4/souuc0/POST",
                        "attributes": {
                            "api_key_required": "false",
                            "authorization": "NONE",
                            "authorization_scopes.#": "0",
                            "authorizer_id": "",
                            "http_method": "POST",
                            "id": "6vasen33q4/souuc0/POST",
                            "operation_name": "",
                            "request_models.%": "0",
                            "request_parameters.%": "0",
                            "request_validator_id": "",
                            "resource_id": "souuc0",
                            "rest_api_id": "6vasen33q4"
                        },
                        "meta": {
                            "schema_version": 0
                        },
                        "tainted": false
                    },
                    "deposed": [],
                    "provider": "provider.aws"
                },
                "aws_api_gateway_method.tfer--6vasen33q4-002F-trcrjo-002F-GET": {
                    "type": "aws_api_gateway_method",
                    "depends_on": [],
                    "primary": {
                        "id": "6vasen33q4/trcrjo/GET",
                        "attributes": {
                            "api_key_required": "false",
                            "authorization": "COGNITO_USER_POOLS",
                            "authorization_scopes.#": "0",
                            "authorizer_id": "edw1co",
                            "http_method": "GET",
                            "id": "6vasen33q4/trcrjo/GET",
                            "operation_name": "",
                            "request_models.%": "0",
                            "request_parameters.%": "0",
                            "request_validator_id": "",
                            "resource_id": "trcrjo",
                            "rest_api_id": "6vasen33q4"
                        },
                        "meta": {
                            "schema_version": 0
                        },
                        "tainted": false
                    },
                    "deposed": [],
                    "provider": "provider.aws"
                },
                "aws_api_gateway_method.tfer--6vasen33q4-002F-trcrjo-002F-OPTIONS": {
                    "type": "aws_api_gateway_method",
                    "depends_on": [],
                    "primary": {
                        "id": "6vasen33q4/trcrjo/OPTIONS",
                        "attributes": {
                            "api_key_required": "false",
                            "authorization": "NONE",
                            "authorization_scopes.#": "0",
                            "authorizer_id": "",
                            "http_method": "OPTIONS",
                            "id": "6vasen33q4/trcrjo/OPTIONS",
                            "operation_name": "",
                            "request_models.%": "0",
                            "request_parameters.%": "0",
                            "request_validator_id": "",
                            "resource_id": "trcrjo",
                            "rest_api_id": "6vasen33q4"
                        },
                        "meta": {
                            "schema_version": 0
                        },
                        "tainted": false
                    },
                    "deposed": [],
                    "provider": "provider.aws"
                },
                "aws_api_gateway_method.tfer--6vasen33q4-002F-trcrjo-002F-POST": {
                    "type": "aws_api_gateway_method",
                    "depends_on": [],
                    "primary": {
                        "id": "6vasen33q4/trcrjo/POST",
                        "attributes": {
                            "api_key_required": "false",
                            "authorization": "COGNITO_USER_POOLS",
                            "authorization_scopes.#": "0",
                            "authorizer_id": "edw1co",
                            "http_method": "POST",
                            "id": "6vasen33q4/trcrjo/POST",
                            "operation_name": "",
                            "request_models.%": "0",
                            "request_parameters.%": "0",
                            "request_validator_id": "",
                            "resource_id": "trcrjo",
                            "rest_api_id": "6vasen33q4"
                        },
                        "meta": {
                            "schema_version": 0
                        },
                        "tainted": false
                    },
                    "deposed": [],
                    "provider": "provider.aws"
                },
                "aws_api_gateway_method.tfer--7z4ixuncja-002F-3dp4kg-002F-OPTIONS": {
                    "type": "aws_api_gateway_method",
                    "depends_on": [],
                    "primary": {
                        "id": "7z4ixuncja/3dp4kg/OPTIONS",
                        "attributes": {
                            "api_key_required": "false",
                            "authorization": "NONE",
                            "authorization_scopes.#": "0",
                            "authorizer_id": "",
                            "http_method": "OPTIONS",
                            "id": "7z4ixuncja/3dp4kg/OPTIONS",
                            "operation_name": "",
                            "request_models.%": "0",
                            "request_parameters.%": "0",
                            "request_validator_id": "",
                            "resource_id": "3dp4kg",
                            "rest_api_id": "7z4ixuncja"
                        },
                        "meta": {
                            "schema_version": 0
                        },
                        "tainted": false
                    },
                    "deposed": [],
                    "provider": "provider.aws"
                },
                "aws_api_gateway_method.tfer--7z4ixuncja-002F-4p4zzj-002F-OPTIONS": {
                    "type": "aws_api_gateway_method",
                    "depends_on": [],
                    "primary": {
                        "id": "7z4ixuncja/4p4zzj/OPTIONS",
                        "attributes": {
                            "api_key_required": "false",
                            "authorization": "NONE",
                            "authorization_scopes.#": "0",
                            "authorizer_id": "",
                            "http_method": "OPTIONS",
                            "id": "7z4ixuncja/4p4zzj/OPTIONS",
                            "operation_name": "",
                            "request_models.%": "0",
                            "request_parameters.%": "0",
                            "request_validator_id": "",
                            "resource_id": "4p4zzj",
                            "rest_api_id": "7z4ixuncja"
                        },
                        "meta": {
                            "schema_version": 0
                        },
                        "tainted": false
                    },
                    "deposed": [],
                    "provider": "provider.aws"
                },
                "aws_api_gateway_method.tfer--7z4ixuncja-002F-gmab69-002F-GET": {
                    "type": "aws_api_gateway_method",
                    "depends_on": [],
                    "primary": {
                        "id": "7z4ixuncja/gmab69/GET",
                        "attributes": {
                            "api_key_required": "false",
                            "authorization": "COGNITO_USER_POOLS",
                            "authorization_scopes.#": "2",
                            "authorization_scopes.0": "aws.cognito.signin.user.admin",
                            "authorization_scopes.1": "openid",
                            "authorizer_id": "r8s6cr",
                            "http_method": "GET",
                            "id": "7z4ixuncja/gmab69/GET",
                            "operation_name": "",
                            "request_models.%": "0",
                            "request_parameters.%": "0",
                            "request_validator_id": "",
                            "resource_id": "gmab69",
                            "rest_api_id": "7z4ixuncja"
                        },
                        "meta": {
                            "schema_version": 0
                        },
                        "tainted": false
                    },
                    "deposed": [],
                    "provider": "provider.aws"
                },
                "aws_api_gateway_method.tfer--7z4ixuncja-002F-gmab69-002F-OPTIONS": {
                    "type": "aws_api_gateway_method",
                    "depends_on": [],
                    "primary": {
                        "id": "7z4ixuncja/gmab69/OPTIONS",
                        "attributes": {
                            "api_key_required": "false",
                            "authorization": "NONE",
                            "authorization_scopes.#": "0",
                            "authorizer_id": "",
                            "http_method": "OPTIONS",
                            "id": "7z4ixuncja/gmab69/OPTIONS",
                            "operation_name": "",
                            "request_models.%": "0",
                            "request_parameters.%": "0",
                            "request_validator_id": "",
                            "resource_id": "gmab69",
                            "rest_api_id": "7z4ixuncja"
                        },
                        "meta": {
                            "schema_version": 0
                        },
                        "tainted": false
                    },
                    "deposed": [],
                    "provider": "provider.aws"
                },
                "aws_api_gateway_method.tfer--7z4ixuncja-002F-oy76ng-002F-OPTIONS": {
                    "type": "aws_api_gateway_method",
                    "depends_on": [],
                    "primary": {
                        "id": "7z4ixuncja/oy76ng/OPTIONS",
                        "attributes": {
                            "api_key_required": "false",
                            "authorization": "NONE",
                            "authorization_scopes.#": "0",
                            "authorizer_id": "",
                            "http_method": "OPTIONS",
                            "id": "7z4ixuncja/oy76ng/OPTIONS",
                            "operation_name": "",
                            "request_models.%": "0",
                            "request_parameters.%": "0",
                            "request_validator_id": "",
                            "resource_id": "oy76ng",
                            "rest_api_id": "7z4ixuncja"
                        },
                        "meta": {
                            "schema_version": 0
                        },
                        "tainted": false
                    },
                    "deposed": [],
                    "provider": "provider.aws"
                },
                "aws_api_gateway_method.tfer--7z4ixuncja-002F-oy76ng-002F-POST": {
                    "type": "aws_api_gateway_method",
                    "depends_on": [],
                    "primary": {
                        "id": "7z4ixuncja/oy76ng/POST",
                        "attributes": {
                            "api_key_required": "false",
                            "authorization": "COGNITO_USER_POOLS",
                            "authorization_scopes.#": "2",
                            "authorization_scopes.0": "aws.cognito.signin.user.admin",
                            "authorization_scopes.1": "openid",
                            "authorizer_id": "r8s6cr",
                            "http_method": "POST",
                            "id": "7z4ixuncja/oy76ng/POST",
                            "operation_name": "",
                            "request_models.%": "0",
                            "request_parameters.%": "0",
                            "request_validator_id": "",
                            "resource_id": "oy76ng",
                            "rest_api_id": "7z4ixuncja"
                        },
                        "meta": {
                            "schema_version": 0
                        },
                        "tainted": false
                    },
                    "deposed": [],
                    "provider": "provider.aws"
                },
                "aws_api_gateway_method.tfer--7z4ixuncja-002F-skxs0h-002F-OPTIONS": {
                    "type": "aws_api_gateway_method",
                    "depends_on": [],
                    "primary": {
                        "id": "7z4ixuncja/skxs0h/OPTIONS",
                        "attributes": {
                            "api_key_required": "false",
                            "authorization": "NONE",
                            "authorization_scopes.#": "0",
                            "authorizer_id": "",
                            "http_method": "OPTIONS",
                            "id": "7z4ixuncja/skxs0h/OPTIONS",
                            "operation_name": "",
                            "request_models.%": "0",
                            "request_parameters.%": "0",
                            "request_validator_id": "",
                            "resource_id": "skxs0h",
                            "rest_api_id": "7z4ixuncja"
                        },
                        "meta": {
                            "schema_version": 0
                        },
                        "tainted": false
                    },
                    "deposed": [],
                    "provider": "provider.aws"
                },
                "aws_api_gateway_method.tfer--7z4ixuncja-002F-tarii2-002F-OPTIONS": {
                    "type": "aws_api_gateway_method",
                    "depends_on": [],
                    "primary": {
                        "id": "7z4ixuncja/tarii2/OPTIONS",
                        "attributes": {
                            "api_key_required": "false",
                            "authorization": "NONE",
                            "authorization_scopes.#": "0",
                            "authorizer_id": "",
                            "http_method": "OPTIONS",
                            "id": "7z4ixuncja/tarii2/OPTIONS",
                            "operation_name": "",
                            "request_models.%": "0",
                            "request_parameters.%": "0",
                            "request_validator_id": "",
                            "resource_id": "tarii2",
                            "rest_api_id": "7z4ixuncja"
                        },
                        "meta": {
                            "schema_version": 0
                        },
                        "tainted": false
                    },
                    "deposed": [],
                    "provider": "provider.aws"
                },
                "aws_api_gateway_method.tfer--7z4ixuncja-002F-tarii2-002F-POST": {
                    "type": "aws_api_gateway_method",
                    "depends_on": [],
                    "primary": {
                        "id": "7z4ixuncja/tarii2/POST",
                        "attributes": {
                            "api_key_required": "false",
                            "authorization": "CUSTOM",
                            "authorization_scopes.#": "0",
                            "authorizer_id": "nwhohe",
                            "http_method": "POST",
                            "id": "7z4ixuncja/tarii2/POST",
                            "operation_name": "",
                            "request_models.%": "0",
                            "request_parameters.%": "1",
                            "request_parameters.method.request.header.Authorization": "true",
                            "request_validator_id": "651kqk",
                            "resource_id": "tarii2",
                            "rest_api_id": "7z4ixuncja"
                        },
                        "meta": {
                            "schema_version": 0
                        },
                        "tainted": false
                    },
                    "deposed": [],
                    "provider": "provider.aws"
                },
                "aws_api_gateway_method.tfer--7z4ixuncja-002F-tfd3mq-002F-GET": {
                    "type": "aws_api_gateway_method",
                    "depends_on": [],
                    "primary": {
                        "id": "7z4ixuncja/tfd3mq/GET",
                        "attributes": {
                            "api_key_required": "false",
                            "authorization": "COGNITO_USER_POOLS",
                            "authorization_scopes.#": "2",
                            "authorization_scopes.0": "aws.cognito.signin.user.admin",
                            "authorization_scopes.1": "openid",
                            "authorizer_id": "r8s6cr",
                            "http_method": "GET",
                            "id": "7z4ixuncja/tfd3mq/GET",
                            "operation_name": "",
                            "request_models.%": "0",
                            "request_parameters.%": "0",
                            "request_validator_id": "",
                            "resource_id": "tfd3mq",
                            "rest_api_id": "7z4ixuncja"
                        },
                        "meta": {
                            "schema_version": 0
                        },
                        "tainted": false
                    },
                    "deposed": [],
                    "provider": "provider.aws"
                },
                "aws_api_gateway_method.tfer--7z4ixuncja-002F-tfd3mq-002F-OPTIONS": {
                    "type": "aws_api_gateway_method",
                    "depends_on": [],
                    "primary": {
                        "id": "7z4ixuncja/tfd3mq/OPTIONS",
                        "attributes": {
                            "api_key_required": "false",
                            "authorization": "NONE",
                            "authorization_scopes.#": "0",
                            "authorizer_id": "",
                            "http_method": "OPTIONS",
                            "id": "7z4ixuncja/tfd3mq/OPTIONS",
                            "operation_name": "",
                            "request_models.%": "0",
                            "request_parameters.%": "0",
                            "request_validator_id": "",
                            "resource_id": "tfd3mq",
                            "rest_api_id": "7z4ixuncja"
                        },
                        "meta": {
                            "schema_version": 0
                        },
                        "tainted": false
                    },
                    "deposed": [],
                    "provider": "provider.aws"
                },
                "aws_api_gateway_method.tfer--7z4ixuncja-002F-v2e0y9-002F-OPTIONS": {
                    "type": "aws_api_gateway_method",
                    "depends_on": [],
                    "primary": {
                        "id": "7z4ixuncja/v2e0y9/OPTIONS",
                        "attributes": {
                            "api_key_required": "false",
                            "authorization": "NONE",
                            "authorization_scopes.#": "0",
                            "authorizer_id": "",
                            "http_method": "OPTIONS",
                            "id": "7z4ixuncja/v2e0y9/OPTIONS",
                            "operation_name": "",
                            "request_models.%": "0",
                            "request_parameters.%": "0",
                            "request_validator_id": "",
                            "resource_id": "v2e0y9",
                            "rest_api_id": "7z4ixuncja"
                        },
                        "meta": {
                            "schema_version": 0
                        },
                        "tainted": false
                    },
                    "deposed": [],
                    "provider": "provider.aws"
                },
                "aws_api_gateway_method.tfer--7z4ixuncja-002F-v2e0y9-002F-POST": {
                    "type": "aws_api_gateway_method",
                    "depends_on": [],
                    "primary": {
                        "id": "7z4ixuncja/v2e0y9/POST",
                        "attributes": {
                            "api_key_required": "false",
                            "authorization": "CUSTOM",
                            "authorization_scopes.#": "0",
                            "authorizer_id": "nwhohe",
                            "http_method": "POST",
                            "id": "7z4ixuncja/v2e0y9/POST",
                            "operation_name": "",
                            "request_models.%": "0",
                            "request_parameters.%": "1",
                            "request_parameters.method.request.header.Authorization": "true",
                            "request_validator_id": "651kqk",
                            "resource_id": "v2e0y9",
                            "rest_api_id": "7z4ixuncja"
                        },
                        "meta": {
                            "schema_version": 0
                        },
                        "tainted": false
                    },
                    "deposed": [],
                    "provider": "provider.aws"
                },
                "aws_api_gateway_method.tfer--dxs9ctiiac-002F-k4pkp4-002F-ANY": {
                    "type": "aws_api_gateway_method",
                    "depends_on": [],
                    "primary": {
                        "id": "dxs9ctiiac/k4pkp4/ANY",
                        "attributes": {
                            "api_key_required": "false",
                            "authorization": "AWS_IAM",
                            "authorization_scopes.#": "0",
                            "authorizer_id": "",
                            "http_method": "ANY",
                            "id": "dxs9ctiiac/k4pkp4/ANY",
                            "operation_name": "",
                            "request_models.%": "0",
                            "request_parameters.%": "0",
                            "request_validator_id": "",
                            "resource_id": "k4pkp4",
                            "rest_api_id": "dxs9ctiiac"
                        },
                        "meta": {
                            "schema_version": 0
                        },
                        "tainted": false
                    },
                    "deposed": [],
                    "provider": "provider.aws"
                },
                "aws_api_gateway_method.tfer--dxs9ctiiac-002F-rd88xx-002F-ANY": {
                    "type": "aws_api_gateway_method",
                    "depends_on": [],
                    "primary": {
                        "id": "dxs9ctiiac/rd88xx/ANY",
                        "attributes": {
                            "api_key_required": "false",
                            "authorization": "COGNITO_USER_POOLS",
                            "authorization_scopes.#": "0",
                            "authorizer_id": "iu04o5",
                            "http_method": "ANY",
                            "id": "dxs9ctiiac/rd88xx/ANY",
                            "operation_name": "",
                            "request_models.%": "0",
                            "request_parameters.%": "1",
                            "request_parameters.method.request.path.proxy": "true",
                            "request_validator_id": "",
                            "resource_id": "rd88xx",
                            "rest_api_id": "dxs9ctiiac"
                        },
                        "meta": {
                            "schema_version": 0
                        },
                        "tainted": false
                    },
                    "deposed": [],
                    "provider": "provider.aws"
                },
                "aws_api_gateway_method.tfer--dxs9ctiiac-002F-rd88xx-002F-OPTIONS": {
                    "type": "aws_api_gateway_method",
                    "depends_on": [],
                    "primary": {
                        "id": "dxs9ctiiac/rd88xx/OPTIONS",
                        "attributes": {
                            "api_key_required": "false",
                            "authorization": "NONE",
                            "authorization_scopes.#": "0",
                            "authorizer_id": "",
                            "http_method": "OPTIONS",
                            "id": "dxs9ctiiac/rd88xx/OPTIONS",
                            "operation_name": "",
                            "request_models.%": "0",
                            "request_parameters.%": "0",
                            "request_validator_id": "",
                            "resource_id": "rd88xx",
                            "rest_api_id": "dxs9ctiiac"
                        },
                        "meta": {
                            "schema_version": 0
                        },
                        "tainted": false
                    },
                    "deposed": [],
                    "provider": "provider.aws"
                },
                "aws_api_gateway_method.tfer--gt3fvvf2pg-002F-vwb0qn-002F-OPTIONS": {
                    "type": "aws_api_gateway_method",
                    "depends_on": [],
                    "primary": {
                        "id": "gt3fvvf2pg/vwb0qn/OPTIONS",
                        "attributes": {
                            "api_key_required": "false",
                            "authorization": "NONE",
                            "authorization_scopes.#": "0",
                            "authorizer_id": "",
                            "http_method": "OPTIONS",
                            "id": "gt3fvvf2pg/vwb0qn/OPTIONS",
                            "operation_name": "",
                            "request_models.%": "0",
                            "request_parameters.%": "0",
                            "request_validator_id": "",
                            "resource_id": "vwb0qn",
                            "rest_api_id": "gt3fvvf2pg"
                        },
                        "meta": {
                            "schema_version": 0
                        },
                        "tainted": false
                    },
                    "deposed": [],
                    "provider": "provider.aws"
                },
                "aws_api_gateway_method.tfer--gt3fvvf2pg-002F-vwb0qn-002F-POST": {
                    "type": "aws_api_gateway_method",
                    "depends_on": [],
                    "primary": {
                        "id": "gt3fvvf2pg/vwb0qn/POST",
                        "attributes": {
                            "api_key_required": "false",
                            "authorization": "NONE",
                            "authorization_scopes.#": "0",
                            "authorizer_id": "",
                            "http_method": "POST",
                            "id": "gt3fvvf2pg/vwb0qn/POST",
                            "operation_name": "",
                            "request_models.%": "0",
                            "request_parameters.%": "0",
                            "request_validator_id": "",
                            "resource_id": "vwb0qn",
                            "rest_api_id": "gt3fvvf2pg"
                        },
                        "meta": {
                            "schema_version": 0
                        },
                        "tainted": false
                    },
                    "deposed": [],
                    "provider": "provider.aws"
                },
                "aws_api_gateway_method_response.tfer--42a6clquqe-002F-uq4a3r-002F-GET-002F-200": {
                    "type": "aws_api_gateway_method_response",
                    "depends_on": [],
                    "primary": {
                        "id": "42a6clquqe/uq4a3r/GET/200",
                        "attributes": {
                            "http_method": "GET",
                            "id": "42a6clquqe/uq4a3r/GET/200",
                            "resource_id": "uq4a3r",
                            "response_models.%": "1",
                            "response_models.application/json": "Empty",
                            "response_parameters.%": "0",
                            "rest_api_id": "42a6clquqe",
                            "status_code": "200"
                        },
                        "meta": {
                            "schema_version": 0
                        },
                        "tainted": false
                    },
                    "deposed": [],
                    "provider": "provider.aws"
                },
                "aws_api_gateway_method_response.tfer--42a6clquqe-002F-uq4a3r-002F-OPTIONS-002F-200": {
                    "type": "aws_api_gateway_method_response",
                    "depends_on": [],
                    "primary": {
                        "id": "42a6clquqe/uq4a3r/OPTIONS/200",
                        "attributes": {
                            "http_method": "OPTIONS",
                            "id": "42a6clquqe/uq4a3r/OPTIONS/200",
                            "resource_id": "uq4a3r",
                            "response_models.%": "1",
                            "response_models.application/json": "Empty",
                            "response_parameters.%": "3",
                            "response_parameters.method.response.header.Access-Control-Allow-Headers": "false",
                            "response_parameters.method.response.header.Access-Control-Allow-Methods": "false",
                            "response_parameters.method.response.header.Access-Control-Allow-Origin": "false",
                            "rest_api_id": "42a6clquqe",
                            "status_code": "200"
                        },
                        "meta": {
                            "schema_version": 0
                        },
                        "tainted": false
                    },
                    "deposed": [],
                    "provider": "provider.aws"
                },
                "aws_api_gateway_method_response.tfer--54fu8y3s9a-002F-0r6m1r-002F-ANY-002F-200": {
                    "type": "aws_api_gateway_method_response",
                    "depends_on": [],
                    "primary": {
                        "id": "54fu8y3s9a/0r6m1r/ANY/200",
                        "attributes": {
                            "http_method": "ANY",
                            "id": "54fu8y3s9a/0r6m1r/ANY/200",
                            "resource_id": "0r6m1r",
                            "response_models.%": "0",
                            "response_parameters.%": "0",
                            "rest_api_id": "54fu8y3s9a",
                            "status_code": "200"
                        },
                        "meta": {
                            "schema_version": 0
                        },
                        "tainted": false
                    },
                    "deposed": [],
                    "provider": "provider.aws"
                },
                "aws_api_gateway_method_response.tfer--54fu8y3s9a-002F-3kcp2h-002F-ANY-002F-200": {
                    "type": "aws_api_gateway_method_response",
                    "depends_on": [],
                    "primary": {
                        "id": "54fu8y3s9a/3kcp2h/ANY/200",
                        "attributes": {
                            "http_method": "ANY",
                            "id": "54fu8y3s9a/3kcp2h/ANY/200",
                            "resource_id": "3kcp2h",
                            "response_models.%": "0",
                            "response_parameters.%": "0",
                            "rest_api_id": "54fu8y3s9a",
                            "status_code": "200"
                        },
                        "meta": {
                            "schema_version": 0
                        },
                        "tainted": false
                    },
                    "deposed": [],
                    "provider": "provider.aws"
                },
                "aws_api_gateway_method_response.tfer--54fu8y3s9a-002F-5xcch2-002F-OPTIONS-002F-200": {
                    "type": "aws_api_gateway_method_response",
                    "depends_on": [],
                    "primary": {
                        "id": "54fu8y3s9a/5xcch2/OPTIONS/200",
                        "attributes": {
                            "http_method": "OPTIONS",
                            "id": "54fu8y3s9a/5xcch2/OPTIONS/200",
                            "resource_id": "5xcch2",
                            "response_models.%": "1",
                            "response_models.application/json": "Empty",
                            "response_parameters.%": "3",
                            "response_parameters.method.response.header.Access-Control-Allow-Headers": "false",
                            "response_parameters.method.response.header.Access-Control-Allow-Methods": "false",
                            "response_parameters.method.response.header.Access-Control-Allow-Origin": "false",
                            "rest_api_id": "54fu8y3s9a",
                            "status_code": "200"
                        },
                        "meta": {
                            "schema_version": 0
                        },
                        "tainted": false
                    },
                    "deposed": [],
                    "provider": "provider.aws"
                },
                "aws_api_gateway_method_response.tfer--54fu8y3s9a-002F-5xcch2-002F-POST-002F-200": {
                    "type": "aws_api_gateway_method_response",
                    "depends_on": [],
                    "primary": {
                        "id": "54fu8y3s9a/5xcch2/POST/200",
                        "attributes": {
                            "http_method": "POST",
                            "id": "54fu8y3s9a/5xcch2/POST/200",
                            "resource_id": "5xcch2",
                            "response_models.%": "1",
                            "response_models.application/json": "Empty",
                            "response_parameters.%": "1",
                            "response_parameters.method.response.header.Access-Control-Allow-Origin": "false",
                            "rest_api_id": "54fu8y3s9a",
                            "status_code": "200"
                        },
                        "meta": {
                            "schema_version": 0
                        },
                        "tainted": false
                    },
                    "deposed": [],
                    "provider": "provider.aws"
                },
                "aws_api_gateway_method_response.tfer--54fu8y3s9a-002F-6c4ve1-002F-ANY-002F-200": {
                    "type": "aws_api_gateway_method_response",
                    "depends_on": [],
                    "primary": {
                        "id": "54fu8y3s9a/6c4ve1/ANY/200",
                        "attributes": {
                            "http_method": "ANY",
                            "id": "54fu8y3s9a/6c4ve1/ANY/200",
                            "resource_id": "6c4ve1",
                            "response_models.%": "0",
                            "response_parameters.%": "0",
                            "rest_api_id": "54fu8y3s9a",
                            "status_code": "200"
                        },
                        "meta": {
                            "schema_version": 0
                        },
                        "tainted": false
                    },
                    "deposed": [],
                    "provider": "provider.aws"
                },
                "aws_api_gateway_method_response.tfer--54fu8y3s9a-002F-6to0ly-002F-OPTIONS-002F-200": {
                    "type": "aws_api_gateway_method_response",
                    "depends_on": [],
                    "primary": {
                        "id": "54fu8y3s9a/6to0ly/OPTIONS/200",
                        "attributes": {
                            "http_method": "OPTIONS",
                            "id": "54fu8y3s9a/6to0ly/OPTIONS/200",
                            "resource_id": "6to0ly",
                            "response_models.%": "1",
                            "response_models.application/json": "Empty",
                            "response_parameters.%": "3",
                            "response_parameters.method.response.header.Access-Control-Allow-Headers": "false",
                            "response_parameters.method.response.header.Access-Control-Allow-Methods": "false",
                            "response_parameters.method.response.header.Access-Control-Allow-Origin": "false",
                            "rest_api_id": "54fu8y3s9a",
                            "status_code": "200"
                        },
                        "meta": {
                            "schema_version": 0
                        },
                        "tainted": false
                    },
                    "deposed": [],
                    "provider": "provider.aws"
                },
                "aws_api_gateway_method_response.tfer--54fu8y3s9a-002F-6to0ly-002F-POST-002F-200": {
                    "type": "aws_api_gateway_method_response",
                    "depends_on": [],
                    "primary": {
                        "id": "54fu8y3s9a/6to0ly/POST/200",
                        "attributes": {
                            "http_method": "POST",
                            "id": "54fu8y3s9a/6to0ly/POST/200",
                            "resource_id": "6to0ly",
                            "response_models.%": "1",
                            "response_models.application/json": "Empty",
                            "response_parameters.%": "1",
                            "response_parameters.method.response.header.Access-Control-Allow-Origin": "false",
                            "rest_api_id": "54fu8y3s9a",
                            "status_code": "200"
                        },
                        "meta": {
                            "schema_version": 0
                        },
                        "tainted": false
                    },
                    "deposed": [],
                    "provider": "provider.aws"
                },
                "aws_api_gateway_method_response.tfer--54fu8y3s9a-002F-86eh8l-002F-OPTIONS-002F-200": {
                    "type": "aws_api_gateway_method_response",
                    "depends_on": [],
                    "primary": {
                        "id": "54fu8y3s9a/86eh8l/OPTIONS/200",
                        "attributes": {
                            "http_method": "OPTIONS",
                            "id": "54fu8y3s9a/86eh8l/OPTIONS/200",
                            "resource_id": "86eh8l",
                            "response_models.%": "1",
                            "response_models.application/json": "Empty",
                            "response_parameters.%": "3",
                            "response_parameters.method.response.header.Access-Control-Allow-Headers": "false",
                            "response_parameters.method.response.header.Access-Control-Allow-Methods": "false",
                            "response_parameters.method.response.header.Access-Control-Allow-Origin": "false",
                            "rest_api_id": "54fu8y3s9a",
                            "status_code": "200"
                        },
                        "meta": {
                            "schema_version": 0
                        },
                        "tainted": false
                    },
                    "deposed": [],
                    "provider": "provider.aws"
                },
                "aws_api_gateway_method_response.tfer--54fu8y3s9a-002F-86eh8l-002F-POST-002F-200": {
                    "type": "aws_api_gateway_method_response",
                    "depends_on": [],
                    "primary": {
                        "id": "54fu8y3s9a/86eh8l/POST/200",
                        "attributes": {
                            "http_method": "POST",
                            "id": "54fu8y3s9a/86eh8l/POST/200",
                            "resource_id": "86eh8l",
                            "response_models.%": "1",
                            "response_models.application/json": "Empty",
                            "response_parameters.%": "1",
                            "response_parameters.method.response.header.Access-Control-Allow-Origin": "false",
                            "rest_api_id": "54fu8y3s9a",
                            "status_code": "200"
                        },
                        "meta": {
                            "schema_version": 0
                        },
                        "tainted": false
                    },
                    "deposed": [],
                    "provider": "provider.aws"
                },
                "aws_api_gateway_method_response.tfer--54fu8y3s9a-002F-xju3ch-002F-OPTIONS-002F-200": {
                    "type": "aws_api_gateway_method_response",
                    "depends_on": [],
                    "primary": {
                        "id": "54fu8y3s9a/xju3ch/OPTIONS/200",
                        "attributes": {
                            "http_method": "OPTIONS",
                            "id": "54fu8y3s9a/xju3ch/OPTIONS/200",
                            "resource_id": "xju3ch",
                            "response_models.%": "1",
                            "response_models.application/json": "Empty",
                            "response_parameters.%": "3",
                            "response_parameters.method.response.header.Access-Control-Allow-Headers": "false",
                            "response_parameters.method.response.header.Access-Control-Allow-Methods": "false",
                            "response_parameters.method.response.header.Access-Control-Allow-Origin": "false",
                            "rest_api_id": "54fu8y3s9a",
                            "status_code": "200"
                        },
                        "meta": {
                            "schema_version": 0
                        },
                        "tainted": false
                    },
                    "deposed": [],
                    "provider": "provider.aws"
                },
                "aws_api_gateway_method_response.tfer--54fu8y3s9a-002F-xju3ch-002F-POST-002F-200": {
                    "type": "aws_api_gateway_method_response",
                    "depends_on": [],
                    "primary": {
                        "id": "54fu8y3s9a/xju3ch/POST/200",
                        "attributes": {
                            "http_method": "POST",
                            "id": "54fu8y3s9a/xju3ch/POST/200",
                            "resource_id": "xju3ch",
                            "response_models.%": "1",
                            "response_models.application/json": "Empty",
                            "response_parameters.%": "1",
                            "response_parameters.method.response.header.Access-Control-Allow-Origin": "false",
                            "rest_api_id": "54fu8y3s9a",
                            "status_code": "200"
                        },
                        "meta": {
                            "schema_version": 0
                        },
                        "tainted": false
                    },
                    "deposed": [],
                    "provider": "provider.aws"
                },
                "aws_api_gateway_method_response.tfer--6vasen33q4-002F-3ir5sn-002F-GET-002F-200": {
                    "type": "aws_api_gateway_method_response",
                    "depends_on": [],
                    "primary": {
                        "id": "6vasen33q4/3ir5sn/GET/200",
                        "attributes": {
                            "http_method": "GET",
                            "id": "6vasen33q4/3ir5sn/GET/200",
                            "resource_id": "3ir5sn",
                            "response_models.%": "1",
                            "response_models.application/json": "Empty",
                            "response_parameters.%": "1",
                            "response_parameters.method.response.header.Access-Control-Allow-Origin": "false",
                            "rest_api_id": "6vasen33q4",
                            "status_code": "200"
                        },
                        "meta": {
                            "schema_version": 0
                        },
                        "tainted": false
                    },
                    "deposed": [],
                    "provider": "provider.aws"
                },
                "aws_api_gateway_method_response.tfer--6vasen33q4-002F-3ir5sn-002F-OPTIONS-002F-200": {
                    "type": "aws_api_gateway_method_response",
                    "depends_on": [],
                    "primary": {
                        "id": "6vasen33q4/3ir5sn/OPTIONS/200",
                        "attributes": {
                            "http_method": "OPTIONS",
                            "id": "6vasen33q4/3ir5sn/OPTIONS/200",
                            "resource_id": "3ir5sn",
                            "response_models.%": "1",
                            "response_models.application/json": "Empty",
                            "response_parameters.%": "3",
                            "response_parameters.method.response.header.Access-Control-Allow-Headers": "false",
                            "response_parameters.method.response.header.Access-Control-Allow-Methods": "false",
                            "response_parameters.method.response.header.Access-Control-Allow-Origin": "false",
                            "rest_api_id": "6vasen33q4",
                            "status_code": "200"
                        },
                        "meta": {
                            "schema_version": 0
                        },
                        "tainted": false
                    },
                    "deposed": [],
                    "provider": "provider.aws"
                },
                "aws_api_gateway_method_response.tfer--6vasen33q4-002F-h72zzg-002F-GET-002F-200": {
                    "type": "aws_api_gateway_method_response",
                    "depends_on": [],
                    "primary": {
                        "id": "6vasen33q4/h72zzg/GET/200",
                        "attributes": {
                            "http_method": "GET",
                            "id": "6vasen33q4/h72zzg/GET/200",
                            "resource_id": "h72zzg",
                            "response_models.%": "1",
                            "response_models.application/json": "Empty",
                            "response_parameters.%": "1",
                            "response_parameters.method.response.header.Access-Control-Allow-Origin": "false",
                            "rest_api_id": "6vasen33q4",
                            "status_code": "200"
                        },
                        "meta": {
                            "schema_version": 0
                        },
                        "tainted": false
                    },
                    "deposed": [],
                    "provider": "provider.aws"
                },
                "aws_api_gateway_method_response.tfer--6vasen33q4-002F-h72zzg-002F-OPTIONS-002F-200": {
                    "type": "aws_api_gateway_method_response",
                    "depends_on": [],
                    "primary": {
                        "id": "6vasen33q4/h72zzg/OPTIONS/200",
                        "attributes": {
                            "http_method": "OPTIONS",
                            "id": "6vasen33q4/h72zzg/OPTIONS/200",
                            "resource_id": "h72zzg",
                            "response_models.%": "1",
                            "response_models.application/json": "Empty",
                            "response_parameters.%": "3",
                            "response_parameters.method.response.header.Access-Control-Allow-Headers": "false",
                            "response_parameters.method.response.header.Access-Control-Allow-Methods": "false",
                            "response_parameters.method.response.header.Access-Control-Allow-Origin": "false",
                            "rest_api_id": "6vasen33q4",
                            "status_code": "200"
                        },
                        "meta": {
                            "schema_version": 0
                        },
                        "tainted": false
                    },
                    "deposed": [],
                    "provider": "provider.aws"
                },
                "aws_api_gateway_method_response.tfer--6vasen33q4-002F-li90vc-002F-OPTIONS-002F-200": {
                    "type": "aws_api_gateway_method_response",
                    "depends_on": [],
                    "primary": {
                        "id": "6vasen33q4/li90vc/OPTIONS/200",
                        "attributes": {
                            "http_method": "OPTIONS",
                            "id": "6vasen33q4/li90vc/OPTIONS/200",
                            "resource_id": "li90vc",
                            "response_models.%": "1",
                            "response_models.application/json": "Empty",
                            "response_parameters.%": "3",
                            "response_parameters.method.response.header.Access-Control-Allow-Headers": "false",
                            "response_parameters.method.response.header.Access-Control-Allow-Methods": "false",
                            "response_parameters.method.response.header.Access-Control-Allow-Origin": "false",
                            "rest_api_id": "6vasen33q4",
                            "status_code": "200"
                        },
                        "meta": {
                            "schema_version": 0
                        },
                        "tainted": false
                    },
                    "deposed": [],
                    "provider": "provider.aws"
                },
                "aws_api_gateway_method_response.tfer--6vasen33q4-002F-li90vc-002F-POST-002F-200": {
                    "type": "aws_api_gateway_method_response",
                    "depends_on": [],
                    "primary": {
                        "id": "6vasen33q4/li90vc/POST/200",
                        "attributes": {
                            "http_method": "POST",
                            "id": "6vasen33q4/li90vc/POST/200",
                            "resource_id": "li90vc",
                            "response_models.%": "1",
                            "response_models.application/json": "Empty",
                            "response_parameters.%": "1",
                            "response_parameters.method.response.header.Access-Control-Allow-Origin": "false",
                            "rest_api_id": "6vasen33q4",
                            "status_code": "200"
                        },
                        "meta": {
                            "schema_version": 0
                        },
                        "tainted": false
                    },
                    "deposed": [],
                    "provider": "provider.aws"
                },
                "aws_api_gateway_method_response.tfer--6vasen33q4-002F-souuc0-002F-OPTIONS-002F-200": {
                    "type": "aws_api_gateway_method_response",
                    "depends_on": [],
                    "primary": {
                        "id": "6vasen33q4/souuc0/OPTIONS/200",
                        "attributes": {
                            "http_method": "OPTIONS",
                            "id": "6vasen33q4/souuc0/OPTIONS/200",
                            "resource_id": "souuc0",
                            "response_models.%": "1",
                            "response_models.application/json": "Empty",
                            "response_parameters.%": "3",
                            "response_parameters.method.response.header.Access-Control-Allow-Headers": "false",
                            "response_parameters.method.response.header.Access-Control-Allow-Methods": "false",
                            "response_parameters.method.response.header.Access-Control-Allow-Origin": "false",
                            "rest_api_id": "6vasen33q4",
                            "status_code": "200"
                        },
                        "meta": {
                            "schema_version": 0
                        },
                        "tainted": false
                    },
                    "deposed": [],
                    "provider": "provider.aws"
                },
                "aws_api_gateway_method_response.tfer--6vasen33q4-002F-souuc0-002F-POST-002F-200": {
                    "type": "aws_api_gateway_method_response",
                    "depends_on": [],
                    "primary": {
                        "id": "6vasen33q4/souuc0/POST/200",
                        "attributes": {
                            "http_method": "POST",
                            "id": "6vasen33q4/souuc0/POST/200",
                            "resource_id": "souuc0",
                            "response_models.%": "1",
                            "response_models.application/json": "Empty",
                            "response_parameters.%": "1",
                            "response_parameters.method.response.header.Access-Control-Allow-Origin": "false",
                            "rest_api_id": "6vasen33q4",
                            "status_code": "200"
                        },
                        "meta": {
                            "schema_version": 0
                        },
                        "tainted": false
                    },
                    "deposed": [],
                    "provider": "provider.aws"
                },
                "aws_api_gateway_method_response.tfer--6vasen33q4-002F-trcrjo-002F-GET-002F-200": {
                    "type": "aws_api_gateway_method_response",
                    "depends_on": [],
                    "primary": {
                        "id": "6vasen33q4/trcrjo/GET/200",
                        "attributes": {
                            "http_method": "GET",
                            "id": "6vasen33q4/trcrjo/GET/200",
                            "resource_id": "trcrjo",
                            "response_models.%": "1",
                            "response_models.application/json": "Empty",
                            "response_parameters.%": "1",
                            "response_parameters.method.response.header.Access-Control-Allow-Origin": "false",
                            "rest_api_id": "6vasen33q4",
                            "status_code": "200"
                        },
                        "meta": {
                            "schema_version": 0
                        },
                        "tainted": false
                    },
                    "deposed": [],
                    "provider": "provider.aws"
                },
                "aws_api_gateway_method_response.tfer--6vasen33q4-002F-trcrjo-002F-OPTIONS-002F-200": {
                    "type": "aws_api_gateway_method_response",
                    "depends_on": [],
                    "primary": {
                        "id": "6vasen33q4/trcrjo/OPTIONS/200",
                        "attributes": {
                            "http_method": "OPTIONS",
                            "id": "6vasen33q4/trcrjo/OPTIONS/200",
                            "resource_id": "trcrjo",
                            "response_models.%": "1",
                            "response_models.application/json": "Empty",
                            "response_parameters.%": "3",
                            "response_parameters.method.response.header.Access-Control-Allow-Headers": "false",
                            "response_parameters.method.response.header.Access-Control-Allow-Methods": "false",
                            "response_parameters.method.response.header.Access-Control-Allow-Origin": "false",
                            "rest_api_id": "6vasen33q4",
                            "status_code": "200"
                        },
                        "meta": {
                            "schema_version": 0
                        },
                        "tainted": false
                    },
                    "deposed": [],
                    "provider": "provider.aws"
                },
                "aws_api_gateway_method_response.tfer--6vasen33q4-002F-trcrjo-002F-POST-002F-200": {
                    "type": "aws_api_gateway_method_response",
                    "depends_on": [],
                    "primary": {
                        "id": "6vasen33q4/trcrjo/POST/200",
                        "attributes": {
                            "http_method": "POST",
                            "id": "6vasen33q4/trcrjo/POST/200",
                            "resource_id": "trcrjo",
                            "response_models.%": "1",
                            "response_models.application/json": "Empty",
                            "response_parameters.%": "0",
                            "rest_api_id": "6vasen33q4",
                            "status_code": "200"
                        },
                        "meta": {
                            "schema_version": 0
                        },
                        "tainted": false
                    },
                    "deposed": [],
                    "provider": "provider.aws"
                },
                "aws_api_gateway_method_response.tfer--7z4ixuncja-002F-3dp4kg-002F-OPTIONS-002F-200": {
                    "type": "aws_api_gateway_method_response",
                    "depends_on": [],
                    "primary": {
                        "id": "7z4ixuncja/3dp4kg/OPTIONS/200",
                        "attributes": {
                            "http_method": "OPTIONS",
                            "id": "7z4ixuncja/3dp4kg/OPTIONS/200",
                            "resource_id": "3dp4kg",
                            "response_models.%": "1",
                            "response_models.application/json": "Empty",
                            "response_parameters.%": "3",
                            "response_parameters.method.response.header.Access-Control-Allow-Headers": "false",
                            "response_parameters.method.response.header.Access-Control-Allow-Methods": "false",
                            "response_parameters.method.response.header.Access-Control-Allow-Origin": "false",
                            "rest_api_id": "7z4ixuncja",
                            "status_code": "200"
                        },
                        "meta": {
                            "schema_version": 0
                        },
                        "tainted": false
                    },
                    "deposed": [],
                    "provider": "provider.aws"
                },
                "aws_api_gateway_method_response.tfer--7z4ixuncja-002F-4p4zzj-002F-OPTIONS-002F-200": {
                    "type": "aws_api_gateway_method_response",
                    "depends_on": [],
                    "primary": {
                        "id": "7z4ixuncja/4p4zzj/OPTIONS/200",
                        "attributes": {
                            "http_method": "OPTIONS",
                            "id": "7z4ixuncja/4p4zzj/OPTIONS/200",
                            "resource_id": "4p4zzj",
                            "response_models.%": "1",
                            "response_models.application/json": "Empty",
                            "response_parameters.%": "5",
                            "response_parameters.method.response.header.Access-Control-Allow-Credentials": "false",
                            "response_parameters.method.response.header.Access-Control-Allow-Headers": "false",
                            "response_parameters.method.response.header.Access-Control-Allow-Methods": "false",
                            "response_parameters.method.response.header.Access-Control-Allow-Origin": "false",
                            "response_parameters.method.response.header.Access-Control-Max-Age": "false",
                            "rest_api_id": "7z4ixuncja",
                            "status_code": "200"
                        },
                        "meta": {
                            "schema_version": 0
                        },
                        "tainted": false
                    },
                    "deposed": [],
                    "provider": "provider.aws"
                },
                "aws_api_gateway_method_response.tfer--7z4ixuncja-002F-gmab69-002F-GET-002F-200": {
                    "type": "aws_api_gateway_method_response",
                    "depends_on": [],
                    "primary": {
                        "id": "7z4ixuncja/gmab69/GET/200",
                        "attributes": {
                            "http_method": "GET",
                            "id": "7z4ixuncja/gmab69/GET/200",
                            "resource_id": "gmab69",
                            "response_models.%": "1",
                            "response_models.application/json": "Empty",
                            "response_parameters.%": "1",
                            "response_parameters.method.response.header.Access-Control-Allow-Origin": "false",
                            "rest_api_id": "7z4ixuncja",
                            "status_code": "200"
                        },
                        "meta": {
                            "schema_version": 0
                        },
                        "tainted": false
                    },
                    "deposed": [],
                    "provider": "provider.aws"
                },
                "aws_api_gateway_method_response.tfer--7z4ixuncja-002F-gmab69-002F-OPTIONS-002F-200": {
                    "type": "aws_api_gateway_method_response",
                    "depends_on": [],
                    "primary": {
                        "id": "7z4ixuncja/gmab69/OPTIONS/200",
                        "attributes": {
                            "http_method": "OPTIONS",
                            "id": "7z4ixuncja/gmab69/OPTIONS/200",
                            "resource_id": "gmab69",
                            "response_models.%": "1",
                            "response_models.application/json": "Empty",
                            "response_parameters.%": "5",
                            "response_parameters.method.response.header.Access-Control-Allow-Credentials": "false",
                            "response_parameters.method.response.header.Access-Control-Allow-Headers": "false",
                            "response_parameters.method.response.header.Access-Control-Allow-Methods": "false",
                            "response_parameters.method.response.header.Access-Control-Allow-Origin": "false",
                            "response_parameters.method.response.header.Access-Control-Max-Age": "false",
                            "rest_api_id": "7z4ixuncja",
                            "status_code": "200"
                        },
                        "meta": {
                            "schema_version": 0
                        },
                        "tainted": false
                    },
                    "deposed": [],
                    "provider": "provider.aws"
                },
                "aws_api_gateway_method_response.tfer--7z4ixuncja-002F-oy76ng-002F-OPTIONS-002F-200": {
                    "type": "aws_api_gateway_method_response",
                    "depends_on": [],
                    "primary": {
                        "id": "7z4ixuncja/oy76ng/OPTIONS/200",
                        "attributes": {
                            "http_method": "OPTIONS",
                            "id": "7z4ixuncja/oy76ng/OPTIONS/200",
                            "resource_id": "oy76ng",
                            "response_models.%": "1",
                            "response_models.application/json": "Empty",
                            "response_parameters.%": "5",
                            "response_parameters.method.response.header.Access-Control-Allow-Credentials": "false",
                            "response_parameters.method.response.header.Access-Control-Allow-Headers": "false",
                            "response_parameters.method.response.header.Access-Control-Allow-Methods": "false",
                            "response_parameters.method.response.header.Access-Control-Allow-Origin": "false",
                            "response_parameters.method.response.header.Access-Control-Max-Age": "false",
                            "rest_api_id": "7z4ixuncja",
                            "status_code": "200"
                        },
                        "meta": {
                            "schema_version": 0
                        },
                        "tainted": false
                    },
                    "deposed": [],
                    "provider": "provider.aws"
                },
                "aws_api_gateway_method_response.tfer--7z4ixuncja-002F-oy76ng-002F-POST-002F-200": {
                    "type": "aws_api_gateway_method_response",
                    "depends_on": [],
                    "primary": {
                        "id": "7z4ixuncja/oy76ng/POST/200",
                        "attributes": {
                            "http_method": "POST",
                            "id": "7z4ixuncja/oy76ng/POST/200",
                            "resource_id": "oy76ng",
                            "response_models.%": "1",
                            "response_models.application/json": "Empty",
                            "response_parameters.%": "1",
                            "response_parameters.method.response.header.Access-Control-Allow-Origin": "false",
                            "rest_api_id": "7z4ixuncja",
                            "status_code": "200"
                        },
                        "meta": {
                            "schema_version": 0
                        },
                        "tainted": false
                    },
                    "deposed": [],
                    "provider": "provider.aws"
                },
                "aws_api_gateway_method_response.tfer--7z4ixuncja-002F-skxs0h-002F-OPTIONS-002F-200": {
                    "type": "aws_api_gateway_method_response",
                    "depends_on": [],
                    "primary": {
                        "id": "7z4ixuncja/skxs0h/OPTIONS/200",
                        "attributes": {
                            "http_method": "OPTIONS",
                            "id": "7z4ixuncja/skxs0h/OPTIONS/200",
                            "resource_id": "skxs0h",
                            "response_models.%": "1",
                            "response_models.application/json": "Empty",
                            "response_parameters.%": "3",
                            "response_parameters.method.response.header.Access-Control-Allow-Headers": "false",
                            "response_parameters.method.response.header.Access-Control-Allow-Methods": "false",
                            "response_parameters.method.response.header.Access-Control-Allow-Origin": "false",
                            "rest_api_id": "7z4ixuncja",
                            "status_code": "200"
                        },
                        "meta": {
                            "schema_version": 0
                        },
                        "tainted": false
                    },
                    "deposed": [],
                    "provider": "provider.aws"
                },
                "aws_api_gateway_method_response.tfer--7z4ixuncja-002F-tarii2-002F-OPTIONS-002F-200": {
                    "type": "aws_api_gateway_method_response",
                    "depends_on": [],
                    "primary": {
                        "id": "7z4ixuncja/tarii2/OPTIONS/200",
                        "attributes": {
                            "http_method": "OPTIONS",
                            "id": "7z4ixuncja/tarii2/OPTIONS/200",
                            "resource_id": "tarii2",
                            "response_models.%": "1",
                            "response_models.application/json": "Empty",
                            "response_parameters.%": "3",
                            "response_parameters.method.response.header.Access-Control-Allow-Headers": "false",
                            "response_parameters.method.response.header.Access-Control-Allow-Methods": "false",
                            "response_parameters.method.response.header.Access-Control-Allow-Origin": "false",
                            "rest_api_id": "7z4ixuncja",
                            "status_code": "200"
                        },
                        "meta": {
                            "schema_version": 0
                        },
                        "tainted": false
                    },
                    "deposed": [],
                    "provider": "provider.aws"
                },
                "aws_api_gateway_method_response.tfer--7z4ixuncja-002F-tarii2-002F-POST-002F-200": {
                    "type": "aws_api_gateway_method_response",
                    "depends_on": [],
                    "primary": {
                        "id": "7z4ixuncja/tarii2/POST/200",
                        "attributes": {
                            "http_method": "POST",
                            "id": "7z4ixuncja/tarii2/POST/200",
                            "resource_id": "tarii2",
                            "response_models.%": "1",
                            "response_models.application/json": "Empty",
                            "response_parameters.%": "0",
                            "rest_api_id": "7z4ixuncja",
                            "status_code": "200"
                        },
                        "meta": {
                            "schema_version": 0
                        },
                        "tainted": false
                    },
                    "deposed": [],
                    "provider": "provider.aws"
                },
                "aws_api_gateway_method_response.tfer--7z4ixuncja-002F-tfd3mq-002F-GET-002F-200": {
                    "type": "aws_api_gateway_method_response",
                    "depends_on": [],
                    "primary": {
                        "id": "7z4ixuncja/tfd3mq/GET/200",
                        "attributes": {
                            "http_method": "GET",
                            "id": "7z4ixuncja/tfd3mq/GET/200",
                            "resource_id": "tfd3mq",
                            "response_models.%": "1",
                            "response_models.application/json": "Empty",
                            "response_parameters.%": "1",
                            "response_parameters.method.response.header.Access-Control-Allow-Origin": "false",
                            "rest_api_id": "7z4ixuncja",
                            "status_code": "200"
                        },
                        "meta": {
                            "schema_version": 0
                        },
                        "tainted": false
                    },
                    "deposed": [],
                    "provider": "provider.aws"
                },
                "aws_api_gateway_method_response.tfer--7z4ixuncja-002F-tfd3mq-002F-OPTIONS-002F-200": {
                    "type": "aws_api_gateway_method_response",
                    "depends_on": [],
                    "primary": {
                        "id": "7z4ixuncja/tfd3mq/OPTIONS/200",
                        "attributes": {
                            "http_method": "OPTIONS",
                            "id": "7z4ixuncja/tfd3mq/OPTIONS/200",
                            "resource_id": "tfd3mq",
                            "response_models.%": "1",
                            "response_models.application/json": "Empty",
                            "response_parameters.%": "5",
                            "response_parameters.method.response.header.Access-Control-Allow-Credentials": "false",
                            "response_parameters.method.response.header.Access-Control-Allow-Headers": "false",
                            "response_parameters.method.response.header.Access-Control-Allow-Methods": "false",
                            "response_parameters.method.response.header.Access-Control-Allow-Origin": "false",
                            "response_parameters.method.response.header.Access-Control-Max-Age": "false",
                            "rest_api_id": "7z4ixuncja",
                            "status_code": "200"
                        },
                        "meta": {
                            "schema_version": 0
                        },
                        "tainted": false
                    },
                    "deposed": [],
                    "provider": "provider.aws"
                },
                "aws_api_gateway_method_response.tfer--7z4ixuncja-002F-v2e0y9-002F-OPTIONS-002F-200": {
                    "type": "aws_api_gateway_method_response",
                    "depends_on": [],
                    "primary": {
                        "id": "7z4ixuncja/v2e0y9/OPTIONS/200",
                        "attributes": {
                            "http_method": "OPTIONS",
                            "id": "7z4ixuncja/v2e0y9/OPTIONS/200",
                            "resource_id": "v2e0y9",
                            "response_models.%": "1",
                            "response_models.application/json": "Empty",
                            "response_parameters.%": "3",
                            "response_parameters.method.response.header.Access-Control-Allow-Headers": "false",
                            "response_parameters.method.response.header.Access-Control-Allow-Methods": "false",
                            "response_parameters.method.response.header.Access-Control-Allow-Origin": "false",
                            "rest_api_id": "7z4ixuncja",
                            "status_code": "200"
                        },
                        "meta": {
                            "schema_version": 0
                        },
                        "tainted": false
                    },
                    "deposed": [],
                    "provider": "provider.aws"
                },
                "aws_api_gateway_method_response.tfer--7z4ixuncja-002F-v2e0y9-002F-POST-002F-200": {
                    "type": "aws_api_gateway_method_response",
                    "depends_on": [],
                    "primary": {
                        "id": "7z4ixuncja/v2e0y9/POST/200",
                        "attributes": {
                            "http_method": "POST",
                            "id": "7z4ixuncja/v2e0y9/POST/200",
                            "resource_id": "v2e0y9",
                            "response_models.%": "1",
                            "response_models.application/json": "Empty",
                            "response_parameters.%": "0",
                            "rest_api_id": "7z4ixuncja",
                            "status_code": "200"
                        },
                        "meta": {
                            "schema_version": 0
                        },
                        "tainted": false
                    },
                    "deposed": [],
                    "provider": "provider.aws"
                },
                "aws_api_gateway_method_response.tfer--dxs9ctiiac-002F-k4pkp4-002F-ANY-002F-200": {
                    "type": "aws_api_gateway_method_response",
                    "depends_on": [],
                    "primary": {
                        "id": "dxs9ctiiac/k4pkp4/ANY/200",
                        "attributes": {
                            "http_method": "ANY",
                            "id": "dxs9ctiiac/k4pkp4/ANY/200",
                            "resource_id": "k4pkp4",
                            "response_models.%": "0",
                            "response_parameters.%": "0",
                            "rest_api_id": "dxs9ctiiac",
                            "status_code": "200"
                        },
                        "meta": {
                            "schema_version": 0
                        },
                        "tainted": false
                    },
                    "deposed": [],
                    "provider": "provider.aws"
                },
                "aws_api_gateway_method_response.tfer--dxs9ctiiac-002F-rd88xx-002F-ANY-002F-200": {
                    "type": "aws_api_gateway_method_response",
                    "depends_on": [],
                    "primary": {
                        "id": "dxs9ctiiac/rd88xx/ANY/200",
                        "attributes": {
                            "http_method": "ANY",
                            "id": "dxs9ctiiac/rd88xx/ANY/200",
                            "resource_id": "rd88xx",
                            "response_models.%": "1",
                            "response_models.application/json": "Empty",
                            "response_parameters.%": "0",
                            "rest_api_id": "dxs9ctiiac",
                            "status_code": "200"
                        },
                        "meta": {
                            "schema_version": 0
                        },
                        "tainted": false
                    },
                    "deposed": [],
                    "provider": "provider.aws"
                },
                "aws_api_gateway_method_response.tfer--dxs9ctiiac-002F-rd88xx-002F-OPTIONS-002F-200": {
                    "type": "aws_api_gateway_method_response",
                    "depends_on": [],
                    "primary": {
                        "id": "dxs9ctiiac/rd88xx/OPTIONS/200",
                        "attributes": {
                            "http_method": "OPTIONS",
                            "id": "dxs9ctiiac/rd88xx/OPTIONS/200",
                            "resource_id": "rd88xx",
                            "response_models.%": "1",
                            "response_models.application/json": "Empty",
                            "response_parameters.%": "3",
                            "response_parameters.method.response.header.Access-Control-Allow-Headers": "false",
                            "response_parameters.method.response.header.Access-Control-Allow-Methods": "false",
                            "response_parameters.method.response.header.Access-Control-Allow-Origin": "false",
                            "rest_api_id": "dxs9ctiiac",
                            "status_code": "200"
                        },
                        "meta": {
                            "schema_version": 0
                        },
                        "tainted": false
                    },
                    "deposed": [],
                    "provider": "provider.aws"
                },
                "aws_api_gateway_method_response.tfer--gt3fvvf2pg-002F-vwb0qn-002F-OPTIONS-002F-200": {
                    "type": "aws_api_gateway_method_response",
                    "depends_on": [],
                    "primary": {
                        "id": "gt3fvvf2pg/vwb0qn/OPTIONS/200",
                        "attributes": {
                            "http_method": "OPTIONS",
                            "id": "gt3fvvf2pg/vwb0qn/OPTIONS/200",
                            "resource_id": "vwb0qn",
                            "response_models.%": "1",
                            "response_models.application/json": "Empty",
                            "response_parameters.%": "3",
                            "response_parameters.method.response.header.Access-Control-Allow-Headers": "false",
                            "response_parameters.method.response.header.Access-Control-Allow-Methods": "false",
                            "response_parameters.method.response.header.Access-Control-Allow-Origin": "false",
                            "rest_api_id": "gt3fvvf2pg",
                            "status_code": "200"
                        },
                        "meta": {
                            "schema_version": 0
                        },
                        "tainted": false
                    },
                    "deposed": [],
                    "provider": "provider.aws"
                },
                "aws_api_gateway_method_response.tfer--gt3fvvf2pg-002F-vwb0qn-002F-POST-002F-200": {
                    "type": "aws_api_gateway_method_response",
                    "depends_on": [],
                    "primary": {
                        "id": "gt3fvvf2pg/vwb0qn/POST/200",
                        "attributes": {
                            "http_method": "POST",
                            "id": "gt3fvvf2pg/vwb0qn/POST/200",
                            "resource_id": "vwb0qn",
                            "response_models.%": "1",
                            "response_models.application/json": "Empty",
                            "response_parameters.%": "0",
                            "rest_api_id": "gt3fvvf2pg",
                            "status_code": "200"
                        },
                        "meta": {
                            "schema_version": 0
                        },
                        "tainted": false
                    },
                    "deposed": [],
                    "provider": "provider.aws"
                },
                "aws_api_gateway_model.tfer--42a6clquqe-002F-cjor7u": {
                    "type": "aws_api_gateway_model",
                    "depends_on": [],
                    "primary": {
                        "id": "42a6clquqe/cjor7u",
                        "attributes": {
                            "content_type": "application/json",
                            "description": "This is a default empty schema model",
                            "id": "42a6clquqe/cjor7u",
                            "name": "Empty",
                            "rest_api_id": "42a6clquqe",
                            "schema": "{\n  \"$schema\": \"http://json-schema.org/draft-04/schema#\",\n  \"title\" : \"Empty Schema\",\n  \"type\" : \"object\"\n}"
                        },
                        "meta": {
                            "schema_version": 0
                        },
                        "tainted": false
                    },
                    "deposed": [],
                    "provider": "provider.aws"
                },
                "aws_api_gateway_model.tfer--42a6clquqe-002F-h2ohey": {
                    "type": "aws_api_gateway_model",
                    "depends_on": [],
                    "primary": {
                        "id": "42a6clquqe/h2ohey",
                        "attributes": {
                            "content_type": "application/json",
                            "description": "This is a default error schema model",
                            "id": "42a6clquqe/h2ohey",
                            "name": "Error",
                            "rest_api_id": "42a6clquqe",
                            "schema": "{\n  \"$schema\" : \"http://json-schema.org/draft-04/schema#\",\n  \"title\" : \"Error Schema\",\n  \"type\" : \"object\",\n  \"properties\" : {\n    \"message\" : { \"type\" : \"string\" }\n  }\n}"
                        },
                        "meta": {
                            "schema_version": 0
                        },
                        "tainted": false
                    },
                    "deposed": [],
                    "provider": "provider.aws"
                },
                "aws_api_gateway_model.tfer--54fu8y3s9a-002F-1xqpbf": {
                    "type": "aws_api_gateway_model",
                    "depends_on": [],
                    "primary": {
                        "id": "54fu8y3s9a/1xqpbf",
                        "attributes": {
                            "content_type": "application/json",
                            "description": "This is a default error schema model",
                            "id": "54fu8y3s9a/1xqpbf",
                            "name": "Error",
                            "rest_api_id": "54fu8y3s9a",
                            "schema": "{\n  \"$schema\" : \"http://json-schema.org/draft-04/schema#\",\n  \"title\" : \"Error Schema\",\n  \"type\" : \"object\",\n  \"properties\" : {\n    \"message\" : { \"type\" : \"string\" }\n  }\n}"
                        },
                        "meta": {
                            "schema_version": 0
                        },
                        "tainted": false
                    },
                    "deposed": [],
                    "provider": "provider.aws"
                },
                "aws_api_gateway_model.tfer--54fu8y3s9a-002F-ivdvse": {
                    "type": "aws_api_gateway_model",
                    "depends_on": [],
                    "primary": {
                        "id": "54fu8y3s9a/ivdvse",
                        "attributes": {
                            "content_type": "application/json",
                            "description": "This is a default empty schema model",
                            "id": "54fu8y3s9a/ivdvse",
                            "name": "Empty",
                            "rest_api_id": "54fu8y3s9a",
                            "schema": "{\n  \"$schema\": \"http://json-schema.org/draft-04/schema#\",\n  \"title\" : \"Empty Schema\",\n  \"type\" : \"object\"\n}"
                        },
                        "meta": {
                            "schema_version": 0
                        },
                        "tainted": false
                    },
                    "deposed": [],
                    "provider": "provider.aws"
                },
                "aws_api_gateway_model.tfer--6vasen33q4-002F-6kdzuc": {
                    "type": "aws_api_gateway_model",
                    "depends_on": [],
                    "primary": {
                        "id": "6vasen33q4/6kdzuc",
                        "attributes": {
                            "content_type": "application/json",
                            "description": "This is a default empty schema model",
                            "id": "6vasen33q4/6kdzuc",
                            "name": "Empty",
                            "rest_api_id": "6vasen33q4",
                            "schema": "{\n  \"$schema\": \"http://json-schema.org/draft-04/schema#\",\n  \"title\" : \"Empty Schema\",\n  \"type\" : \"object\"\n}"
                        },
                        "meta": {
                            "schema_version": 0
                        },
                        "tainted": false
                    },
                    "deposed": [],
                    "provider": "provider.aws"
                },
                "aws_api_gateway_model.tfer--6vasen33q4-002F-cv1ie9": {
                    "type": "aws_api_gateway_model",
                    "depends_on": [],
                    "primary": {
                        "id": "6vasen33q4/cv1ie9",
                        "attributes": {
                            "content_type": "application/json",
                            "description": "This is a default error schema model",
                            "id": "6vasen33q4/cv1ie9",
                            "name": "Error",
                            "rest_api_id": "6vasen33q4",
                            "schema": "{\n  \"$schema\" : \"http://json-schema.org/draft-04/schema#\",\n  \"title\" : \"Error Schema\",\n  \"type\" : \"object\",\n  \"properties\" : {\n    \"message\" : { \"type\" : \"string\" }\n  }\n}"
                        },
                        "meta": {
                            "schema_version": 0
                        },
                        "tainted": false
                    },
                    "deposed": [],
                    "provider": "provider.aws"
                },
                "aws_api_gateway_model.tfer--7z4ixuncja-002F-awxlfy": {
                    "type": "aws_api_gateway_model",
                    "depends_on": [],
                    "primary": {
                        "id": "7z4ixuncja/awxlfy",
                        "attributes": {
                            "content_type": "application/json",
                            "description": "This is a default error schema model",
                            "id": "7z4ixuncja/awxlfy",
                            "name": "Error",
                            "rest_api_id": "7z4ixuncja",
                            "schema": "{\n  \"$schema\" : \"http://json-schema.org/draft-04/schema#\",\n  \"title\" : \"Error Schema\",\n  \"type\" : \"object\",\n  \"properties\" : {\n    \"message\" : { \"type\" : \"string\" }\n  }\n}"
                        },
                        "meta": {
                            "schema_version": 0
                        },
                        "tainted": false
                    },
                    "deposed": [],
                    "provider": "provider.aws"
                },
                "aws_api_gateway_model.tfer--7z4ixuncja-002F-tfi1dr": {
                    "type": "aws_api_gateway_model",
                    "depends_on": [],
                    "primary": {
                        "id": "7z4ixuncja/tfi1dr",
                        "attributes": {
                            "content_type": "application/json",
                            "description": "This is a default empty schema model",
                            "id": "7z4ixuncja/tfi1dr",
                            "name": "Empty",
                            "rest_api_id": "7z4ixuncja",
                            "schema": "{\n  \"$schema\": \"http://json-schema.org/draft-04/schema#\",\n  \"title\" : \"Empty Schema\",\n  \"type\" : \"object\"\n}"
                        },
                        "meta": {
                            "schema_version": 0
                        },
                        "tainted": false
                    },
                    "deposed": [],
                    "provider": "provider.aws"
                },
                "aws_api_gateway_model.tfer--dxs9ctiiac-002F-7x5jbm": {
                    "type": "aws_api_gateway_model",
                    "depends_on": [],
                    "primary": {
                        "id": "dxs9ctiiac/7x5jbm",
                        "attributes": {
                            "content_type": "application/json",
                            "description": "This is a default error schema model",
                            "id": "dxs9ctiiac/7x5jbm",
                            "name": "Error",
                            "rest_api_id": "dxs9ctiiac",
                            "schema": "{\n  \"$schema\" : \"http://json-schema.org/draft-04/schema#\",\n  \"title\" : \"Error Schema\",\n  \"type\" : \"object\",\n  \"properties\" : {\n    \"message\" : { \"type\" : \"string\" }\n  }\n}"
                        },
                        "meta": {
                            "schema_version": 0
                        },
                        "tainted": false
                    },
                    "deposed": [],
                    "provider": "provider.aws"
                },
                "aws_api_gateway_model.tfer--dxs9ctiiac-002F-f9825l": {
                    "type": "aws_api_gateway_model",
                    "depends_on": [],
                    "primary": {
                        "id": "dxs9ctiiac/f9825l",
                        "attributes": {
                            "content_type": "application/json",
                            "description": "This is a default empty schema model",
                            "id": "dxs9ctiiac/f9825l",
                            "name": "Empty",
                            "rest_api_id": "dxs9ctiiac",
                            "schema": "{\n  \"$schema\": \"http://json-schema.org/draft-04/schema#\",\n  \"title\" : \"Empty Schema\",\n  \"type\" : \"object\"\n}"
                        },
                        "meta": {
                            "schema_version": 0
                        },
                        "tainted": false
                    },
                    "deposed": [],
                    "provider": "provider.aws"
                },
                "aws_api_gateway_model.tfer--gt3fvvf2pg-002F-mjlg15": {
                    "type": "aws_api_gateway_model",
                    "depends_on": [],
                    "primary": {
                        "id": "gt3fvvf2pg/mjlg15",
                        "attributes": {
                            "content_type": "application/json",
                            "description": "This is a default error schema model",
                            "id": "gt3fvvf2pg/mjlg15",
                            "name": "Error",
                            "rest_api_id": "gt3fvvf2pg",
                            "schema": "{\n  \"$schema\" : \"http://json-schema.org/draft-04/schema#\",\n  \"title\" : \"Error Schema\",\n  \"type\" : \"object\",\n  \"properties\" : {\n    \"message\" : { \"type\" : \"string\" }\n  }\n}"
                        },
                        "meta": {
                            "schema_version": 0
                        },
                        "tainted": false
                    },
                    "deposed": [],
                    "provider": "provider.aws"
                },
                "aws_api_gateway_model.tfer--gt3fvvf2pg-002F-xv34ip": {
                    "type": "aws_api_gateway_model",
                    "depends_on": [],
                    "primary": {
                        "id": "gt3fvvf2pg/xv34ip",
                        "attributes": {
                            "content_type": "application/json",
                            "description": "This is a default empty schema model",
                            "id": "gt3fvvf2pg/xv34ip",
                            "name": "Empty",
                            "rest_api_id": "gt3fvvf2pg",
                            "schema": "{\n  \"$schema\": \"http://json-schema.org/draft-04/schema#\",\n  \"title\" : \"Empty Schema\",\n  \"type\" : \"object\"\n}"
                        },
                        "meta": {
                            "schema_version": 0
                        },
                        "tainted": false
                    },
                    "deposed": [],
                    "provider": "provider.aws"
                },
                "aws_api_gateway_rest_api.tfer--42a6clquqe_Team11-BoardAPI": {
                    "type": "aws_api_gateway_rest_api",
                    "depends_on": [],
                    "primary": {
                        "id": "42a6clquqe",
                        "attributes": {
                            "api_key_source": "HEADER",
                            "arn": "arn:aws:apigateway:us-east-1::/restapis/42a6clquqe",
                            "binary_media_types.#": "0",
                            "created_date": "2025-05-27T12:37:38Z",
                            "description": "",
                            "disable_execute_api_endpoint": "false",
                            "endpoint_configuration.#": "1",
                            "endpoint_configuration.0.ip_address_type": "ipv4",
                            "endpoint_configuration.0.types.#": "1",
                            "endpoint_configuration.0.types.0": "REGIONAL",
                            "endpoint_configuration.0.vpc_endpoint_ids.#": "0",
                            "execution_arn": "arn:aws:execute-api:us-east-1:701030859948:42a6clquqe",
                            "id": "42a6clquqe",
                            "minimum_compression_size": "",
                            "name": "Team11-BoardAPI",
                            "policy": "",
                            "root_resource_id": "coi40zmt7c",
                            "tags.%": "0",
                            "tags_all.%": "0"
                        },
                        "meta": {
                            "schema_version": 0
                        },
                        "tainted": false
                    },
                    "deposed": [],
                    "provider": "provider.aws"
                },
                "aws_api_gateway_rest_api.tfer--54fu8y3s9a_team06-iot-api": {
                    "type": "aws_api_gateway_rest_api",
                    "depends_on": [],
                    "primary": {
                        "id": "54fu8y3s9a",
                        "attributes": {
                            "api_key_source": "HEADER",
                            "arn": "arn:aws:apigateway:us-east-1::/restapis/54fu8y3s9a",
                            "binary_media_types.#": "0",
                            "created_date": "2025-05-29T08:20:18Z",
                            "description": "",
                            "disable_execute_api_endpoint": "false",
                            "endpoint_configuration.#": "1",
                            "endpoint_configuration.0.ip_address_type": "ipv4",
                            "endpoint_configuration.0.types.#": "1",
                            "endpoint_configuration.0.types.0": "REGIONAL",
                            "endpoint_configuration.0.vpc_endpoint_ids.#": "0",
                            "execution_arn": "arn:aws:execute-api:us-east-1:701030859948:54fu8y3s9a",
                            "id": "54fu8y3s9a",
                            "minimum_compression_size": "",
                            "name": "team06-iot-api",
                            "policy": "",
                            "root_resource_id": "f951a4ivr0",
                            "tags.%": "0",
                            "tags_all.%": "0"
                        },
                        "meta": {
                            "schema_version": 0
                        },
                        "tainted": false
                    },
                    "deposed": [],
                    "provider": "provider.aws"
                },
                "aws_api_gateway_rest_api.tfer--6vasen33q4_Team4_ParkingAPI": {
                    "type": "aws_api_gateway_rest_api",
                    "depends_on": [],
                    "primary": {
                        "id": "6vasen33q4",
                        "attributes": {
                            "api_key_source": "HEADER",
                            "arn": "arn:aws:apigateway:us-east-1::/restapis/6vasen33q4",
                            "binary_media_types.#": "0",
                            "created_date": "2025-05-28T13:36:27Z",
                            "description": "",
                            "disable_execute_api_endpoint": "false",
                            "endpoint_configuration.#": "1",
                            "endpoint_configuration.0.ip_address_type": "ipv4",
                            "endpoint_configuration.0.types.#": "1",
                            "endpoint_configuration.0.types.0": "REGIONAL",
                            "endpoint_configuration.0.vpc_endpoint_ids.#": "0",
                            "execution_arn": "arn:aws:execute-api:us-east-1:701030859948:6vasen33q4",
                            "id": "6vasen33q4",
                            "minimum_compression_size": "",
                            "name": "Team4_ParkingAPI",
                            "policy": "",
                            "root_resource_id": "9bt3uhmyvb",
                            "tags.%": "0",
                            "tags_all.%": "0"
                        },
                        "meta": {
                            "schema_version": 0
                        },
                        "tainted": false
                    },
                    "deposed": [],
                    "provider": "provider.aws"
                },
                "aws_api_gateway_rest_api.tfer--7z4ixuncja_team02-poker-api": {
                    "type": "aws_api_gateway_rest_api",
                    "depends_on": [],
                    "primary": {
                        "id": "7z4ixuncja",
                        "attributes": {
                            "api_key_source": "HEADER",
                            "arn": "arn:aws:apigateway:us-east-1::/restapis/7z4ixuncja",
                            "binary_media_types.#": "0",
                            "created_date": "2025-05-30T07:49:21Z",
                            "description": "",
                            "disable_execute_api_endpoint": "false",
                            "endpoint_configuration.#": "1",
                            "endpoint_configuration.0.ip_address_type": "ipv4",
                            "endpoint_configuration.0.types.#": "1",
                            "endpoint_configuration.0.types.0": "REGIONAL",
                            "endpoint_configuration.0.vpc_endpoint_ids.#": "0",
                            "execution_arn": "arn:aws:execute-api:us-east-1:701030859948:7z4ixuncja",
                            "id": "7z4ixuncja",
                            "minimum_compression_size": "",
                            "name": "team02-poker-api",
                            "policy": "",
                            "root_resource_id": "4pdx5kkli1",
                            "tags.%": "0",
                            "tags_all.%": "0"
                        },
                        "meta": {
                            "schema_version": 0
                        },
                        "tainted": false
                    },
                    "deposed": [],
                    "provider": "provider.aws"
                },
                "aws_api_gateway_rest_api.tfer--dxs9ctiiac_team06-express": {
                    "type": "aws_api_gateway_rest_api",
                    "depends_on": [],
                    "primary": {
                        "id": "dxs9ctiiac",
                        "attributes": {
                            "api_key_source": "HEADER",
                            "arn": "arn:aws:apigateway:us-east-1::/restapis/dxs9ctiiac",
                            "binary_media_types.#": "0",
                            "created_date": "2025-05-29T08:20:50Z",
                            "description": "",
                            "disable_execute_api_endpoint": "false",
                            "endpoint_configuration.#": "1",
                            "endpoint_configuration.0.ip_address_type": "ipv4",
                            "endpoint_configuration.0.types.#": "1",
                            "endpoint_configuration.0.types.0": "REGIONAL",
                            "endpoint_configuration.0.vpc_endpoint_ids.#": "0",
                            "execution_arn": "arn:aws:execute-api:us-east-1:701030859948:dxs9ctiiac",
                            "id": "dxs9ctiiac",
                            "minimum_compression_size": "",
                            "name": "team06-express",
                            "policy": "",
                            "root_resource_id": "7sf69ufx1f",
                            "tags.%": "0",
                            "tags_all.%": "0"
                        },
                        "meta": {
                            "schema_version": 0
                        },
                        "tainted": false
                    },
                    "deposed": [],
                    "provider": "provider.aws"
                },
                "aws_api_gateway_rest_api.tfer--gt3fvvf2pg_TEAM18_UPLOAD_IMAGE": {
                    "type": "aws_api_gateway_rest_api",
                    "depends_on": [],
                    "primary": {
                        "id": "gt3fvvf2pg",
                        "attributes": {
                            "api_key_source": "HEADER",
                            "arn": "arn:aws:apigateway:us-east-1::/restapis/gt3fvvf2pg",
                            "binary_media_types.#": "0",
                            "created_date": "2025-06-06T13:01:43Z",
                            "description": "",
                            "disable_execute_api_endpoint": "false",
                            "endpoint_configuration.#": "1",
                            "endpoint_configuration.0.ip_address_type": "ipv4",
                            "endpoint_configuration.0.types.#": "1",
                            "endpoint_configuration.0.types.0": "REGIONAL",
                            "endpoint_configuration.0.vpc_endpoint_ids.#": "0",
                            "execution_arn": "arn:aws:execute-api:us-east-1:701030859948:gt3fvvf2pg",
                            "id": "gt3fvvf2pg",
                            "minimum_compression_size": "",
                            "name": "TEAM18_UPLOAD_IMAGE",
                            "policy": "",
                            "root_resource_id": "skk4ue48a8",
                            "tags.%": "0",
                            "tags_all.%": "0"
                        },
                        "meta": {
                            "schema_version": 0
                        },
                        "tainted": false
                    },
                    "deposed": [],
                    "provider": "provider.aws"
                },
                "aws_api_gateway_stage.tfer--42a6clquqe-002F-prod": {
                    "type": "aws_api_gateway_stage",
                    "depends_on": [],
                    "primary": {
                        "id": "42a6clquqe/prod",
                        "attributes": {
                            "access_log_settings.#": "0",
                            "arn": "arn:aws:apigateway:us-east-1::/restapis/42a6clquqe/stages/prod",
                            "cache_cluster_enabled": "false",
                            "cache_cluster_size": "",
                            "canary_settings.#": "0",
                            "client_certificate_id": "",
                            "deployment_id": "0h9jsm",
                            "description": "",
                            "documentation_version": "",
                            "execution_arn": "arn:aws:execute-api:us-east-1:701030859948:42a6clquqe/prod",
                            "id": "42a6clquqe/prod",
                            "invoke_url": "https://42a6clquqe.execute-api.us-east-1.amazonaws.com/prod",
                            "rest_api_id": "42a6clquqe",
                            "stage_name": "prod",
                            "tags.%": "0",
                            "tags_all.%": "0",
                            "variables.%": "0",
                            "web_acl_arn": "",
                            "xray_tracing_enabled": "false"
                        },
                        "meta": {
                            "schema_version": 0
                        },
                        "tainted": false
                    },
                    "deposed": [],
                    "provider": "provider.aws"
                },
                "aws_api_gateway_stage.tfer--54fu8y3s9a-002F-prod": {
                    "type": "aws_api_gateway_stage",
                    "depends_on": [],
                    "primary": {
                        "id": "54fu8y3s9a/prod",
                        "attributes": {
                            "access_log_settings.#": "0",
                            "arn": "arn:aws:apigateway:us-east-1::/restapis/54fu8y3s9a/stages/prod",
                            "cache_cluster_enabled": "false",
                            "cache_cluster_size": "",
                            "canary_settings.#": "0",
                            "client_certificate_id": "",
                            "deployment_id": "efbm7i",
                            "description": "",
                            "documentation_version": "",
                            "execution_arn": "arn:aws:execute-api:us-east-1:701030859948:54fu8y3s9a/prod",
                            "id": "54fu8y3s9a/prod",
                            "invoke_url": "https://54fu8y3s9a.execute-api.us-east-1.amazonaws.com/prod",
                            "rest_api_id": "54fu8y3s9a",
                            "stage_name": "prod",
                            "tags.%": "1",
                            "tags.team06": "iot_api",
                            "tags_all.%": "1",
                            "tags_all.team06": "iot_api",
                            "variables.%": "0",
                            "web_acl_arn": "",
                            "xray_tracing_enabled": "false"
                        },
                        "meta": {
                            "schema_version": 0
                        },
                        "tainted": false
                    },
                    "deposed": [],
                    "provider": "provider.aws"
                },
                "aws_api_gateway_stage.tfer--6vasen33q4-002F-v1": {
                    "type": "aws_api_gateway_stage",
                    "depends_on": [],
                    "primary": {
                        "id": "6vasen33q4/v1",
                        "attributes": {
                            "access_log_settings.#": "0",
                            "arn": "arn:aws:apigateway:us-east-1::/restapis/6vasen33q4/stages/v1",
                            "cache_cluster_enabled": "false",
                            "cache_cluster_size": "",
                            "canary_settings.#": "0",
                            "client_certificate_id": "",
                            "deployment_id": "tvyg26",
                            "description": "",
                            "documentation_version": "",
                            "execution_arn": "arn:aws:execute-api:us-east-1:701030859948:6vasen33q4/v1",
                            "id": "6vasen33q4/v1",
                            "invoke_url": "https://6vasen33q4.execute-api.us-east-1.amazonaws.com/v1",
                            "rest_api_id": "6vasen33q4",
                            "stage_name": "v1",
                            "tags.%": "0",
                            "tags_all.%": "0",
                            "variables.%": "0",
                            "web_acl_arn": "",
                            "xray_tracing_enabled": "false"
                        },
                        "meta": {
                            "schema_version": 0
                        },
                        "tainted": false
                    },
                    "deposed": [],
                    "provider": "provider.aws"
                },
                "aws_api_gateway_stage.tfer--7z4ixuncja-002F-dev": {
                    "type": "aws_api_gateway_stage",
                    "depends_on": [],
                    "primary": {
                        "id": "7z4ixuncja/dev",
                        "attributes": {
                            "access_log_settings.#": "0",
                            "arn": "arn:aws:apigateway:us-east-1::/restapis/7z4ixuncja/stages/dev",
                            "cache_cluster_enabled": "false",
                            "cache_cluster_size": "",
                            "canary_settings.#": "0",
                            "client_certificate_id": "",
                            "deployment_id": "k60ot2",
                            "description": "",
                            "documentation_version": "",
                            "execution_arn": "arn:aws:execute-api:us-east-1:701030859948:7z4ixuncja/dev",
                            "id": "7z4ixuncja/dev",
                            "invoke_url": "https://7z4ixuncja.execute-api.us-east-1.amazonaws.com/dev",
                            "rest_api_id": "7z4ixuncja",
                            "stage_name": "dev",
                            "tags.%": "0",
                            "tags_all.%": "0",
                            "variables.%": "0",
                            "web_acl_arn": "",
                            "xray_tracing_enabled": "false"
                        },
                        "meta": {
                            "schema_version": 0
                        },
                        "tainted": false
                    },
                    "deposed": [],
                    "provider": "provider.aws"
                },
                "aws_api_gateway_stage.tfer--dxs9ctiiac-002F-prod": {
                    "type": "aws_api_gateway_stage",
                    "depends_on": [],
                    "primary": {
                        "id": "dxs9ctiiac/prod",
                        "attributes": {
                            "access_log_settings.#": "0",
                            "arn": "arn:aws:apigateway:us-east-1::/restapis/dxs9ctiiac/stages/prod",
                            "cache_cluster_enabled": "false",
                            "cache_cluster_size": "",
                            "canary_settings.#": "0",
                            "client_certificate_id": "",
                            "deployment_id": "e8f9t6",
                            "description": "",
                            "documentation_version": "",
                            "execution_arn": "arn:aws:execute-api:us-east-1:701030859948:dxs9ctiiac/prod",
                            "id": "dxs9ctiiac/prod",
                            "invoke_url": "https://dxs9ctiiac.execute-api.us-east-1.amazonaws.com/prod",
                            "rest_api_id": "dxs9ctiiac",
                            "stage_name": "prod",
                            "tags.%": "1",
                            "tags.team06": "express_api",
                            "tags_all.%": "1",
                            "tags_all.team06": "express_api",
                            "variables.%": "0",
                            "web_acl_arn": "",
                            "xray_tracing_enabled": "false"
                        },
                        "meta": {
                            "schema_version": 0
                        },
                        "tainted": false
                    },
                    "deposed": [],
                    "provider": "provider.aws"
                },
                "aws_api_gateway_stage.tfer--gt3fvvf2pg-002F-TEAM18": {
                    "type": "aws_api_gateway_stage",
                    "depends_on": [],
                    "primary": {
                        "id": "gt3fvvf2pg/TEAM18",
                        "attributes": {
                            "access_log_settings.#": "0",
                            "arn": "arn:aws:apigateway:us-east-1::/restapis/gt3fvvf2pg/stages/TEAM18",
                            "cache_cluster_enabled": "false",
                            "cache_cluster_size": "",
                            "canary_settings.#": "0",
                            "client_certificate_id": "",
                            "deployment_id": "8gj3e5",
                            "description": "",
                            "documentation_version": "",
                            "execution_arn": "arn:aws:execute-api:us-east-1:701030859948:gt3fvvf2pg/TEAM18",
                            "id": "gt3fvvf2pg/TEAM18",
                            "invoke_url": "https://gt3fvvf2pg.execute-api.us-east-1.amazonaws.com/TEAM18",
                            "rest_api_id": "gt3fvvf2pg",
                            "stage_name": "TEAM18",
                            "tags.%": "0",
                            "tags_all.%": "0",
                            "variables.%": "0",
                            "web_acl_arn": "",
                            "xray_tracing_enabled": "false"
                        },
                        "meta": {
                            "schema_version": 0
                        },
                        "tainted": false
                    },
                    "deposed": [],
                    "provider": "provider.aws"
                }
            },
            "depends_on": []
        }
    ]
}
